Microsoft Visual Studio Solution File, Format Version 12.00
# Visual Studio 15
VisualStudioVersion = 15.0.26510.0
MinimumVisualStudioVersion = 10.0.40219.1
Project("{FAE04EC0-301F-11D3-BF4B-00C04F79EFBC}") = "BackingSourceUsage", "BackingSourceUsage\BackingSourceUsage.csproj", "{27E1C80A-C603-4B69-8CBB-F8482319BCD5}"
EndProject
Project("{FAE04EC0-301F-11D3-BF4B-00C04F79EFBC}") = "BackingSource.Providers.Sqlite", "Providers\Sqlite\BackingSource.Providers.Sqlite.csproj", "{89BB44BD-F0F6-4F5E-B597-94F3BD6638E4}"
EndProject
Project("{FAE04EC0-301F-11D3-BF4B-00C04F79EFBC}") = "BackingSource.Providers.Sql", "Providers\Sql\BackingSource.Providers.Sql.csproj", "{1BFA1478-CA00-441D-BF41-32B3343DE771}"
EndProject
Project("{FAE04EC0-301F-11D3-BF4B-00C04F79EFBC}") = "SampleData", "..\SampleData\SampleData\SampleData.csproj", "{52A6E7BD-C4FF-4609-B472-64A9D3794E08}"
EndProject
Global
	GlobalSection(SolutionConfigurationPlatforms) = preSolution
		Debug|Any CPU = Debug|Any CPU
		Release|Any CPU = Release|Any CPU
	EndGlobalSection
	GlobalSection(ProjectConfigurationPlatforms) = postSolution
		{27E1C80A-C603-4B69-8CBB-F8482319BCD5}.Debug|Any CPU.ActiveCfg = Debug|Any CPU
		{27E1C80A-C603-4B69-8CBB-F8482319BCD5}.Debug|Any CPU.Build.0 = Debug|Any CPU
		{27E1C80A-C603-4B69-8CBB-F8482319BCD5}.Release|Any CPU.ActiveCfg = Release|Any CPU
		{27E1C80A-C603-4B69-8CBB-F8482319BCD5}.Release|Any CPU.Build.0 = Release|Any CPU
		{89BB44BD-F0F6-4F5E-B597-94F3BD6638E4}.Debug|Any CPU.ActiveCfg = Debug|Any CPU
		{89BB44BD-F0F6-4F5E-B597-94F3BD6638E4}.Debug|Any CPU.Build.0 = Debug|Any CPU
		{89BB44BD-F0F6-4F5E-B597-94F3BD6638E4}.Release|Any CPU.ActiveCfg = Release|Any CPU
		{89BB44BD-F0F6-4F5E-B597-94F3BD6638E4}.Release|Any CPU.Build.0 = Release|Any CPU
		{1BFA1478-CA00-441D-BF41-32B3343DE771}.Debug|Any CPU.ActiveCfg = Debug|Any CPU
		{1BFA1478-CA00-441D-BF41-32B3343DE771}.Debug|Any CPU.Build.0 = Debug|Any CPU
		{1BFA1478-CA00-441D-BF41-32B3343DE771}.Release|Any CPU.ActiveCfg = Release|Any CPU
		{1BFA1478-CA00-441D-BF41-32B3343DE771}.Release|Any CPU.Build.0 = Release|Any CPU
		{52A6E7BD-C4FF-4609-B472-64A9D3794E08}.Debug|Any CPU.ActiveCfg = Debug|Any CPU
		{52A6E7BD-C4FF-4609-B472-64A9D3794E08}.Debug|Any CPU.Build.0 = Debug|Any CPU
		{52A6E7BD-C4FF-4609-B472-64A9D3794E08}.Release|Any CPU.ActiveCfg = Release|Any CPU
		{52A6E7BD-C4FF-4609-B472-64A9D3794E08}.Release|Any CPU.Build.0 = Release|Any CPU
	EndGlobalSection
	GlobalSection(SolutionProperties) = preSolution
		HideSolutionNode = FALSE
	EndGlobalSection
EndGlobal
