
Microsoft Visual Studio Solution File, Format Version 11.00
# Visual Studio 2010
# SharpDevelop 4.2.0.8745-Beta 2
Project("{2150E333-8FDC-42A3-9474-1A3956D46DE8}") = "Documents", "Documents", "{669DE011-7BAD-44D5-93A4-204CFB8F4AD5}"
	ProjectSection(SolutionItems) = preProject
		Build.proj = Build.proj
		gendarme.bat = gendarme.bat
		NDepend.bat = NDepend.bat
		package.bat = package.bat
		readme.txt = readme.txt
	EndProjectSection
EndProject
Project("{2150E333-8FDC-42A3-9474-1A3956D46DE8}") = "VB.NET", "VB.NET", "{36CA2CE0-4D96-46A9-A659-EFD34990CFFB}"
	ProjectSection(SolutionItems) = postProject
	EndProjectSection
EndProject
Project("{F184B08F-C81C-45F6-A57F-5ABD9991F28F}") = "snmptrapd", "Samples\VB.NET\snmptrapd\snmptrapd.vbproj", "{B261915A-C1DD-47B4-BABA-3ACCAFFA570B}"
EndProject
Project("{2150E333-8FDC-42A3-9474-1A3956D46DE8}") = "C#", "C#", "{4C9274FA-6049-420F-AD26-083963A5CD99}"
	ProjectSection(SolutionItems) = postProject
	EndProjectSection
EndProject
Project("{FAE04EC0-301F-11D3-BF4B-00C04F79EFBC}") = "snmpbulkget", "Samples\C#\snmpbulkget\snmpbulkget.csproj", "{A3D5CC49-DD4A-4FD6-A165-7D5AF60CDD15}"
EndProject
Project("{FAE04EC0-301F-11D3-BF4B-00C04F79EFBC}") = "snmpdiscover", "Samples\C#\snmpdiscover\snmpdiscover.csproj", "{FD1CED96-0573-4115-9D7A-D5075A3FF768}"
EndProject
Project("{FAE04EC0-301F-11D3-BF4B-00C04F79EFBC}") = "snmpget", "Samples\C#\snmpget\snmpget.csproj", "{3A4AFEAC-A4F7-44E6-9860-1E033F0254AE}"
EndProject
Project("{FAE04EC0-301F-11D3-BF4B-00C04F79EFBC}") = "snmpgetnext", "Samples\C#\snmpgetnext\snmpgetnext.csproj", "{4DA21F68-9317-4FB1-AB31-686EC8615985}"
EndProject
Project("{FAE04EC0-301F-11D3-BF4B-00C04F79EFBC}") = "snmpsendtrap", "Samples\C#\snmpsendtrap\snmpsendtrap.csproj", "{E2BB2836-97A5-4F81-A11F-4CD9DEFB5657}"
EndProject
Project("{FAE04EC0-301F-11D3-BF4B-00C04F79EFBC}") = "snmpset", "Samples\C#\snmpset\snmpset.csproj", "{9557151F-BE39-48CD-BEB9-21B91DA5E531}"
EndProject
Project("{FAE04EC0-301F-11D3-BF4B-00C04F79EFBC}") = "snmptranslate", "Samples\C#\snmptranslate\snmptranslate.csproj", "{6475E834-1869-4713-9A67-C808B349A1D6}"
EndProject
Project("{FAE04EC0-301F-11D3-BF4B-00C04F79EFBC}") = "snmptrapd", "Samples\C#\snmptrapd\snmptrapd.csproj", "{2BD083D3-01C9-46CA-9E9D-72A29240DBF3}"
EndProject
Project("{FAE04EC0-301F-11D3-BF4B-00C04F79EFBC}") = "snmpwalk", "Samples\C#\snmpwalk\snmpwalk.csproj", "{DA748764-54DF-409A-AAB4-FF6FB10E879D}"
EndProject
Project("{FAE04EC0-301F-11D3-BF4B-00C04F79EFBC}") = "SharpSnmpLib", "SharpSnmpLib\SharpSnmpLib.csproj", "{286DE6DB-8F95-4BD4-86A2-86488D2E0EE1}"
EndProject
Project("{FAE04EC0-301F-11D3-BF4B-00C04F79EFBC}") = "Tests", "Tests\Tests.csproj", "{FE484004-0780-4730-9D91-D4597341B56E}"
EndProject
Project("{FAE04EC0-301F-11D3-BF4B-00C04F79EFBC}") = "SharpSnmpLib.Optional", "SharpSnmpLib\SharpSnmpLib.Optional.csproj", "{33110773-3E28-4963-8956-C07FB8A5F7E3}"
EndProject
Project("{FAE04EC0-301F-11D3-BF4B-00C04F79EFBC}") = "Mono.Options", "Mono.Options\Mono.Options.csproj", "{C26430B5-E2AE-410E-924C-567D79E625DC}"
EndProject
Project("{FAE04EC0-301F-11D3-BF4B-00C04F79EFBC}") = "SharpSnmpLib.AST", "SharpSnmpLib\SharpSnmpLib.AST.csproj", "{F35C7321-929B-4238-959A-A60A890F10BA}"
EndProject
Project("{FAE04EC0-301F-11D3-BF4B-00C04F79EFBC}") = "SharpSnmpLib.Engine", "SharpSnmpLib\SharpSnmpLib.Engine.csproj", "{CD0F4B22-8235-49B1-A144-462CB8FD4973}"
EndProject
Global
	GlobalSection(SolutionConfigurationPlatforms) = preSolution
		Debug|Any CPU = Debug|Any CPU
		Debug|Mixed Platforms = Debug|Mixed Platforms
		Debug|x86 = Debug|x86
		Release|Any CPU = Release|Any CPU
		Release|Mixed Platforms = Release|Mixed Platforms
		Release|x86 = Release|x86
	EndGlobalSection
	GlobalSection(ProjectConfigurationPlatforms) = postSolution
		{286DE6DB-8F95-4BD4-86A2-86488D2E0EE1}.Debug|Any CPU.ActiveCfg = Debug|Any CPU
		{286DE6DB-8F95-4BD4-86A2-86488D2E0EE1}.Debug|Any CPU.Build.0 = Debug|Any CPU
		{286DE6DB-8F95-4BD4-86A2-86488D2E0EE1}.Debug|Mixed Platforms.ActiveCfg = Debug|Any CPU
		{286DE6DB-8F95-4BD4-86A2-86488D2E0EE1}.Debug|Mixed Platforms.Build.0 = Debug|Any CPU
		{286DE6DB-8F95-4BD4-86A2-86488D2E0EE1}.Debug|x86.ActiveCfg = Debug|Any CPU
		{286DE6DB-8F95-4BD4-86A2-86488D2E0EE1}.Debug|x86.Build.0 = Debug|x86
		{286DE6DB-8F95-4BD4-86A2-86488D2E0EE1}.Release|Any CPU.ActiveCfg = Release|Any CPU
		{286DE6DB-8F95-4BD4-86A2-86488D2E0EE1}.Release|Any CPU.Build.0 = Release|Any CPU
		{286DE6DB-8F95-4BD4-86A2-86488D2E0EE1}.Release|Mixed Platforms.ActiveCfg = Release|Any CPU
		{286DE6DB-8F95-4BD4-86A2-86488D2E0EE1}.Release|Mixed Platforms.Build.0 = Release|Any CPU
		{286DE6DB-8F95-4BD4-86A2-86488D2E0EE1}.Release|x86.ActiveCfg = Release|Any CPU
		{286DE6DB-8F95-4BD4-86A2-86488D2E0EE1}.Release|x86.Build.0 = Release|x86
		{FE484004-0780-4730-9D91-D4597341B56E}.Debug|Any CPU.ActiveCfg = Debug|Any CPU
		{FE484004-0780-4730-9D91-D4597341B56E}.Debug|Any CPU.Build.0 = Debug|Any CPU
		{FE484004-0780-4730-9D91-D4597341B56E}.Debug|Mixed Platforms.ActiveCfg = Debug|Any CPU
		{FE484004-0780-4730-9D91-D4597341B56E}.Debug|Mixed Platforms.Build.0 = Debug|Any CPU
		{FE484004-0780-4730-9D91-D4597341B56E}.Debug|x86.ActiveCfg = Debug|Any CPU
		{FE484004-0780-4730-9D91-D4597341B56E}.Debug|x86.Build.0 = Debug|x86
		{FE484004-0780-4730-9D91-D4597341B56E}.Release|Any CPU.ActiveCfg = Release|Any CPU
		{FE484004-0780-4730-9D91-D4597341B56E}.Release|Any CPU.Build.0 = Release|Any CPU
		{FE484004-0780-4730-9D91-D4597341B56E}.Release|Mixed Platforms.ActiveCfg = Release|Any CPU
		{FE484004-0780-4730-9D91-D4597341B56E}.Release|Mixed Platforms.Build.0 = Release|Any CPU
		{FE484004-0780-4730-9D91-D4597341B56E}.Release|x86.ActiveCfg = Release|Any CPU
		{FE484004-0780-4730-9D91-D4597341B56E}.Release|x86.Build.0 = Release|x86
		{33110773-3E28-4963-8956-C07FB8A5F7E3}.Debug|Any CPU.ActiveCfg = Debug|Any CPU
		{33110773-3E28-4963-8956-C07FB8A5F7E3}.Debug|Any CPU.Build.0 = Debug|Any CPU
		{33110773-3E28-4963-8956-C07FB8A5F7E3}.Debug|Mixed Platforms.ActiveCfg = Debug|Any CPU
		{33110773-3E28-4963-8956-C07FB8A5F7E3}.Debug|Mixed Platforms.Build.0 = Debug|Any CPU
		{33110773-3E28-4963-8956-C07FB8A5F7E3}.Debug|x86.ActiveCfg = Debug|Any CPU
		{33110773-3E28-4963-8956-C07FB8A5F7E3}.Debug|x86.Build.0 = Debug|x86
		{33110773-3E28-4963-8956-C07FB8A5F7E3}.Release|Any CPU.ActiveCfg = Release|Any CPU
		{33110773-3E28-4963-8956-C07FB8A5F7E3}.Release|Any CPU.Build.0 = Release|Any CPU
		{33110773-3E28-4963-8956-C07FB8A5F7E3}.Release|Mixed Platforms.ActiveCfg = Release|Any CPU
		{33110773-3E28-4963-8956-C07FB8A5F7E3}.Release|Mixed Platforms.Build.0 = Release|Any CPU
		{33110773-3E28-4963-8956-C07FB8A5F7E3}.Release|x86.ActiveCfg = Release|Any CPU
		{33110773-3E28-4963-8956-C07FB8A5F7E3}.Release|x86.Build.0 = Release|x86
		{C26430B5-E2AE-410E-924C-567D79E625DC}.Debug|Any CPU.Build.0 = Debug|Any CPU
		{C26430B5-E2AE-410E-924C-567D79E625DC}.Debug|Any CPU.ActiveCfg = Debug|Any CPU
		{C26430B5-E2AE-410E-924C-567D79E625DC}.Debug|Mixed Platforms.Build.0 = Debug|Any CPU
		{C26430B5-E2AE-410E-924C-567D79E625DC}.Debug|Mixed Platforms.ActiveCfg = Debug|Any CPU
		{C26430B5-E2AE-410E-924C-567D79E625DC}.Debug|x86.Build.0 = Debug|Any CPU
		{C26430B5-E2AE-410E-924C-567D79E625DC}.Debug|x86.ActiveCfg = Debug|Any CPU
		{C26430B5-E2AE-410E-924C-567D79E625DC}.Release|Any CPU.Build.0 = Release|Any CPU
		{C26430B5-E2AE-410E-924C-567D79E625DC}.Release|Any CPU.ActiveCfg = Release|Any CPU
		{C26430B5-E2AE-410E-924C-567D79E625DC}.Release|Mixed Platforms.Build.0 = Release|Any CPU
		{C26430B5-E2AE-410E-924C-567D79E625DC}.Release|Mixed Platforms.ActiveCfg = Release|Any CPU
		{C26430B5-E2AE-410E-924C-567D79E625DC}.Release|x86.Build.0 = Release|Any CPU
		{C26430B5-E2AE-410E-924C-567D79E625DC}.Release|x86.ActiveCfg = Release|Any CPU
		{B261915A-C1DD-47B4-BABA-3ACCAFFA570B}.Debug|Any CPU.Build.0 = Debug|x86
		{B261915A-C1DD-47B4-BABA-3ACCAFFA570B}.Debug|Any CPU.ActiveCfg = Debug|x86
		{B261915A-C1DD-47B4-BABA-3ACCAFFA570B}.Debug|Mixed Platforms.Build.0 = Debug|x86
		{B261915A-C1DD-47B4-BABA-3ACCAFFA570B}.Debug|Mixed Platforms.ActiveCfg = Debug|x86
		{B261915A-C1DD-47B4-BABA-3ACCAFFA570B}.Debug|x86.Build.0 = Debug|x86
		{B261915A-C1DD-47B4-BABA-3ACCAFFA570B}.Debug|x86.ActiveCfg = Debug|x86
		{B261915A-C1DD-47B4-BABA-3ACCAFFA570B}.Release|Any CPU.Build.0 = Release|x86
		{B261915A-C1DD-47B4-BABA-3ACCAFFA570B}.Release|Any CPU.ActiveCfg = Release|x86
		{B261915A-C1DD-47B4-BABA-3ACCAFFA570B}.Release|Mixed Platforms.Build.0 = Release|x86
		{B261915A-C1DD-47B4-BABA-3ACCAFFA570B}.Release|Mixed Platforms.ActiveCfg = Release|x86
		{B261915A-C1DD-47B4-BABA-3ACCAFFA570B}.Release|x86.Build.0 = Release|x86
		{B261915A-C1DD-47B4-BABA-3ACCAFFA570B}.Release|x86.ActiveCfg = Release|x86
		{F35C7321-929B-4238-959A-A60A890F10BA}.Debug|Any CPU.Build.0 = Debug|Any CPU
		{F35C7321-929B-4238-959A-A60A890F10BA}.Debug|Any CPU.ActiveCfg = Debug|Any CPU
		{F35C7321-929B-4238-959A-A60A890F10BA}.Debug|Mixed Platforms.Build.0 = Debug|Any CPU
		{F35C7321-929B-4238-959A-A60A890F10BA}.Debug|Mixed Platforms.ActiveCfg = Debug|Any CPU
		{F35C7321-929B-4238-959A-A60A890F10BA}.Debug|x86.Build.0 = Debug|Any CPU
		{F35C7321-929B-4238-959A-A60A890F10BA}.Debug|x86.ActiveCfg = Debug|Any CPU
		{F35C7321-929B-4238-959A-A60A890F10BA}.Release|Any CPU.Build.0 = Release|Any CPU
		{F35C7321-929B-4238-959A-A60A890F10BA}.Release|Any CPU.ActiveCfg = Release|Any CPU
		{F35C7321-929B-4238-959A-A60A890F10BA}.Release|Mixed Platforms.Build.0 = Release|Any CPU
		{F35C7321-929B-4238-959A-A60A890F10BA}.Release|Mixed Platforms.ActiveCfg = Release|Any CPU
		{F35C7321-929B-4238-959A-A60A890F10BA}.Release|x86.Build.0 = Release|Any CPU
		{F35C7321-929B-4238-959A-A60A890F10BA}.Release|x86.ActiveCfg = Release|Any CPU
		{A3D5CC49-DD4A-4FD6-A165-7D5AF60CDD15}.Debug|Any CPU.Build.0 = Debug|Any CPU
		{A3D5CC49-DD4A-4FD6-A165-7D5AF60CDD15}.Debug|Any CPU.ActiveCfg = Debug|Any CPU
		{A3D5CC49-DD4A-4FD6-A165-7D5AF60CDD15}.Debug|Mixed Platforms.Build.0 = Debug|Any CPU
		{A3D5CC49-DD4A-4FD6-A165-7D5AF60CDD15}.Debug|Mixed Platforms.ActiveCfg = Debug|Any CPU
		{A3D5CC49-DD4A-4FD6-A165-7D5AF60CDD15}.Debug|x86.Build.0 = Debug|Any CPU
		{A3D5CC49-DD4A-4FD6-A165-7D5AF60CDD15}.Debug|x86.ActiveCfg = Debug|Any CPU
		{A3D5CC49-DD4A-4FD6-A165-7D5AF60CDD15}.Release|Any CPU.Build.0 = Release|Any CPU
		{A3D5CC49-DD4A-4FD6-A165-7D5AF60CDD15}.Release|Any CPU.ActiveCfg = Release|Any CPU
		{A3D5CC49-DD4A-4FD6-A165-7D5AF60CDD15}.Release|Mixed Platforms.Build.0 = Release|Any CPU
		{A3D5CC49-DD4A-4FD6-A165-7D5AF60CDD15}.Release|Mixed Platforms.ActiveCfg = Release|Any CPU
		{A3D5CC49-DD4A-4FD6-A165-7D5AF60CDD15}.Release|x86.Build.0 = Release|Any CPU
		{A3D5CC49-DD4A-4FD6-A165-7D5AF60CDD15}.Release|x86.ActiveCfg = Release|Any CPU
		{FD1CED96-0573-4115-9D7A-D5075A3FF768}.Debug|Any CPU.Build.0 = Debug|Any CPU
		{FD1CED96-0573-4115-9D7A-D5075A3FF768}.Debug|Any CPU.ActiveCfg = Debug|Any CPU
		{FD1CED96-0573-4115-9D7A-D5075A3FF768}.Debug|Mixed Platforms.Build.0 = Debug|Any CPU
		{FD1CED96-0573-4115-9D7A-D5075A3FF768}.Debug|Mixed Platforms.ActiveCfg = Debug|Any CPU
		{FD1CED96-0573-4115-9D7A-D5075A3FF768}.Debug|x86.Build.0 = Debug|Any CPU
		{FD1CED96-0573-4115-9D7A-D5075A3FF768}.Debug|x86.ActiveCfg = Debug|Any CPU
		{FD1CED96-0573-4115-9D7A-D5075A3FF768}.Release|Any CPU.Build.0 = Release|Any CPU
		{FD1CED96-0573-4115-9D7A-D5075A3FF768}.Release|Any CPU.ActiveCfg = Release|Any CPU
		{FD1CED96-0573-4115-9D7A-D5075A3FF768}.Release|Mixed Platforms.Build.0 = Release|Any CPU
		{FD1CED96-0573-4115-9D7A-D5075A3FF768}.Release|Mixed Platforms.ActiveCfg = Release|Any CPU
		{FD1CED96-0573-4115-9D7A-D5075A3FF768}.Release|x86.Build.0 = Release|Any CPU
		{FD1CED96-0573-4115-9D7A-D5075A3FF768}.Release|x86.ActiveCfg = Release|Any CPU
		{3A4AFEAC-A4F7-44E6-9860-1E033F0254AE}.Debug|Any CPU.Build.0 = Debug|Any CPU
		{3A4AFEAC-A4F7-44E6-9860-1E033F0254AE}.Debug|Any CPU.ActiveCfg = Debug|Any CPU
		{3A4AFEAC-A4F7-44E6-9860-1E033F0254AE}.Debug|Mixed Platforms.Build.0 = Debug|Any CPU
		{3A4AFEAC-A4F7-44E6-9860-1E033F0254AE}.Debug|Mixed Platforms.ActiveCfg = Debug|Any CPU
		{3A4AFEAC-A4F7-44E6-9860-1E033F0254AE}.Debug|x86.Build.0 = Debug|Any CPU
		{3A4AFEAC-A4F7-44E6-9860-1E033F0254AE}.Debug|x86.ActiveCfg = Debug|Any CPU
		{3A4AFEAC-A4F7-44E6-9860-1E033F0254AE}.Release|Any CPU.Build.0 = Release|Any CPU
		{3A4AFEAC-A4F7-44E6-9860-1E033F0254AE}.Release|Any CPU.ActiveCfg = Release|Any CPU
		{3A4AFEAC-A4F7-44E6-9860-1E033F0254AE}.Release|Mixed Platforms.Build.0 = Release|Any CPU
		{3A4AFEAC-A4F7-44E6-9860-1E033F0254AE}.Release|Mixed Platforms.ActiveCfg = Release|Any CPU
		{3A4AFEAC-A4F7-44E6-9860-1E033F0254AE}.Release|x86.Build.0 = Release|Any CPU
		{3A4AFEAC-A4F7-44E6-9860-1E033F0254AE}.Release|x86.ActiveCfg = Release|Any CPU
		{4DA21F68-9317-4FB1-AB31-686EC8615985}.Debug|Any CPU.Build.0 = Debug|Any CPU
		{4DA21F68-9317-4FB1-AB31-686EC8615985}.Debug|Any CPU.ActiveCfg = Debug|Any CPU
		{4DA21F68-9317-4FB1-AB31-686EC8615985}.Debug|Mixed Platforms.Build.0 = Debug|Any CPU
		{4DA21F68-9317-4FB1-AB31-686EC8615985}.Debug|Mixed Platforms.ActiveCfg = Debug|Any CPU
		{4DA21F68-9317-4FB1-AB31-686EC8615985}.Debug|x86.Build.0 = Debug|Any CPU
		{4DA21F68-9317-4FB1-AB31-686EC8615985}.Debug|x86.ActiveCfg = Debug|Any CPU
		{4DA21F68-9317-4FB1-AB31-686EC8615985}.Release|Any CPU.Build.0 = Release|Any CPU
		{4DA21F68-9317-4FB1-AB31-686EC8615985}.Release|Any CPU.ActiveCfg = Release|Any CPU
		{4DA21F68-9317-4FB1-AB31-686EC8615985}.Release|Mixed Platforms.Build.0 = Release|Any CPU
		{4DA21F68-9317-4FB1-AB31-686EC8615985}.Release|Mixed Platforms.ActiveCfg = Release|Any CPU
		{4DA21F68-9317-4FB1-AB31-686EC8615985}.Release|x86.Build.0 = Release|Any CPU
		{4DA21F68-9317-4FB1-AB31-686EC8615985}.Release|x86.ActiveCfg = Release|Any CPU
		{E2BB2836-97A5-4F81-A11F-4CD9DEFB5657}.Debug|Any CPU.Build.0 = Debug|Any CPU
		{E2BB2836-97A5-4F81-A11F-4CD9DEFB5657}.Debug|Any CPU.ActiveCfg = Debug|Any CPU
		{E2BB2836-97A5-4F81-A11F-4CD9DEFB5657}.Debug|Mixed Platforms.Build.0 = Debug|Any CPU
		{E2BB2836-97A5-4F81-A11F-4CD9DEFB5657}.Debug|Mixed Platforms.ActiveCfg = Debug|Any CPU
		{E2BB2836-97A5-4F81-A11F-4CD9DEFB5657}.Debug|x86.Build.0 = Debug|Any CPU
		{E2BB2836-97A5-4F81-A11F-4CD9DEFB5657}.Debug|x86.ActiveCfg = Debug|Any CPU
		{E2BB2836-97A5-4F81-A11F-4CD9DEFB5657}.Release|Any CPU.Build.0 = Release|Any CPU
		{E2BB2836-97A5-4F81-A11F-4CD9DEFB5657}.Release|Any CPU.ActiveCfg = Release|Any CPU
		{E2BB2836-97A5-4F81-A11F-4CD9DEFB5657}.Release|Mixed Platforms.Build.0 = Release|Any CPU
		{E2BB2836-97A5-4F81-A11F-4CD9DEFB5657}.Release|Mixed Platforms.ActiveCfg = Release|Any CPU
		{E2BB2836-97A5-4F81-A11F-4CD9DEFB5657}.Release|x86.Build.0 = Release|Any CPU
		{E2BB2836-97A5-4F81-A11F-4CD9DEFB5657}.Release|x86.ActiveCfg = Release|Any CPU
		{9557151F-BE39-48CD-BEB9-21B91DA5E531}.Debug|Any CPU.Build.0 = Debug|Any CPU
		{9557151F-BE39-48CD-BEB9-21B91DA5E531}.Debug|Any CPU.ActiveCfg = Debug|Any CPU
		{9557151F-BE39-48CD-BEB9-21B91DA5E531}.Debug|Mixed Platforms.Build.0 = Debug|Any CPU
		{9557151F-BE39-48CD-BEB9-21B91DA5E531}.Debug|Mixed Platforms.ActiveCfg = Debug|Any CPU
		{9557151F-BE39-48CD-BEB9-21B91DA5E531}.Debug|x86.Build.0 = Debug|Any CPU
		{9557151F-BE39-48CD-BEB9-21B91DA5E531}.Debug|x86.ActiveCfg = Debug|Any CPU
		{9557151F-BE39-48CD-BEB9-21B91DA5E531}.Release|Any CPU.Build.0 = Release|Any CPU
		{9557151F-BE39-48CD-BEB9-21B91DA5E531}.Release|Any CPU.ActiveCfg = Release|Any CPU
		{9557151F-BE39-48CD-BEB9-21B91DA5E531}.Release|Mixed Platforms.Build.0 = Release|Any CPU
		{9557151F-BE39-48CD-BEB9-21B91DA5E531}.Release|Mixed Platforms.ActiveCfg = Release|Any CPU
		{9557151F-BE39-48CD-BEB9-21B91DA5E531}.Release|x86.Build.0 = Release|Any CPU
		{9557151F-BE39-48CD-BEB9-21B91DA5E531}.Release|x86.ActiveCfg = Release|Any CPU
		{6475E834-1869-4713-9A67-C808B349A1D6}.Debug|Any CPU.Build.0 = Debug|Any CPU
		{6475E834-1869-4713-9A67-C808B349A1D6}.Debug|Any CPU.ActiveCfg = Debug|Any CPU
		{6475E834-1869-4713-9A67-C808B349A1D6}.Debug|Mixed Platforms.Build.0 = Debug|Any CPU
		{6475E834-1869-4713-9A67-C808B349A1D6}.Debug|Mixed Platforms.ActiveCfg = Debug|Any CPU
		{6475E834-1869-4713-9A67-C808B349A1D6}.Debug|x86.Build.0 = Debug|Any CPU
		{6475E834-1869-4713-9A67-C808B349A1D6}.Debug|x86.ActiveCfg = Debug|Any CPU
		{6475E834-1869-4713-9A67-C808B349A1D6}.Release|Any CPU.Build.0 = Release|Any CPU
		{6475E834-1869-4713-9A67-C808B349A1D6}.Release|Any CPU.ActiveCfg = Release|Any CPU
		{6475E834-1869-4713-9A67-C808B349A1D6}.Release|Mixed Platforms.Build.0 = Release|Any CPU
		{6475E834-1869-4713-9A67-C808B349A1D6}.Release|Mixed Platforms.ActiveCfg = Release|Any CPU
		{6475E834-1869-4713-9A67-C808B349A1D6}.Release|x86.Build.0 = Release|Any CPU
		{6475E834-1869-4713-9A67-C808B349A1D6}.Release|x86.ActiveCfg = Release|Any CPU
		{2BD083D3-01C9-46CA-9E9D-72A29240DBF3}.Debug|Any CPU.Build.0 = Debug|Any CPU
		{2BD083D3-01C9-46CA-9E9D-72A29240DBF3}.Debug|Any CPU.ActiveCfg = Debug|Any CPU
		{2BD083D3-01C9-46CA-9E9D-72A29240DBF3}.Debug|Mixed Platforms.Build.0 = Debug|Any CPU
		{2BD083D3-01C9-46CA-9E9D-72A29240DBF3}.Debug|Mixed Platforms.ActiveCfg = Debug|Any CPU
		{2BD083D3-01C9-46CA-9E9D-72A29240DBF3}.Debug|x86.Build.0 = Debug|Any CPU
		{2BD083D3-01C9-46CA-9E9D-72A29240DBF3}.Debug|x86.ActiveCfg = Debug|Any CPU
		{2BD083D3-01C9-46CA-9E9D-72A29240DBF3}.Release|Any CPU.Build.0 = Release|Any CPU
		{2BD083D3-01C9-46CA-9E9D-72A29240DBF3}.Release|Any CPU.ActiveCfg = Release|Any CPU
		{2BD083D3-01C9-46CA-9E9D-72A29240DBF3}.Release|Mixed Platforms.Build.0 = Release|Any CPU
		{2BD083D3-01C9-46CA-9E9D-72A29240DBF3}.Release|Mixed Platforms.ActiveCfg = Release|Any CPU
		{2BD083D3-01C9-46CA-9E9D-72A29240DBF3}.Release|x86.Build.0 = Release|Any CPU
		{2BD083D3-01C9-46CA-9E9D-72A29240DBF3}.Release|x86.ActiveCfg = Release|Any CPU
		{DA748764-54DF-409A-AAB4-FF6FB10E879D}.Debug|Any CPU.Build.0 = Debug|Any CPU
		{DA748764-54DF-409A-AAB4-FF6FB10E879D}.Debug|Any CPU.ActiveCfg = Debug|Any CPU
		{DA748764-54DF-409A-AAB4-FF6FB10E879D}.Debug|Mixed Platforms.Build.0 = Debug|Any CPU
		{DA748764-54DF-409A-AAB4-FF6FB10E879D}.Debug|Mixed Platforms.ActiveCfg = Debug|Any CPU
		{DA748764-54DF-409A-AAB4-FF6FB10E879D}.Debug|x86.Build.0 = Debug|Any CPU
		{DA748764-54DF-409A-AAB4-FF6FB10E879D}.Debug|x86.ActiveCfg = Debug|Any CPU
		{DA748764-54DF-409A-AAB4-FF6FB10E879D}.Release|Any CPU.Build.0 = Release|Any CPU
		{DA748764-54DF-409A-AAB4-FF6FB10E879D}.Release|Any CPU.ActiveCfg = Release|Any CPU
		{DA748764-54DF-409A-AAB4-FF6FB10E879D}.Release|Mixed Platforms.Build.0 = Release|Any CPU
		{DA748764-54DF-409A-AAB4-FF6FB10E879D}.Release|Mixed Platforms.ActiveCfg = Release|Any CPU
		{DA748764-54DF-409A-AAB4-FF6FB10E879D}.Release|x86.Build.0 = Release|Any CPU
		{DA748764-54DF-409A-AAB4-FF6FB10E879D}.Release|x86.ActiveCfg = Release|Any CPU
		{CD0F4B22-8235-49B1-A144-462CB8FD4973}.Debug|Any CPU.Build.0 = Debug|Any CPU
		{CD0F4B22-8235-49B1-A144-462CB8FD4973}.Debug|Any CPU.ActiveCfg = Debug|Any CPU
		{CD0F4B22-8235-49B1-A144-462CB8FD4973}.Debug|Mixed Platforms.Build.0 = Debug|Any CPU
		{CD0F4B22-8235-49B1-A144-462CB8FD4973}.Debug|Mixed Platforms.ActiveCfg = Debug|Any CPU
		{CD0F4B22-8235-49B1-A144-462CB8FD4973}.Debug|x86.Build.0 = Debug|Any CPU
		{CD0F4B22-8235-49B1-A144-462CB8FD4973}.Debug|x86.ActiveCfg = Debug|Any CPU
		{CD0F4B22-8235-49B1-A144-462CB8FD4973}.Release|Any CPU.Build.0 = Release|Any CPU
		{CD0F4B22-8235-49B1-A144-462CB8FD4973}.Release|Any CPU.ActiveCfg = Release|Any CPU
		{CD0F4B22-8235-49B1-A144-462CB8FD4973}.Release|Mixed Platforms.Build.0 = Release|Any CPU
		{CD0F4B22-8235-49B1-A144-462CB8FD4973}.Release|Mixed Platforms.ActiveCfg = Release|Any CPU
		{CD0F4B22-8235-49B1-A144-462CB8FD4973}.Release|x86.Build.0 = Release|Any CPU
		{CD0F4B22-8235-49B1-A144-462CB8FD4973}.Release|x86.ActiveCfg = Release|Any CPU
	EndGlobalSection
	GlobalSection(SolutionProperties) = preSolution
		HideSolutionNode = FALSE
	EndGlobalSection
	GlobalSection(SubversionScc) = preSolution
		Svn-Managed = True
		Manager = AnkhSVN - Subversion Support for Visual Studio
	EndGlobalSection
	GlobalSection(NDepend) = preSolution
		Project = ".\SharpSnmpLib.ndproj"
	EndGlobalSection
	GlobalSection(NestedProjects) = preSolution
		{B261915A-C1DD-47B4-BABA-3ACCAFFA570B} = {36CA2CE0-4D96-46A9-A659-EFD34990CFFB}
		{A3D5CC49-DD4A-4FD6-A165-7D5AF60CDD15} = {4C9274FA-6049-420F-AD26-083963A5CD99}
		{FD1CED96-0573-4115-9D7A-D5075A3FF768} = {4C9274FA-6049-420F-AD26-083963A5CD99}
		{3A4AFEAC-A4F7-44E6-9860-1E033F0254AE} = {4C9274FA-6049-420F-AD26-083963A5CD99}
		{4DA21F68-9317-4FB1-AB31-686EC8615985} = {4C9274FA-6049-420F-AD26-083963A5CD99}
		{E2BB2836-97A5-4F81-A11F-4CD9DEFB5657} = {4C9274FA-6049-420F-AD26-083963A5CD99}
		{9557151F-BE39-48CD-BEB9-21B91DA5E531} = {4C9274FA-6049-420F-AD26-083963A5CD99}
		{6475E834-1869-4713-9A67-C808B349A1D6} = {4C9274FA-6049-420F-AD26-083963A5CD99}
		{2BD083D3-01C9-46CA-9E9D-72A29240DBF3} = {4C9274FA-6049-420F-AD26-083963A5CD99}
		{DA748764-54DF-409A-AAB4-FF6FB10E879D} = {4C9274FA-6049-420F-AD26-083963A5CD99}
	EndGlobalSection
EndGlobal
