
Microsoft Visual Studio Solution File, Format Version 10.00
# Visual Studio 2008
# SharpDevelop 4.1.0.7387-alpha
Project("{FAE04EC0-301F-11D3-BF4B-00C04F79EFBC}") = "sharpsnmplib.cf35", "SharpSnmpLib\sharpsnmplib.cf35.csproj", "{EBB48F98-32C4-474F-B691-3599827418A2}"
EndProject
Global
	GlobalSection(SolutionConfigurationPlatforms) = preSolution
		Debug|Any CPU = Debug|Any CPU
		Release|Any CPU = Release|Any CPU
	EndGlobalSection
	GlobalSection(ProjectConfigurationPlatforms) = postSolution
		{EBB48F98-32C4-474F-B691-3599827418A2}.Debug|Any CPU.ActiveCfg = Debug|Any CPU
		{EBB48F98-32C4-474F-B691-3599827418A2}.Debug|Any CPU.Build.0 = Debug|Any CPU
		{EBB48F98-32C4-474F-B691-3599827418A2}.Release|Any CPU.ActiveCfg = Release|Any CPU
		{EBB48F98-32C4-474F-B691-3599827418A2}.Release|Any CPU.Build.0 = Release|Any CPU
	EndGlobalSection
	GlobalSection(SolutionProperties) = preSolution
		HideSolutionNode = FALSE
	EndGlobalSection
EndGlobal
