
Microsoft Visual Studio Solution File, Format Version 12.00
# Visual Studio 15
VisualStudioVersion = 15.0.26730.3
MinimumVisualStudioVersion = 10.0.40219.1
Project("{9A19103F-16F7-4668-BE54-9A1E7A4F7556}") = "SearchUsingSQL", "SearchUsingSQL\SearchUsingSQL.csproj", "{CF6A0BD2-DA9C-4942-8BA5-6B30593D4AEF}"
EndProject
Project("{9A19103F-16F7-4668-BE54-9A1E7A4F7556}") = "SampleData", "..\SampleData\SampleData\SampleData.csproj", "{CE303057-BBD4-455E-B7B5-DB8C330E8D7E}"
EndProject
Global
	GlobalSection(SolutionConfigurationPlatforms) = preSolution
		Debug|Any CPU = Debug|Any CPU
		Debug|x86 = Debug|x86
		Release|Any CPU = Release|Any CPU
		Release|x86 = Release|x86
	EndGlobalSection
	GlobalSection(ProjectConfigurationPlatforms) = postSolution
		{CF6A0BD2-DA9C-4942-8BA5-6B30593D4AEF}.Debug|Any CPU.ActiveCfg = Debug|Any CPU
		{CF6A0BD2-DA9C-4942-8BA5-6B30593D4AEF}.Debug|Any CPU.Build.0 = Debug|Any CPU
		{CF6A0BD2-DA9C-4942-8BA5-6B30593D4AEF}.Debug|x86.ActiveCfg = Debug|Any CPU
		{CF6A0BD2-DA9C-4942-8BA5-6B30593D4AEF}.Debug|x86.Build.0 = Debug|Any CPU
		{CF6A0BD2-DA9C-4942-8BA5-6B30593D4AEF}.Release|Any CPU.ActiveCfg = Release|Any CPU
		{CF6A0BD2-DA9C-4942-8BA5-6B30593D4AEF}.Release|Any CPU.Build.0 = Release|Any CPU
		{CF6A0BD2-DA9C-4942-8BA5-6B30593D4AEF}.Release|x86.ActiveCfg = Release|Any CPU
		{CF6A0BD2-DA9C-4942-8BA5-6B30593D4AEF}.Release|x86.Build.0 = Release|Any CPU
		{CE303057-BBD4-455E-B7B5-DB8C330E8D7E}.Debug|Any CPU.ActiveCfg = Debug|Any CPU
		{CE303057-BBD4-455E-B7B5-DB8C330E8D7E}.Debug|Any CPU.Build.0 = Debug|Any CPU
		{CE303057-BBD4-455E-B7B5-DB8C330E8D7E}.Debug|x86.ActiveCfg = Debug|Any CPU
		{CE303057-BBD4-455E-B7B5-DB8C330E8D7E}.Debug|x86.Build.0 = Debug|Any CPU
		{CE303057-BBD4-455E-B7B5-DB8C330E8D7E}.Release|Any CPU.ActiveCfg = Release|Any CPU
		{CE303057-BBD4-455E-B7B5-DB8C330E8D7E}.Release|Any CPU.Build.0 = Release|Any CPU
		{CE303057-BBD4-455E-B7B5-DB8C330E8D7E}.Release|x86.ActiveCfg = Release|Any CPU
		{CE303057-BBD4-455E-B7B5-DB8C330E8D7E}.Release|x86.Build.0 = Release|Any CPU
	EndGlobalSection
	GlobalSection(SolutionProperties) = preSolution
		HideSolutionNode = FALSE
	EndGlobalSection
	GlobalSection(ExtensibilityGlobals) = postSolution
		SolutionGuid = {CCCB6344-0D1B-4A42-886B-8AB03DF1F6DA}
	EndGlobalSection
EndGlobal
