
Microsoft Visual Studio Solution File, Format Version 12.00
# Visual Studio 15
VisualStudioVersion = 15.0.26730.3
MinimumVisualStudioVersion = 10.0.40219.1
Project("{FAE04EC0-301F-11D3-BF4B-00C04F79EFBC}") = "CustomEvents", "CustomEvents\CustomEvents.csproj", "{167CA4F4-1D48-4BDF-A698-AB47156CB1DA}"
EndProject
Global
	GlobalSection(SolutionConfigurationPlatforms) = preSolution
		Debug|Any CPU = Debug|Any CPU
		Release|Any CPU = Release|Any CPU
	EndGlobalSection
	GlobalSection(ProjectConfigurationPlatforms) = postSolution
		{167CA4F4-1D48-4BDF-A698-AB47156CB1DA}.Debug|Any CPU.ActiveCfg = Debug|Any CPU
		{167CA4F4-1D48-4BDF-A698-AB47156CB1DA}.Debug|Any CPU.Build.0 = Debug|Any CPU
		{167CA4F4-1D48-4BDF-A698-AB47156CB1DA}.Release|Any CPU.ActiveCfg = Release|Any CPU
		{167CA4F4-1D48-4BDF-A698-AB47156CB1DA}.Release|Any CPU.Build.0 = Release|Any CPU
	EndGlobalSection
	GlobalSection(SolutionProperties) = preSolution
		HideSolutionNode = FALSE
	EndGlobalSection
	GlobalSection(ExtensibilityGlobals) = postSolution
		SolutionGuid = {43A54B8B-E367-4E20-83FD-64174D34C4AA}
	EndGlobalSection
EndGlobal
