
Microsoft Visual Studio Solution File, Format Version 12.00
# Visual Studio 14
VisualStudioVersion = 14.0.25420.1
MinimumVisualStudioVersion = 10.0.40219.1
Project("{FAE04EC0-301F-11D3-BF4B-00C04F79EFBC}") = "NHibernateNCacheOpenSource", "NHibernateNCacheOpenSource.csproj", "{88D5E2C9-DD4C-46AF-8487-940C4826D04D}"
EndProject
Global
	GlobalSection(SolutionConfigurationPlatforms) = preSolution
		Debug|Any CPU = Debug|Any CPU
		Release.2x|Any CPU = Release.2x|Any CPU
		Release|Any CPU = Release|Any CPU
	EndGlobalSection
	GlobalSection(ProjectConfigurationPlatforms) = postSolution
		{88D5E2C9-DD4C-46AF-8487-940C4826D04D}.Debug|Any CPU.ActiveCfg = Debug|Any CPU
		{88D5E2C9-DD4C-46AF-8487-940C4826D04D}.Debug|Any CPU.Build.0 = Debug|Any CPU
		{88D5E2C9-DD4C-46AF-8487-940C4826D04D}.Release.2x|Any CPU.ActiveCfg = Release.2x|Any CPU
		{88D5E2C9-DD4C-46AF-8487-940C4826D04D}.Release.2x|Any CPU.Build.0 = Release.2x|Any CPU
		{88D5E2C9-DD4C-46AF-8487-940C4826D04D}.Release|Any CPU.ActiveCfg = Release|Any CPU
		{88D5E2C9-DD4C-46AF-8487-940C4826D04D}.Release|Any CPU.Build.0 = Release|Any CPU
	EndGlobalSection
	GlobalSection(SolutionProperties) = preSolution
		HideSolutionNode = FALSE
	EndGlobalSection
EndGlobal
