
Microsoft Visual Studio Solution File, Format Version 12.00
# Visual Studio 15
VisualStudioVersion = 15.0.26510.0
MinimumVisualStudioVersion = 10.0.40219.1
Project("{9A19103F-16F7-4668-BE54-9A1E7A4F7556}") = "Events.NetCore", "Events\Events.NetCore.csproj", "{E6382B80-175E-4A03-99E7-3265D31B6260}"
EndProject
Project("{9A19103F-16F7-4668-BE54-9A1E7A4F7556}") = "SampleData", "..\SampleData\SampleData\SampleData.csproj", "{CE303057-BBD4-455E-B7B5-DB8C330E8D7E}"
EndProject
Global
	GlobalSection(SolutionConfigurationPlatforms) = preSolution
		Debug|Any CPU = Debug|Any CPU
		Debug|x86 = Debug|x86
		Release|Any CPU = Release|Any CPU
		Release|x86 = Release|x86
	EndGlobalSection
	GlobalSection(ProjectConfigurationPlatforms) = postSolution
		{CE303057-BBD4-455E-B7B5-DB8C330E8D7E}.Debug|Any CPU.ActiveCfg = Debug|Any CPU
		{CE303057-BBD4-455E-B7B5-DB8C330E8D7E}.Debug|Any CPU.Build.0 = Debug|Any CPU
		{CE303057-BBD4-455E-B7B5-DB8C330E8D7E}.Debug|x86.ActiveCfg = Debug|Any CPU
		{CE303057-BBD4-455E-B7B5-DB8C330E8D7E}.Debug|x86.Build.0 = Debug|Any CPU
		{CE303057-BBD4-455E-B7B5-DB8C330E8D7E}.Release|Any CPU.ActiveCfg = Release|Any CPU
		{CE303057-BBD4-455E-B7B5-DB8C330E8D7E}.Release|Any CPU.Build.0 = Release|Any CPU
		{CE303057-BBD4-455E-B7B5-DB8C330E8D7E}.Release|x86.ActiveCfg = Release|Any CPU
		{CE303057-BBD4-455E-B7B5-DB8C330E8D7E}.Release|x86.Build.0 = Release|Any CPU
		{E6382B80-175E-4A03-99E7-3265D31B6260}.Debug|Any CPU.ActiveCfg = Debug|Any CPU
		{E6382B80-175E-4A03-99E7-3265D31B6260}.Debug|Any CPU.Build.0 = Debug|Any CPU
		{E6382B80-175E-4A03-99E7-3265D31B6260}.Debug|x86.ActiveCfg = Debug|Any CPU
		{E6382B80-175E-4A03-99E7-3265D31B6260}.Debug|x86.Build.0 = Debug|Any CPU
		{E6382B80-175E-4A03-99E7-3265D31B6260}.Release|Any CPU.ActiveCfg = Release|Any CPU
		{E6382B80-175E-4A03-99E7-3265D31B6260}.Release|Any CPU.Build.0 = Release|Any CPU
		{E6382B80-175E-4A03-99E7-3265D31B6260}.Release|x86.ActiveCfg = Release|Any CPU
		{E6382B80-175E-4A03-99E7-3265D31B6260}.Release|x86.Build.0 = Release|Any CPU
	EndGlobalSection
	GlobalSection(SolutionProperties) = preSolution
		HideSolutionNode = FALSE
	EndGlobalSection
EndGlobal
