Microsoft Visual Studio Solution File, Format Version 11.00
# Visual Studio 2010
Project("{FAE04EC0-301F-11D3-BF4B-00C04F79EFBC}") = "Alachisoft.ContentOptimization2x", "Alachisoft.ContentOptimization\Alachisoft.ContentOptimization2x.csproj", "{CABCE9AA-38DC-4FE7-9E5B-8ECAB9907F3C}"
EndProject
Project("{FAE04EC0-301F-11D3-BF4B-00C04F79EFBC}") = "NCacheAdapter2x", "NCacheAdapters\NCacheAdapter2x.csproj", "{794DBF44-6A11-4952-B6DA-D481444BC0DB}"
EndProject
Global
	GlobalSection(SolutionConfigurationPlatforms) = preSolution
		Debug|Any CPU = Debug|Any CPU
		Release.2x|Any CPU = Release.2x|Any CPU
		Release|Any CPU = Release|Any CPU
	EndGlobalSection
	GlobalSection(ProjectConfigurationPlatforms) = postSolution
		{CABCE9AA-38DC-4FE7-9E5B-8ECAB9907F3C}.Debug|Any CPU.ActiveCfg = Debug|Any CPU
		{CABCE9AA-38DC-4FE7-9E5B-8ECAB9907F3C}.Debug|Any CPU.Build.0 = Debug|Any CPU
		{CABCE9AA-38DC-4FE7-9E5B-8ECAB9907F3C}.Release.2x|Any CPU.ActiveCfg = Release|Any CPU
		{CABCE9AA-38DC-4FE7-9E5B-8ECAB9907F3C}.Release.2x|Any CPU.Build.0 = Release|Any CPU
		{CABCE9AA-38DC-4FE7-9E5B-8ECAB9907F3C}.Release|Any CPU.ActiveCfg = Release|Any CPU
		{CABCE9AA-38DC-4FE7-9E5B-8ECAB9907F3C}.Release|Any CPU.Build.0 = Release|Any CPU
		{794DBF44-6A11-4952-B6DA-D481444BC0DB}.Debug|Any CPU.ActiveCfg = Debug|Any CPU
		{794DBF44-6A11-4952-B6DA-D481444BC0DB}.Debug|Any CPU.Build.0 = Debug|Any CPU
		{794DBF44-6A11-4952-B6DA-D481444BC0DB}.Release.2x|Any CPU.ActiveCfg = Release.2x|Any CPU
		{794DBF44-6A11-4952-B6DA-D481444BC0DB}.Release.2x|Any CPU.Build.0 = Release.2x|Any CPU
		{794DBF44-6A11-4952-B6DA-D481444BC0DB}.Release|Any CPU.ActiveCfg = Release.2x|Any CPU
		{794DBF44-6A11-4952-B6DA-D481444BC0DB}.Release|Any CPU.Build.0 = Release.2x|Any CPU
	EndGlobalSection
	GlobalSection(SolutionProperties) = preSolution
		HideSolutionNode = FALSE
	EndGlobalSection
EndGlobal
