
Microsoft Visual Studio Solution File, Format Version 12.00
# Visual Studio 15
VisualStudioVersion = 15.0.27130.2024
MinimumVisualStudioVersion = 10.0.40219.1
Project("{9A19103F-16F7-4668-BE54-9A1E7A4F7556}") = "Alachisoft.NCache.EntityFrameworkCore", "Alachisoft.NCache.EntityFrameworkCore\Alachisoft.NCache.EntityFrameworkCore.csproj", "{7D6197A8-1CBC-4071-AEAC-A247F4093A93}"
EndProject
Global
	GlobalSection(SolutionConfigurationPlatforms) = preSolution
		Debug|Any CPU = Debug|Any CPU
		Release|Any CPU = Release|Any CPU
	EndGlobalSection
	GlobalSection(ProjectConfigurationPlatforms) = postSolution
		{7D6197A8-1CBC-4071-AEAC-A247F4093A93}.Debug|Any CPU.ActiveCfg = Debug|Any CPU
		{7D6197A8-1CBC-4071-AEAC-A247F4093A93}.Debug|Any CPU.Build.0 = Debug|Any CPU
		{7D6197A8-1CBC-4071-AEAC-A247F4093A93}.Release|Any CPU.ActiveCfg = Release|Any CPU
		{7D6197A8-1CBC-4071-AEAC-A247F4093A93}.Release|Any CPU.Build.0 = Release|Any CPU
	EndGlobalSection
	GlobalSection(SolutionProperties) = preSolution
		HideSolutionNode = FALSE
	EndGlobalSection
	GlobalSection(NestedProjects) = preSolution
		{7D6197A8-1CBC-4071-AEAC-A247F4093A93} = {007968A6-B6DC-417D-81F6-A3371EA81017}
	EndGlobalSection
	GlobalSection(ExtensibilityGlobals) = postSolution
		SolutionGuid = {3772C567-0C9A-460D-88AE-CECCDFCD98FC}
	EndGlobalSection
EndGlobal
