
Microsoft Visual Studio Solution File, Format Version 12.00
# Visual Studio 15
VisualStudioVersion = 15.0.26730.3
MinimumVisualStudioVersion = 10.0.40219.1
Project("{9A19103F-16F7-4668-BE54-9A1E7A4F7556}") = "SampleData", "SampleData\SampleData.csproj", "{9F715B5B-BB75-4D94-B371-56939ACB3A92}"
EndProject
Global
	GlobalSection(SolutionConfigurationPlatforms) = preSolution
		Debug|Any CPU = Debug|Any CPU
		Release|Any CPU = Release|Any CPU
	EndGlobalSection
	GlobalSection(ProjectConfigurationPlatforms) = postSolution
		{9F715B5B-BB75-4D94-B371-56939ACB3A92}.Debug|Any CPU.ActiveCfg = Debug|Any CPU
		{9F715B5B-BB75-4D94-B371-56939ACB3A92}.Debug|Any CPU.Build.0 = Debug|Any CPU
		{9F715B5B-BB75-4D94-B371-56939ACB3A92}.Release|Any CPU.ActiveCfg = Release|Any CPU
		{9F715B5B-BB75-4D94-B371-56939ACB3A92}.Release|Any CPU.Build.0 = Release|Any CPU
	EndGlobalSection
	GlobalSection(SolutionProperties) = preSolution
		HideSolutionNode = FALSE
	EndGlobalSection
	GlobalSection(ExtensibilityGlobals) = postSolution
		SolutionGuid = {F88D66D3-EB3F-46EF-84CF-635D64A01E90}
	EndGlobalSection
EndGlobal
