
Microsoft Visual Studio Solution File, Format Version 11.00
# Visual Studio 2010
Project("{FAE04EC0-301F-11D3-BF4B-00C04F79EFBC}") = "ConsoleService", "ConsoleService\ConsoleService.csproj", "{725579A3-BBBC-4E96-90B1-EC4B058C0B27}"
EndProject
Project("{FAE04EC0-301F-11D3-BF4B-00C04F79EFBC}") = "MemcachedProxyServerForNCache", "MemcachedProxyServerForNCache\MemcachedProxyServerForNCache.csproj", "{186B3B5A-504B-4442-ADE9-BB377330734A}"
EndProject
Project("{FAE04EC0-301F-11D3-BF4B-00C04F79EFBC}") = "HashCacheProvider", "HashCacheProvider\HashCacheProvider.csproj", "{CABEAA63-55EE-47C2-BE82-2F63AC61B6C9}"
EndProject
Project("{FAE04EC0-301F-11D3-BF4B-00C04F79EFBC}") = "Alachisoft.NCache.Integrations.Memcached.ProxyServer", "Alachisoft.NCache.Integrations.Memcached.ProxyServer\Alachisoft.NCache.Integrations.Memcached.ProxyServer.csproj", "{47CF91E6-DF49-4C5E-BEB3-18209CDB5649}"
EndProject
Project("{FAE04EC0-301F-11D3-BF4B-00C04F79EFBC}") = "Alachisoft.NCache.Integrations.Memcached.Provider", "Alachisoft.NCache.Integrations.Memcached.Provider\Alachisoft.NCache.Integrations.Memcached.Provider.csproj", "{5DEC77A5-81FD-4323-A001-7ABDC0FDE12A}"
EndProject
Global
	GlobalSection(SolutionConfigurationPlatforms) = preSolution
		Debug|Any CPU = Debug|Any CPU
		Release|Any CPU = Release|Any CPU
		Release20|Any CPU = Release20|Any CPU
	EndGlobalSection
	GlobalSection(ProjectConfigurationPlatforms) = postSolution
		{725579A3-BBBC-4E96-90B1-EC4B058C0B27}.Debug|Any CPU.ActiveCfg = Debug|Any CPU
		{725579A3-BBBC-4E96-90B1-EC4B058C0B27}.Debug|Any CPU.Build.0 = Debug|Any CPU
		{725579A3-BBBC-4E96-90B1-EC4B058C0B27}.Release|Any CPU.ActiveCfg = Release|Any CPU
		{725579A3-BBBC-4E96-90B1-EC4B058C0B27}.Release20|Any CPU.ActiveCfg = Release20|Any CPU
		{186B3B5A-504B-4442-ADE9-BB377330734A}.Debug|Any CPU.ActiveCfg = Debug|Any CPU
		{186B3B5A-504B-4442-ADE9-BB377330734A}.Debug|Any CPU.Build.0 = Debug|Any CPU
		{186B3B5A-504B-4442-ADE9-BB377330734A}.Release|Any CPU.ActiveCfg = Release|Any CPU
		{186B3B5A-504B-4442-ADE9-BB377330734A}.Release|Any CPU.Build.0 = Release|Any CPU
		{186B3B5A-504B-4442-ADE9-BB377330734A}.Release20|Any CPU.ActiveCfg = Release20|Any CPU
		{186B3B5A-504B-4442-ADE9-BB377330734A}.Release20|Any CPU.Build.0 = Release20|Any CPU
		{CABEAA63-55EE-47C2-BE82-2F63AC61B6C9}.Debug|Any CPU.ActiveCfg = Debug|Any CPU
		{CABEAA63-55EE-47C2-BE82-2F63AC61B6C9}.Debug|Any CPU.Build.0 = Debug|Any CPU
		{CABEAA63-55EE-47C2-BE82-2F63AC61B6C9}.Release|Any CPU.ActiveCfg = Release|Any CPU
		{CABEAA63-55EE-47C2-BE82-2F63AC61B6C9}.Release20|Any CPU.ActiveCfg = Release20|Any CPU
		{47CF91E6-DF49-4C5E-BEB3-18209CDB5649}.Debug|Any CPU.ActiveCfg = Debug|Any CPU
		{47CF91E6-DF49-4C5E-BEB3-18209CDB5649}.Debug|Any CPU.Build.0 = Debug|Any CPU
		{47CF91E6-DF49-4C5E-BEB3-18209CDB5649}.Release|Any CPU.ActiveCfg = Release|Any CPU
		{47CF91E6-DF49-4C5E-BEB3-18209CDB5649}.Release|Any CPU.Build.0 = Release|Any CPU
		{47CF91E6-DF49-4C5E-BEB3-18209CDB5649}.Release20|Any CPU.ActiveCfg = Release20|Any CPU
		{47CF91E6-DF49-4C5E-BEB3-18209CDB5649}.Release20|Any CPU.Build.0 = Release20|Any CPU
		{5DEC77A5-81FD-4323-A001-7ABDC0FDE12A}.Debug|Any CPU.ActiveCfg = Debug|Any CPU
		{5DEC77A5-81FD-4323-A001-7ABDC0FDE12A}.Debug|Any CPU.Build.0 = Debug|Any CPU
		{5DEC77A5-81FD-4323-A001-7ABDC0FDE12A}.Release|Any CPU.ActiveCfg = Release|Any CPU
		{5DEC77A5-81FD-4323-A001-7ABDC0FDE12A}.Release|Any CPU.Build.0 = Release|Any CPU
		{5DEC77A5-81FD-4323-A001-7ABDC0FDE12A}.Release20|Any CPU.ActiveCfg = Release20|Any CPU
		{5DEC77A5-81FD-4323-A001-7ABDC0FDE12A}.Release20|Any CPU.Build.0 = Release20|Any CPU
	EndGlobalSection
	GlobalSection(SolutionProperties) = preSolution
		HideSolutionNode = FALSE
	EndGlobalSection
EndGlobal
