
Microsoft Visual Studio Solution File, Format Version 12.00
# Visual Studio 15
VisualStudioVersion = 15.0.26730.3
MinimumVisualStudioVersion = 10.0.40219.1
Project("{9A19103F-16F7-4668-BE54-9A1E7A4F7556}") = "CacheItemVersioning.NetCore", "CacheItemVersioning\CacheItemVersioning.NetCore.csproj", "{A91D01E7-38EC-4200-921E-7D94428F2DED}"
EndProject
Project("{9A19103F-16F7-4668-BE54-9A1E7A4F7556}") = "SampleData", "..\SampleData\SampleData\SampleData.csproj", "{CE303057-BBD4-455E-B7B5-DB8C330E8D7E}"
EndProject
Global
	GlobalSection(SolutionConfigurationPlatforms) = preSolution
		Debug|Any CPU = Debug|Any CPU
		Debug|x86 = Debug|x86
		Release|Any CPU = Release|Any CPU
		Release|x86 = Release|x86
	EndGlobalSection
	GlobalSection(ProjectConfigurationPlatforms) = postSolution
		{CE303057-BBD4-455E-B7B5-DB8C330E8D7E}.Debug|Any CPU.ActiveCfg = Debug|Any CPU
		{CE303057-BBD4-455E-B7B5-DB8C330E8D7E}.Debug|Any CPU.Build.0 = Debug|Any CPU
		{CE303057-BBD4-455E-B7B5-DB8C330E8D7E}.Debug|x86.ActiveCfg = Debug|Any CPU
		{CE303057-BBD4-455E-B7B5-DB8C330E8D7E}.Debug|x86.Build.0 = Debug|Any CPU
		{CE303057-BBD4-455E-B7B5-DB8C330E8D7E}.Release|Any CPU.ActiveCfg = Release|Any CPU
		{CE303057-BBD4-455E-B7B5-DB8C330E8D7E}.Release|Any CPU.Build.0 = Release|Any CPU
		{CE303057-BBD4-455E-B7B5-DB8C330E8D7E}.Release|x86.ActiveCfg = Release|Any CPU
		{CE303057-BBD4-455E-B7B5-DB8C330E8D7E}.Release|x86.Build.0 = Release|Any CPU
		{A91D01E7-38EC-4200-921E-7D94428F2DED}.Debug|Any CPU.ActiveCfg = Debug|Any CPU
		{A91D01E7-38EC-4200-921E-7D94428F2DED}.Debug|Any CPU.Build.0 = Debug|Any CPU
		{A91D01E7-38EC-4200-921E-7D94428F2DED}.Debug|x86.ActiveCfg = Debug|Any CPU
		{A91D01E7-38EC-4200-921E-7D94428F2DED}.Debug|x86.Build.0 = Debug|Any CPU
		{A91D01E7-38EC-4200-921E-7D94428F2DED}.Release|Any CPU.ActiveCfg = Release|Any CPU
		{A91D01E7-38EC-4200-921E-7D94428F2DED}.Release|Any CPU.Build.0 = Release|Any CPU
		{A91D01E7-38EC-4200-921E-7D94428F2DED}.Release|x86.ActiveCfg = Release|Any CPU
		{A91D01E7-38EC-4200-921E-7D94428F2DED}.Release|x86.Build.0 = Release|Any CPU
	EndGlobalSection
	GlobalSection(SolutionProperties) = preSolution
		HideSolutionNode = FALSE
	EndGlobalSection
	GlobalSection(ExtensibilityGlobals) = postSolution
		SolutionGuid = {49300EE7-2648-477F-812A-F27FA7F0B752}
	EndGlobalSection
EndGlobal
