
Microsoft Visual Studio Solution File, Format Version 12.00
# Visual Studio 15
VisualStudioVersion = 15.0.26730.3
MinimumVisualStudioVersion = 10.0.40219.1
Project("{FAE04EC0-301F-11D3-BF4B-00C04F79EFBC}") = "NCacheLINQ", "NCacheLINQ\NCacheLINQ.csproj", "{3256C5B5-22AF-436B-ACB3-AAB2AA399EFC}"
EndProject
Project("{FAE04EC0-301F-11D3-BF4B-00C04F79EFBC}") = "NCacheLINQ.Business", "NCacheLINQ.Business\NCacheLINQ.Business.csproj", "{5D30B3A1-966F-46ED-B939-EBC5AA71017C}"
EndProject
Project("{FAE04EC0-301F-11D3-BF4B-00C04F79EFBC}") = "SampleData", "..\SampleData\SampleData\SampleData.csproj", "{52A6E7BD-C4FF-4609-B472-64A9D3794E08}"
EndProject
Global
	GlobalSection(SolutionConfigurationPlatforms) = preSolution
		Debug|Any CPU = Debug|Any CPU
		Release|Any CPU = Release|Any CPU
	EndGlobalSection
	GlobalSection(ProjectConfigurationPlatforms) = postSolution
		{3256C5B5-22AF-436B-ACB3-AAB2AA399EFC}.Debug|Any CPU.ActiveCfg = Debug|Any CPU
		{3256C5B5-22AF-436B-ACB3-AAB2AA399EFC}.Debug|Any CPU.Build.0 = Debug|Any CPU
		{3256C5B5-22AF-436B-ACB3-AAB2AA399EFC}.Release|Any CPU.ActiveCfg = Release|Any CPU
		{3256C5B5-22AF-436B-ACB3-AAB2AA399EFC}.Release|Any CPU.Build.0 = Release|Any CPU
		{5D30B3A1-966F-46ED-B939-EBC5AA71017C}.Debug|Any CPU.ActiveCfg = Debug|Any CPU
		{5D30B3A1-966F-46ED-B939-EBC5AA71017C}.Debug|Any CPU.Build.0 = Debug|Any CPU
		{5D30B3A1-966F-46ED-B939-EBC5AA71017C}.Release|Any CPU.ActiveCfg = Release|Any CPU
		{5D30B3A1-966F-46ED-B939-EBC5AA71017C}.Release|Any CPU.Build.0 = Release|Any CPU
		{52A6E7BD-C4FF-4609-B472-64A9D3794E08}.Debug|Any CPU.ActiveCfg = Debug|Any CPU
		{52A6E7BD-C4FF-4609-B472-64A9D3794E08}.Debug|Any CPU.Build.0 = Debug|Any CPU
		{52A6E7BD-C4FF-4609-B472-64A9D3794E08}.Release|Any CPU.ActiveCfg = Release|Any CPU
		{52A6E7BD-C4FF-4609-B472-64A9D3794E08}.Release|Any CPU.Build.0 = Release|Any CPU
	EndGlobalSection
	GlobalSection(SolutionProperties) = preSolution
		HideSolutionNode = FALSE
	EndGlobalSection
	GlobalSection(ExtensibilityGlobals) = postSolution
		SolutionGuid = {33B0CA0B-5728-41A0-B8EC-D530A64C7637}
	EndGlobalSection
EndGlobal
