
Microsoft Visual Studio Solution File, Format Version 11.00
# Visual Studio 2010
Project("{FAE04EC0-301F-11D3-BF4B-00C04F79EFBC}") = "Integrations.Memcached", "Integrations.Memcached.csproj", "{5DEC77A5-81FD-4323-A001-7ABDC0FDE12A}"
EndProject
Global
	GlobalSection(SolutionConfigurationPlatforms) = preSolution
		Debug|Any CPU = Debug|Any CPU
		Release|Any CPU = Release|Any CPU
	EndGlobalSection
	GlobalSection(ProjectConfigurationPlatforms) = postSolution
		{5DEC77A5-81FD-4323-A001-7ABDC0FDE12A}.Debug|Any CPU.ActiveCfg = Debug|Any CPU
		{5DEC77A5-81FD-4323-A001-7ABDC0FDE12A}.Debug|Any CPU.Build.0 = Debug|Any CPU
		{5DEC77A5-81FD-4323-A001-7ABDC0FDE12A}.Release|Any CPU.ActiveCfg = Release|Any CPU
		{5DEC77A5-81FD-4323-A001-7ABDC0FDE12A}.Release|Any CPU.Build.0 = Release|Any CPU
	EndGlobalSection
	GlobalSection(SolutionProperties) = preSolution
		HideSolutionNode = FALSE
	EndGlobalSection
EndGlobal
