
Microsoft Visual Studio Solution File, Format Version 11.00
# Visual Studio 2010
Project("{FAE04EC0-301F-11D3-BF4B-00C04F79EFBC}") = "Alachisoft.ContentOptimization", "Alachisoft.ContentOptimization.csproj", "{CABCE9AA-38DC-4FE7-9E5B-8ECAB9907F3C}"
EndProject
Global
	GlobalSection(SolutionConfigurationPlatforms) = preSolution
		Debug|Any CPU = Debug|Any CPU
		DebugWSS3|Any CPU = DebugWSS3|Any CPU
		Release.2x|Any CPU = Release.2x|Any CPU
		Release|Any CPU = Release|Any CPU
		ReleaseWSS3|Any CPU = ReleaseWSS3|Any CPU
	EndGlobalSection
	GlobalSection(ProjectConfigurationPlatforms) = postSolution
		{CABCE9AA-38DC-4FE7-9E5B-8ECAB9907F3C}.Debug|Any CPU.ActiveCfg = Debug|Any CPU
		{CABCE9AA-38DC-4FE7-9E5B-8ECAB9907F3C}.Debug|Any CPU.Build.0 = Debug|Any CPU
		{CABCE9AA-38DC-4FE7-9E5B-8ECAB9907F3C}.DebugWSS3|Any CPU.ActiveCfg = DebugWSS3|Any CPU
		{CABCE9AA-38DC-4FE7-9E5B-8ECAB9907F3C}.DebugWSS3|Any CPU.Build.0 = DebugWSS3|Any CPU
		{CABCE9AA-38DC-4FE7-9E5B-8ECAB9907F3C}.Release.2x|Any CPU.ActiveCfg = Release.2x|Any CPU
		{CABCE9AA-38DC-4FE7-9E5B-8ECAB9907F3C}.Release.2x|Any CPU.Build.0 = Release.2x|Any CPU
		{CABCE9AA-38DC-4FE7-9E5B-8ECAB9907F3C}.Release|Any CPU.ActiveCfg = Release|Any CPU
		{CABCE9AA-38DC-4FE7-9E5B-8ECAB9907F3C}.Release|Any CPU.Build.0 = Release|Any CPU
		{CABCE9AA-38DC-4FE7-9E5B-8ECAB9907F3C}.ReleaseWSS3|Any CPU.ActiveCfg = ReleaseWSS3|Any CPU
		{CABCE9AA-38DC-4FE7-9E5B-8ECAB9907F3C}.ReleaseWSS3|Any CPU.Build.0 = ReleaseWSS3|Any CPU
	EndGlobalSection
	GlobalSection(SolutionProperties) = preSolution
		HideSolutionNode = FALSE
	EndGlobalSection
EndGlobal
