
Microsoft Visual Studio Solution File, Format Version 12.00
# Visual Studio Version 16
VisualStudioVersion = 16.0.29009.5
MinimumVisualStudioVersion = 10.0.40219.1
Project("{9A19103F-16F7-4668-BE54-9A1E7A4F7556}") = "BulkOperations.NetCore", "BulkOperations\BulkOperations.NetCore.csproj", "{765D4FF4-66D4-457F-815E-77B3659C5BA1}"
	ProjectSection(ProjectDependencies) = postProject
		{CE303057-BBD4-455E-B7B5-DB8C330E8D7E} = {CE303057-BBD4-455E-B7B5-DB8C330E8D7E}
	EndProjectSection
EndProject
Project("{9A19103F-16F7-4668-BE54-9A1E7A4F7556}") = "SampleData", "..\SampleData\SampleData\SampleData.csproj", "{CE303057-BBD4-455E-B7B5-DB8C330E8D7E}"
EndProject
Global
	GlobalSection(SolutionConfigurationPlatforms) = preSolution
		Debug|Any CPU = Debug|Any CPU
		Debug|x86 = Debug|x86
		Release|Any CPU = Release|Any CPU
		Release|x86 = Release|x86
	EndGlobalSection
	GlobalSection(ProjectConfigurationPlatforms) = postSolution
		{765D4FF4-66D4-457F-815E-77B3659C5BA1}.Debug|Any CPU.ActiveCfg = Debug|Any CPU
		{765D4FF4-66D4-457F-815E-77B3659C5BA1}.Debug|Any CPU.Build.0 = Debug|Any CPU
		{765D4FF4-66D4-457F-815E-77B3659C5BA1}.Debug|x86.ActiveCfg = Debug|Any CPU
		{765D4FF4-66D4-457F-815E-77B3659C5BA1}.Debug|x86.Build.0 = Debug|Any CPU
		{765D4FF4-66D4-457F-815E-77B3659C5BA1}.Release|Any CPU.ActiveCfg = Release|Any CPU
		{765D4FF4-66D4-457F-815E-77B3659C5BA1}.Release|Any CPU.Build.0 = Release|Any CPU
		{765D4FF4-66D4-457F-815E-77B3659C5BA1}.Release|x86.ActiveCfg = Release|Any CPU
		{765D4FF4-66D4-457F-815E-77B3659C5BA1}.Release|x86.Build.0 = Release|Any CPU
		{CE303057-BBD4-455E-B7B5-DB8C330E8D7E}.Debug|Any CPU.ActiveCfg = Debug|Any CPU
		{CE303057-BBD4-455E-B7B5-DB8C330E8D7E}.Debug|Any CPU.Build.0 = Debug|Any CPU
		{CE303057-BBD4-455E-B7B5-DB8C330E8D7E}.Debug|x86.ActiveCfg = Debug|Any CPU
		{CE303057-BBD4-455E-B7B5-DB8C330E8D7E}.Debug|x86.Build.0 = Debug|Any CPU
		{CE303057-BBD4-455E-B7B5-DB8C330E8D7E}.Release|Any CPU.ActiveCfg = Release|Any CPU
		{CE303057-BBD4-455E-B7B5-DB8C330E8D7E}.Release|Any CPU.Build.0 = Release|Any CPU
		{CE303057-BBD4-455E-B7B5-DB8C330E8D7E}.Release|x86.ActiveCfg = Release|Any CPU
		{CE303057-BBD4-455E-B7B5-DB8C330E8D7E}.Release|x86.Build.0 = Release|Any CPU
	EndGlobalSection
	GlobalSection(SolutionProperties) = preSolution
		HideSolutionNode = FALSE
	EndGlobalSection
	GlobalSection(ExtensibilityGlobals) = postSolution
		SolutionGuid = {83F89AE1-8520-400A-96A0-E43363EA439D}
	EndGlobalSection
EndGlobal
