Microsoft Visual Studio Solution File, Format Version 12.00
# Visual Studio 15
VisualStudioVersion = 15.0.26730.16
MinimumVisualStudioVersion = 10.0.40219.1
Project("{9A19103F-16F7-4668-BE54-9A1E7A4F7556}") = "NCAutomation.Client.NetCore", "NCAutomation\NCAutomation.Client.NetCore.csproj", "{B35A4DEA-AC11-4226-A54E-76FC170053D7}"
EndProject
Global
	GlobalSection(SolutionConfigurationPlatforms) = preSolution
		Debug|Any CPU = Debug|Any CPU
		Release|Any CPU = Release|Any CPU
	EndGlobalSection
	GlobalSection(ProjectConfigurationPlatforms) = postSolution
		{B35A4DEA-AC11-4226-A54E-76FC170053D7}.Debug|Any CPU.ActiveCfg = Debug|Any CPU
		{B35A4DEA-AC11-4226-A54E-76FC170053D7}.Debug|Any CPU.Build.0 = Debug|Any CPU
		{B35A4DEA-AC11-4226-A54E-76FC170053D7}.Release|Any CPU.ActiveCfg = Release|Any CPU
		{B35A4DEA-AC11-4226-A54E-76FC170053D7}.Release|Any CPU.Build.0 = Release|Any CPU
	EndGlobalSection
	GlobalSection(SolutionProperties) = preSolution
		HideSolutionNode = FALSE
	EndGlobalSection
	GlobalSection(ExtensibilityGlobals) = postSolution
		SolutionGuid = {BEA512F8-920F-4490-BC0A-5600642DDAF6}
	EndGlobalSection
EndGlobal
