Microsoft Visual Studio Solution File, Format Version 12.00
# Visual Studio 2012
Project("{FAE04EC0-301F-11D3-BF4B-00C04F79EFBC}") = "ListCaches.4x", "ListCaches\ListCaches.4x.csproj", "{5D753ABA-4B74-4473-9149-6DA9E869C542}"
EndProject
Project("{FAE04EC0-301F-11D3-BF4B-00C04F79EFBC}") = "StartCache.4x", "StartCache\StartCache.4x.csproj", "{8F90193E-9A84-42EF-9DF6-B71132517235}"
EndProject
Project("{FAE04EC0-301F-11D3-BF4B-00C04F79EFBC}") = "StopCache.4x", "StopCache\StopCache.4x.csproj", "{7050480A-4A27-4F13-B685-AB67EC527A7E}"
EndProject
Project("{FAE04EC0-301F-11D3-BF4B-00C04F79EFBC}") = "AddTestData.4x", "AddTestData\AddTestData.4x.csproj", "{BC3A32C9-FFFE-4964-BDB4-6892461EEE77}"
EndProject
Project("{FAE04EC0-301F-11D3-BF4B-00C04F79EFBC}") = "ClearCache.4x", "ClearCache\ClearCache.4x.csproj", "{A20874A0-CD92-4F5B-B0CE-A79F9F8BEBC2}"
EndProject
Project("{FAE04EC0-301F-11D3-BF4B-00C04F79EFBC}") = "GetCacheCount.4x", "GetCacheCount\GetCacheCount.4x.csproj", "{32F18F99-5B3F-484E-B87E-B9C0F4FD3552}"
EndProject
Project("{FAE04EC0-301F-11D3-BF4B-00C04F79EFBC}") = "AddNode.4x", "AddNode\AddNode.4x.csproj", "{1F569DB6-C11E-4F52-9428-D6B7FF8E987A}"
EndProject
Project("{FAE04EC0-301F-11D3-BF4B-00C04F79EFBC}") = "RemoveNode.4x", "RemoveNode\RemoveNode.4x.csproj", "{988F73A2-6C21-45D2-AB92-8D43165C46F5}"
EndProject
Project("{FAE04EC0-301F-11D3-BF4B-00C04F79EFBC}") = "DumpCache.4x", "DumpCache\DumpCache.4x.csproj", "{8BC636E0-CA15-45FB-B738-471B9FC2F107}"
EndProject
Project("{FAE04EC0-301F-11D3-BF4B-00C04F79EFBC}") = "StressTestTool.4x", "StressTestTool\StressTestTool.4x.csproj", "{6B2C3E1B-C789-4CDC-BDFA-B9F9FE75CD0C}"
EndProject
Project("{FAE04EC0-301F-11D3-BF4B-00C04F79EFBC}") = "AddClientNode.4x", "AddClientNode\AddClientNode.4x.csproj", "{FE9CC18D-5392-4F0B-9628-3D1FF90D986E}"
EndProject
Project("{FAE04EC0-301F-11D3-BF4B-00C04F79EFBC}") = "RemoveClientNode.4x", "RemoveClientNode\RemoveClientNode.4x.csproj", "{D3957D74-17B3-4626-9BF1-D917AEB67D4F}"
EndProject
Project("{FAE04EC0-301F-11D3-BF4B-00C04F79EFBC}") = "ConfigureCache", "ConfigureCache\ConfigureCache.csproj", "{CAF1B738-D6A9-482D-8B18-73BBDA1AECB3}"
EndProject
Project("{FAE04EC0-301F-11D3-BF4B-00C04F79EFBC}") = "AddQueryIndex", "AddQueryIndex\AddQueryIndex.csproj", "{C1BF516D-53BF-4F86-B1AC-A8BAB29B3840}"
EndProject
Project("{FAE04EC0-301F-11D3-BF4B-00C04F79EFBC}") = "RemoveCache.4x", "RemoveCache\RemoveCache.4x.csproj", "{63FC5CC8-829D-4E3C-8A5A-FFA9B67C13E3}"
EndProject
Project("{FAE04EC0-301F-11D3-BF4B-00C04F79EFBC}") = "RemoveQueryIndex", "RemoveQueryIndex\RemoveQueryIndex.csproj", "{BFD6721E-51E9-4983-B2C2-D84A31546E87}"
EndProject
Project("{FAE04EC0-301F-11D3-BF4B-00C04F79EFBC}") = "VerifyLicense", "VerifyNCacheLicence\VerifyLicense.csproj", "{3313A66D-22A0-4806-A565-AF98A6F56159}"
EndProject
Project("{FAE04EC0-301F-11D3-BF4B-00C04F79EFBC}") = "GetCacheConfiguration", "GetCacheConfiguration\GetCacheConfiguration.csproj", "{DCBA8945-4234-4398-860F-1D4A16C8A2CC}"
EndProject
Global
	GlobalSection(SolutionConfigurationPlatforms) = preSolution
		Debug|Any CPU = Debug|Any CPU
		Debug|Mixed Platforms = Debug|Mixed Platforms
		Debug|x86 = Debug|x86
		Release|Any CPU = Release|Any CPU
		Release|Mixed Platforms = Release|Mixed Platforms
		Release|x86 = Release|x86
	EndGlobalSection
	GlobalSection(ProjectConfigurationPlatforms) = postSolution
		{5D753ABA-4B74-4473-9149-6DA9E869C542}.Debug|Any CPU.ActiveCfg = Debug|Any CPU
		{5D753ABA-4B74-4473-9149-6DA9E869C542}.Debug|Any CPU.Build.0 = Debug|Any CPU
		{5D753ABA-4B74-4473-9149-6DA9E869C542}.Debug|Mixed Platforms.ActiveCfg = Debug|Any CPU
		{5D753ABA-4B74-4473-9149-6DA9E869C542}.Debug|Mixed Platforms.Build.0 = Debug|Any CPU
		{5D753ABA-4B74-4473-9149-6DA9E869C542}.Debug|x86.ActiveCfg = Debug|Any CPU
		{5D753ABA-4B74-4473-9149-6DA9E869C542}.Release|Any CPU.ActiveCfg = Release|Any CPU
		{5D753ABA-4B74-4473-9149-6DA9E869C542}.Release|Any CPU.Build.0 = Release|Any CPU
		{5D753ABA-4B74-4473-9149-6DA9E869C542}.Release|Mixed Platforms.ActiveCfg = Release|Any CPU
		{5D753ABA-4B74-4473-9149-6DA9E869C542}.Release|Mixed Platforms.Build.0 = Release|Any CPU
		{5D753ABA-4B74-4473-9149-6DA9E869C542}.Release|x86.ActiveCfg = Release|Any CPU
		{8F90193E-9A84-42EF-9DF6-B71132517235}.Debug|Any CPU.ActiveCfg = Debug|Any CPU
		{8F90193E-9A84-42EF-9DF6-B71132517235}.Debug|Any CPU.Build.0 = Debug|Any CPU
		{8F90193E-9A84-42EF-9DF6-B71132517235}.Debug|Mixed Platforms.ActiveCfg = Debug|Any CPU
		{8F90193E-9A84-42EF-9DF6-B71132517235}.Debug|Mixed Platforms.Build.0 = Debug|Any CPU
		{8F90193E-9A84-42EF-9DF6-B71132517235}.Debug|x86.ActiveCfg = Debug|Any CPU
		{8F90193E-9A84-42EF-9DF6-B71132517235}.Release|Any CPU.ActiveCfg = Release|Any CPU
		{8F90193E-9A84-42EF-9DF6-B71132517235}.Release|Any CPU.Build.0 = Release|Any CPU
		{8F90193E-9A84-42EF-9DF6-B71132517235}.Release|Mixed Platforms.ActiveCfg = Release|Any CPU
		{8F90193E-9A84-42EF-9DF6-B71132517235}.Release|Mixed Platforms.Build.0 = Release|Any CPU
		{8F90193E-9A84-42EF-9DF6-B71132517235}.Release|x86.ActiveCfg = Release|Any CPU
		{7050480A-4A27-4F13-B685-AB67EC527A7E}.Debug|Any CPU.ActiveCfg = Debug|Any CPU
		{7050480A-4A27-4F13-B685-AB67EC527A7E}.Debug|Any CPU.Build.0 = Debug|Any CPU
		{7050480A-4A27-4F13-B685-AB67EC527A7E}.Debug|Mixed Platforms.ActiveCfg = Debug|Any CPU
		{7050480A-4A27-4F13-B685-AB67EC527A7E}.Debug|Mixed Platforms.Build.0 = Debug|Any CPU
		{7050480A-4A27-4F13-B685-AB67EC527A7E}.Debug|x86.ActiveCfg = Debug|Any CPU
		{7050480A-4A27-4F13-B685-AB67EC527A7E}.Release|Any CPU.ActiveCfg = Release|Any CPU
		{7050480A-4A27-4F13-B685-AB67EC527A7E}.Release|Any CPU.Build.0 = Release|Any CPU
		{7050480A-4A27-4F13-B685-AB67EC527A7E}.Release|Mixed Platforms.ActiveCfg = Release|Any CPU
		{7050480A-4A27-4F13-B685-AB67EC527A7E}.Release|Mixed Platforms.Build.0 = Release|Any CPU
		{7050480A-4A27-4F13-B685-AB67EC527A7E}.Release|x86.ActiveCfg = Release|Any CPU
		{BC3A32C9-FFFE-4964-BDB4-6892461EEE77}.Debug|Any CPU.ActiveCfg = Debug|Any CPU
		{BC3A32C9-FFFE-4964-BDB4-6892461EEE77}.Debug|Any CPU.Build.0 = Debug|Any CPU
		{BC3A32C9-FFFE-4964-BDB4-6892461EEE77}.Debug|Mixed Platforms.ActiveCfg = Debug|Any CPU
		{BC3A32C9-FFFE-4964-BDB4-6892461EEE77}.Debug|Mixed Platforms.Build.0 = Debug|Any CPU
		{BC3A32C9-FFFE-4964-BDB4-6892461EEE77}.Debug|x86.ActiveCfg = Debug|Any CPU
		{BC3A32C9-FFFE-4964-BDB4-6892461EEE77}.Release|Any CPU.ActiveCfg = Release|Any CPU
		{BC3A32C9-FFFE-4964-BDB4-6892461EEE77}.Release|Any CPU.Build.0 = Release|Any CPU
		{BC3A32C9-FFFE-4964-BDB4-6892461EEE77}.Release|Mixed Platforms.ActiveCfg = Release|Any CPU
		{BC3A32C9-FFFE-4964-BDB4-6892461EEE77}.Release|Mixed Platforms.Build.0 = Release|Any CPU
		{BC3A32C9-FFFE-4964-BDB4-6892461EEE77}.Release|x86.ActiveCfg = Release|Any CPU
		{A20874A0-CD92-4F5B-B0CE-A79F9F8BEBC2}.Debug|Any CPU.ActiveCfg = Debug|Any CPU
		{A20874A0-CD92-4F5B-B0CE-A79F9F8BEBC2}.Debug|Any CPU.Build.0 = Debug|Any CPU
		{A20874A0-CD92-4F5B-B0CE-A79F9F8BEBC2}.Debug|Mixed Platforms.ActiveCfg = Debug|Any CPU
		{A20874A0-CD92-4F5B-B0CE-A79F9F8BEBC2}.Debug|Mixed Platforms.Build.0 = Debug|Any CPU
		{A20874A0-CD92-4F5B-B0CE-A79F9F8BEBC2}.Debug|x86.ActiveCfg = Debug|Any CPU
		{A20874A0-CD92-4F5B-B0CE-A79F9F8BEBC2}.Release|Any CPU.ActiveCfg = Release|Any CPU
		{A20874A0-CD92-4F5B-B0CE-A79F9F8BEBC2}.Release|Any CPU.Build.0 = Release|Any CPU
		{A20874A0-CD92-4F5B-B0CE-A79F9F8BEBC2}.Release|Mixed Platforms.ActiveCfg = Release|Any CPU
		{A20874A0-CD92-4F5B-B0CE-A79F9F8BEBC2}.Release|Mixed Platforms.Build.0 = Release|Any CPU
		{A20874A0-CD92-4F5B-B0CE-A79F9F8BEBC2}.Release|x86.ActiveCfg = Release|Any CPU
		{32F18F99-5B3F-484E-B87E-B9C0F4FD3552}.Debug|Any CPU.ActiveCfg = Debug|Any CPU
		{32F18F99-5B3F-484E-B87E-B9C0F4FD3552}.Debug|Any CPU.Build.0 = Debug|Any CPU
		{32F18F99-5B3F-484E-B87E-B9C0F4FD3552}.Debug|Mixed Platforms.ActiveCfg = Debug|Any CPU
		{32F18F99-5B3F-484E-B87E-B9C0F4FD3552}.Debug|Mixed Platforms.Build.0 = Debug|Any CPU
		{32F18F99-5B3F-484E-B87E-B9C0F4FD3552}.Debug|x86.ActiveCfg = Debug|Any CPU
		{32F18F99-5B3F-484E-B87E-B9C0F4FD3552}.Release|Any CPU.ActiveCfg = Release|Any CPU
		{32F18F99-5B3F-484E-B87E-B9C0F4FD3552}.Release|Any CPU.Build.0 = Release|Any CPU
		{32F18F99-5B3F-484E-B87E-B9C0F4FD3552}.Release|Mixed Platforms.ActiveCfg = Release|Any CPU
		{32F18F99-5B3F-484E-B87E-B9C0F4FD3552}.Release|Mixed Platforms.Build.0 = Release|Any CPU
		{32F18F99-5B3F-484E-B87E-B9C0F4FD3552}.Release|x86.ActiveCfg = Release|Any CPU
		{1F569DB6-C11E-4F52-9428-D6B7FF8E987A}.Debug|Any CPU.ActiveCfg = Debug|Any CPU
		{1F569DB6-C11E-4F52-9428-D6B7FF8E987A}.Debug|Any CPU.Build.0 = Debug|Any CPU
		{1F569DB6-C11E-4F52-9428-D6B7FF8E987A}.Debug|Mixed Platforms.ActiveCfg = Debug|Any CPU
		{1F569DB6-C11E-4F52-9428-D6B7FF8E987A}.Debug|Mixed Platforms.Build.0 = Debug|Any CPU
		{1F569DB6-C11E-4F52-9428-D6B7FF8E987A}.Debug|x86.ActiveCfg = Debug|Any CPU
		{1F569DB6-C11E-4F52-9428-D6B7FF8E987A}.Release|Any CPU.ActiveCfg = Release|Any CPU
		{1F569DB6-C11E-4F52-9428-D6B7FF8E987A}.Release|Any CPU.Build.0 = Release|Any CPU
		{1F569DB6-C11E-4F52-9428-D6B7FF8E987A}.Release|Mixed Platforms.ActiveCfg = Release|Any CPU
		{1F569DB6-C11E-4F52-9428-D6B7FF8E987A}.Release|Mixed Platforms.Build.0 = Release|Any CPU
		{1F569DB6-C11E-4F52-9428-D6B7FF8E987A}.Release|x86.ActiveCfg = Release|Any CPU
		{988F73A2-6C21-45D2-AB92-8D43165C46F5}.Debug|Any CPU.ActiveCfg = Debug|Any CPU
		{988F73A2-6C21-45D2-AB92-8D43165C46F5}.Debug|Any CPU.Build.0 = Debug|Any CPU
		{988F73A2-6C21-45D2-AB92-8D43165C46F5}.Debug|Mixed Platforms.ActiveCfg = Debug|Any CPU
		{988F73A2-6C21-45D2-AB92-8D43165C46F5}.Debug|Mixed Platforms.Build.0 = Debug|Any CPU
		{988F73A2-6C21-45D2-AB92-8D43165C46F5}.Debug|x86.ActiveCfg = Debug|Any CPU
		{988F73A2-6C21-45D2-AB92-8D43165C46F5}.Release|Any CPU.ActiveCfg = Release|Any CPU
		{988F73A2-6C21-45D2-AB92-8D43165C46F5}.Release|Any CPU.Build.0 = Release|Any CPU
		{988F73A2-6C21-45D2-AB92-8D43165C46F5}.Release|Mixed Platforms.ActiveCfg = Release|Any CPU
		{988F73A2-6C21-45D2-AB92-8D43165C46F5}.Release|Mixed Platforms.Build.0 = Release|Any CPU
		{988F73A2-6C21-45D2-AB92-8D43165C46F5}.Release|x86.ActiveCfg = Release|Any CPU
		{8BC636E0-CA15-45FB-B738-471B9FC2F107}.Debug|Any CPU.ActiveCfg = Debug|Any CPU
		{8BC636E0-CA15-45FB-B738-471B9FC2F107}.Debug|Any CPU.Build.0 = Debug|Any CPU
		{8BC636E0-CA15-45FB-B738-471B9FC2F107}.Debug|Mixed Platforms.ActiveCfg = Debug|Any CPU
		{8BC636E0-CA15-45FB-B738-471B9FC2F107}.Debug|Mixed Platforms.Build.0 = Debug|Any CPU
		{8BC636E0-CA15-45FB-B738-471B9FC2F107}.Debug|x86.ActiveCfg = Debug|Any CPU
		{8BC636E0-CA15-45FB-B738-471B9FC2F107}.Release|Any CPU.ActiveCfg = Release|Any CPU
		{8BC636E0-CA15-45FB-B738-471B9FC2F107}.Release|Any CPU.Build.0 = Release|Any CPU
		{8BC636E0-CA15-45FB-B738-471B9FC2F107}.Release|Mixed Platforms.ActiveCfg = Release|Any CPU
		{8BC636E0-CA15-45FB-B738-471B9FC2F107}.Release|Mixed Platforms.Build.0 = Release|Any CPU
		{8BC636E0-CA15-45FB-B738-471B9FC2F107}.Release|x86.ActiveCfg = Release|Any CPU
		{6B2C3E1B-C789-4CDC-BDFA-B9F9FE75CD0C}.Debug|Any CPU.ActiveCfg = Debug|Any CPU
		{6B2C3E1B-C789-4CDC-BDFA-B9F9FE75CD0C}.Debug|Any CPU.Build.0 = Debug|Any CPU
		{6B2C3E1B-C789-4CDC-BDFA-B9F9FE75CD0C}.Debug|Mixed Platforms.ActiveCfg = Debug|Any CPU
		{6B2C3E1B-C789-4CDC-BDFA-B9F9FE75CD0C}.Debug|Mixed Platforms.Build.0 = Debug|Any CPU
		{6B2C3E1B-C789-4CDC-BDFA-B9F9FE75CD0C}.Debug|x86.ActiveCfg = Debug|Any CPU
		{6B2C3E1B-C789-4CDC-BDFA-B9F9FE75CD0C}.Release|Any CPU.ActiveCfg = Release|Any CPU
		{6B2C3E1B-C789-4CDC-BDFA-B9F9FE75CD0C}.Release|Any CPU.Build.0 = Release|Any CPU
		{6B2C3E1B-C789-4CDC-BDFA-B9F9FE75CD0C}.Release|Mixed Platforms.ActiveCfg = Release|Any CPU
		{6B2C3E1B-C789-4CDC-BDFA-B9F9FE75CD0C}.Release|Mixed Platforms.Build.0 = Release|Any CPU
		{6B2C3E1B-C789-4CDC-BDFA-B9F9FE75CD0C}.Release|x86.ActiveCfg = Release|Any CPU
		{FE9CC18D-5392-4F0B-9628-3D1FF90D986E}.Debug|Any CPU.ActiveCfg = Debug|Any CPU
		{FE9CC18D-5392-4F0B-9628-3D1FF90D986E}.Debug|Any CPU.Build.0 = Debug|Any CPU
		{FE9CC18D-5392-4F0B-9628-3D1FF90D986E}.Debug|Mixed Platforms.ActiveCfg = Debug|Any CPU
		{FE9CC18D-5392-4F0B-9628-3D1FF90D986E}.Debug|Mixed Platforms.Build.0 = Debug|Any CPU
		{FE9CC18D-5392-4F0B-9628-3D1FF90D986E}.Debug|x86.ActiveCfg = Debug|Any CPU
		{FE9CC18D-5392-4F0B-9628-3D1FF90D986E}.Release|Any CPU.ActiveCfg = Release|Any CPU
		{FE9CC18D-5392-4F0B-9628-3D1FF90D986E}.Release|Any CPU.Build.0 = Release|Any CPU
		{FE9CC18D-5392-4F0B-9628-3D1FF90D986E}.Release|Mixed Platforms.ActiveCfg = Release|Any CPU
		{FE9CC18D-5392-4F0B-9628-3D1FF90D986E}.Release|Mixed Platforms.Build.0 = Release|Any CPU
		{FE9CC18D-5392-4F0B-9628-3D1FF90D986E}.Release|x86.ActiveCfg = Release|Any CPU
		{D3957D74-17B3-4626-9BF1-D917AEB67D4F}.Debug|Any CPU.ActiveCfg = Debug|Any CPU
		{D3957D74-17B3-4626-9BF1-D917AEB67D4F}.Debug|Any CPU.Build.0 = Debug|Any CPU
		{D3957D74-17B3-4626-9BF1-D917AEB67D4F}.Debug|Mixed Platforms.ActiveCfg = Debug|Any CPU
		{D3957D74-17B3-4626-9BF1-D917AEB67D4F}.Debug|Mixed Platforms.Build.0 = Debug|Any CPU
		{D3957D74-17B3-4626-9BF1-D917AEB67D4F}.Debug|x86.ActiveCfg = Debug|Any CPU
		{D3957D74-17B3-4626-9BF1-D917AEB67D4F}.Release|Any CPU.ActiveCfg = Release|Any CPU
		{D3957D74-17B3-4626-9BF1-D917AEB67D4F}.Release|Any CPU.Build.0 = Release|Any CPU
		{D3957D74-17B3-4626-9BF1-D917AEB67D4F}.Release|Mixed Platforms.ActiveCfg = Release|Any CPU
		{D3957D74-17B3-4626-9BF1-D917AEB67D4F}.Release|Mixed Platforms.Build.0 = Release|Any CPU
		{D3957D74-17B3-4626-9BF1-D917AEB67D4F}.Release|x86.ActiveCfg = Release|Any CPU
		{CAF1B738-D6A9-482D-8B18-73BBDA1AECB3}.Debug|Any CPU.ActiveCfg = Debug|Any CPU
		{CAF1B738-D6A9-482D-8B18-73BBDA1AECB3}.Debug|Any CPU.Build.0 = Debug|Any CPU
		{CAF1B738-D6A9-482D-8B18-73BBDA1AECB3}.Debug|Mixed Platforms.ActiveCfg = Debug|Any CPU
		{CAF1B738-D6A9-482D-8B18-73BBDA1AECB3}.Debug|Mixed Platforms.Build.0 = Debug|Any CPU
		{CAF1B738-D6A9-482D-8B18-73BBDA1AECB3}.Debug|x86.ActiveCfg = Debug|x86
		{CAF1B738-D6A9-482D-8B18-73BBDA1AECB3}.Debug|x86.Build.0 = Debug|x86
		{CAF1B738-D6A9-482D-8B18-73BBDA1AECB3}.Release|Any CPU.ActiveCfg = Release|Any CPU
		{CAF1B738-D6A9-482D-8B18-73BBDA1AECB3}.Release|Any CPU.Build.0 = Release|Any CPU
		{CAF1B738-D6A9-482D-8B18-73BBDA1AECB3}.Release|Mixed Platforms.ActiveCfg = Release|Any CPU
		{CAF1B738-D6A9-482D-8B18-73BBDA1AECB3}.Release|Mixed Platforms.Build.0 = Release|Any CPU
		{CAF1B738-D6A9-482D-8B18-73BBDA1AECB3}.Release|x86.ActiveCfg = Release|x86
		{CAF1B738-D6A9-482D-8B18-73BBDA1AECB3}.Release|x86.Build.0 = Release|x86
		{C1BF516D-53BF-4F86-B1AC-A8BAB29B3840}.Debug|Any CPU.ActiveCfg = Debug|Any CPU
		{C1BF516D-53BF-4F86-B1AC-A8BAB29B3840}.Debug|Any CPU.Build.0 = Debug|Any CPU
		{C1BF516D-53BF-4F86-B1AC-A8BAB29B3840}.Debug|Mixed Platforms.ActiveCfg = Debug|Any CPU
		{C1BF516D-53BF-4F86-B1AC-A8BAB29B3840}.Debug|Mixed Platforms.Build.0 = Debug|Any CPU
		{C1BF516D-53BF-4F86-B1AC-A8BAB29B3840}.Debug|x86.ActiveCfg = Debug|x86
		{C1BF516D-53BF-4F86-B1AC-A8BAB29B3840}.Debug|x86.Build.0 = Debug|x86
		{C1BF516D-53BF-4F86-B1AC-A8BAB29B3840}.Release|Any CPU.ActiveCfg = Release|Any CPU
		{C1BF516D-53BF-4F86-B1AC-A8BAB29B3840}.Release|Any CPU.Build.0 = Release|Any CPU
		{C1BF516D-53BF-4F86-B1AC-A8BAB29B3840}.Release|Mixed Platforms.ActiveCfg = Release|Any CPU
		{C1BF516D-53BF-4F86-B1AC-A8BAB29B3840}.Release|Mixed Platforms.Build.0 = Release|Any CPU
		{C1BF516D-53BF-4F86-B1AC-A8BAB29B3840}.Release|x86.ActiveCfg = Release|x86
		{C1BF516D-53BF-4F86-B1AC-A8BAB29B3840}.Release|x86.Build.0 = Release|x86
		{63FC5CC8-829D-4E3C-8A5A-FFA9B67C13E3}.Debug|Any CPU.ActiveCfg = Debug|Any CPU
		{63FC5CC8-829D-4E3C-8A5A-FFA9B67C13E3}.Debug|Any CPU.Build.0 = Debug|Any CPU
		{63FC5CC8-829D-4E3C-8A5A-FFA9B67C13E3}.Debug|Mixed Platforms.ActiveCfg = Debug|Any CPU
		{63FC5CC8-829D-4E3C-8A5A-FFA9B67C13E3}.Debug|Mixed Platforms.Build.0 = Debug|Any CPU
		{63FC5CC8-829D-4E3C-8A5A-FFA9B67C13E3}.Debug|x86.ActiveCfg = Debug|Any CPU
		{63FC5CC8-829D-4E3C-8A5A-FFA9B67C13E3}.Release|Any CPU.ActiveCfg = Release|Any CPU
		{63FC5CC8-829D-4E3C-8A5A-FFA9B67C13E3}.Release|Any CPU.Build.0 = Release|Any CPU
		{63FC5CC8-829D-4E3C-8A5A-FFA9B67C13E3}.Release|Mixed Platforms.ActiveCfg = Release|Any CPU
		{63FC5CC8-829D-4E3C-8A5A-FFA9B67C13E3}.Release|Mixed Platforms.Build.0 = Release|Any CPU
		{63FC5CC8-829D-4E3C-8A5A-FFA9B67C13E3}.Release|x86.ActiveCfg = Release|Any CPU
		{BFD6721E-51E9-4983-B2C2-D84A31546E87}.Debug|Any CPU.ActiveCfg = Debug|Any CPU
		{BFD6721E-51E9-4983-B2C2-D84A31546E87}.Debug|Any CPU.Build.0 = Debug|Any CPU
		{BFD6721E-51E9-4983-B2C2-D84A31546E87}.Debug|Mixed Platforms.ActiveCfg = Debug|Any CPU
		{BFD6721E-51E9-4983-B2C2-D84A31546E87}.Debug|Mixed Platforms.Build.0 = Debug|Any CPU
		{BFD6721E-51E9-4983-B2C2-D84A31546E87}.Debug|x86.ActiveCfg = Debug|x86
		{BFD6721E-51E9-4983-B2C2-D84A31546E87}.Debug|x86.Build.0 = Debug|x86
		{BFD6721E-51E9-4983-B2C2-D84A31546E87}.Release|Any CPU.ActiveCfg = Release|Any CPU
		{BFD6721E-51E9-4983-B2C2-D84A31546E87}.Release|Any CPU.Build.0 = Release|Any CPU
		{BFD6721E-51E9-4983-B2C2-D84A31546E87}.Release|Mixed Platforms.ActiveCfg = Release|Any CPU
		{BFD6721E-51E9-4983-B2C2-D84A31546E87}.Release|Mixed Platforms.Build.0 = Release|Any CPU
		{BFD6721E-51E9-4983-B2C2-D84A31546E87}.Release|x86.ActiveCfg = Release|x86
		{BFD6721E-51E9-4983-B2C2-D84A31546E87}.Release|x86.Build.0 = Release|x86
		{3313A66D-22A0-4806-A565-AF98A6F56159}.Debug|Any CPU.ActiveCfg = Debug|x86
		{3313A66D-22A0-4806-A565-AF98A6F56159}.Debug|Mixed Platforms.ActiveCfg = Debug|Any CPU
		{3313A66D-22A0-4806-A565-AF98A6F56159}.Debug|Mixed Platforms.Build.0 = Debug|Any CPU
		{3313A66D-22A0-4806-A565-AF98A6F56159}.Debug|x86.ActiveCfg = Debug|x86
		{3313A66D-22A0-4806-A565-AF98A6F56159}.Debug|x86.Build.0 = Debug|x86
		{3313A66D-22A0-4806-A565-AF98A6F56159}.Release|Any CPU.ActiveCfg = Release|Any CPU
		{3313A66D-22A0-4806-A565-AF98A6F56159}.Release|Any CPU.Build.0 = Release|Any CPU
		{3313A66D-22A0-4806-A565-AF98A6F56159}.Release|Mixed Platforms.ActiveCfg = Release|Any CPU
		{3313A66D-22A0-4806-A565-AF98A6F56159}.Release|Mixed Platforms.Build.0 = Release|Any CPU
		{3313A66D-22A0-4806-A565-AF98A6F56159}.Release|x86.ActiveCfg = Release|x86
		{3313A66D-22A0-4806-A565-AF98A6F56159}.Release|x86.Build.0 = Release|x86
		{DCBA8945-4234-4398-860F-1D4A16C8A2CC}.Debug|Any CPU.ActiveCfg = Debug|Any CPU
		{DCBA8945-4234-4398-860F-1D4A16C8A2CC}.Debug|Any CPU.Build.0 = Debug|Any CPU
		{DCBA8945-4234-4398-860F-1D4A16C8A2CC}.Debug|Mixed Platforms.ActiveCfg = Debug|Any CPU
		{DCBA8945-4234-4398-860F-1D4A16C8A2CC}.Debug|Mixed Platforms.Build.0 = Debug|Any CPU
		{DCBA8945-4234-4398-860F-1D4A16C8A2CC}.Debug|x86.ActiveCfg = Debug|x86
		{DCBA8945-4234-4398-860F-1D4A16C8A2CC}.Debug|x86.Build.0 = Debug|x86
		{DCBA8945-4234-4398-860F-1D4A16C8A2CC}.Release|Any CPU.ActiveCfg = Release|Any CPU
		{DCBA8945-4234-4398-860F-1D4A16C8A2CC}.Release|Any CPU.Build.0 = Release|Any CPU
		{DCBA8945-4234-4398-860F-1D4A16C8A2CC}.Release|Mixed Platforms.ActiveCfg = Release|Any CPU
		{DCBA8945-4234-4398-860F-1D4A16C8A2CC}.Release|Mixed Platforms.Build.0 = Release|Any CPU
		{DCBA8945-4234-4398-860F-1D4A16C8A2CC}.Release|x86.ActiveCfg = Release|x86
		{DCBA8945-4234-4398-860F-1D4A16C8A2CC}.Release|x86.Build.0 = Release|x86
	EndGlobalSection
	GlobalSection(SolutionProperties) = preSolution
		HideSolutionNode = FALSE
	EndGlobalSection
EndGlobal
