Microsoft Visual Studio Solution File, Format Version 11.00
# Visual Studio 2010
Project("{FAE04EC0-301F-11D3-BF4B-00C04F79EFBC}") = "ListCaches.2x", "ListCaches\ListCaches.2x.csproj", "{5D753ABA-4B74-4473-9149-6DA9E869C542}"
EndProject
Project("{FAE04EC0-301F-11D3-BF4B-00C04F79EFBC}") = "StartCache.2x", "StartCache\StartCache.2x.csproj", "{8F90193E-9A84-42EF-9DF6-B71132517235}"
EndProject
Project("{FAE04EC0-301F-11D3-BF4B-00C04F79EFBC}") = "StopCache.2x", "StopCache\StopCache.2x.csproj", "{7050480A-4A27-4F13-B685-AB67EC527A7E}"
EndProject
Project("{FAE04EC0-301F-11D3-BF4B-00C04F79EFBC}") = "AddTestData.2x", "AddTestData\AddTestData.2x.csproj", "{BC3A32C9-FFFE-4964-BDB4-6892461EEE77}"
EndProject
Project("{FAE04EC0-301F-11D3-BF4B-00C04F79EFBC}") = "ClearCache.2x", "ClearCache\ClearCache.2x.csproj", "{A20874A0-CD92-4F5B-B0CE-A79F9F8BEBC2}"
EndProject
Project("{FAE04EC0-301F-11D3-BF4B-00C04F79EFBC}") = "GetCacheCount.2x", "GetCacheCount\GetCacheCount.2x.csproj", "{32F18F99-5B3F-484E-B87E-B9C0F4FD3552}"
EndProject
Project("{FAE04EC0-301F-11D3-BF4B-00C04F79EFBC}") = "AddNode.2x", "AddNode\AddNode.2x.csproj", "{1F569DB6-C11E-4F52-9428-D6B7FF8E987A}"
EndProject
Project("{FAE04EC0-301F-11D3-BF4B-00C04F79EFBC}") = "RemoveNode.2x", "RemoveNode\RemoveNode.2x.csproj", "{988F73A2-6C21-45D2-AB92-8D43165C46F5}"
EndProject
Project("{FAE04EC0-301F-11D3-BF4B-00C04F79EFBC}") = "DumpCache.2x", "DumpCache\DumpCache.2x.csproj", "{8BC636E0-CA15-45FB-B738-471B9FC2F107}"
EndProject
Project("{FAE04EC0-301F-11D3-BF4B-00C04F79EFBC}") = "StressTestTool.2x", "StressTestTool\StressTestTool.2x.csproj", "{6B2C3E1B-C789-4CDC-BDFA-B9F9FE75CD0C}"
EndProject
Project("{FAE04EC0-301F-11D3-BF4B-00C04F79EFBC}") = "AddClientNode.2x", "AddClientNode\AddClientNode.2x.csproj", "{FE9CC18D-5392-4F0B-9628-3D1FF90D986E}"
EndProject
Project("{FAE04EC0-301F-11D3-BF4B-00C04F79EFBC}") = "RemoveClientNode.2x", "RemoveClientNode\RemoveClientNode.2x.csproj", "{D3957D74-17B3-4626-9BF1-D917AEB67D4F}"
EndProject
Project("{FAE04EC0-301F-11D3-BF4B-00C04F79EFBC}") = "RemoveCache.2x", "RemoveCache\RemoveCache.2x.csproj", "{63FC5CC8-829D-4E3C-8A5A-FFA9B67C13E3}"
EndProject
Project("{FAE04EC0-301F-11D3-BF4B-00C04F79EFBC}") = "ToolServerOperations.2x", "ToolServerOperations\ToolServerOperations.2x.csproj", "{4DE41197-31AD-403F-8A9C-66572954F3D6}"
EndProject
Project("{FAE04EC0-301F-11D3-BF4B-00C04F79EFBC}") = "ConfigureCache.2x", "ConfigureCache\ConfigureCache.2x.csproj", "{17E05F4A-B821-4D78-BB3C-69ABA65AA762}"
EndProject
Project("{FAE04EC0-301F-11D3-BF4B-00C04F79EFBC}") = "VerifyLicense.2x", "VerifyNCacheLicence\VerifyLicense.2x.csproj", "{3313A66D-22A0-4806-A565-AF98A6F56159}"
EndProject
Project("{FAE04EC0-301F-11D3-BF4B-00C04F79EFBC}") = "AddQueryIndex.2x", "AddQueryIndex\AddQueryIndex.2x.csproj", "{06048134-0764-43BA-9195-EB333726A634}"
EndProject
Project("{FAE04EC0-301F-11D3-BF4B-00C04F79EFBC}") = "GetCacheConfiguration.2x", "GetCacheConfiguration\GetCacheConfiguration.2x.csproj", "{BAA85DED-2699-4422-833B-43F80D33DD8F}"
EndProject
Project("{FAE04EC0-301F-11D3-BF4B-00C04F79EFBC}") = "RemoveQueryIndex.2x", "RemoveQueryIndex\RemoveQueryIndex.2x.csproj", "{27476639-06AF-4994-9037-4DD36BA02E7E}"
EndProject
Global
	GlobalSection(SolutionConfigurationPlatforms) = preSolution
		Debug|Any CPU = Debug|Any CPU
		Debug|x86 = Debug|x86
		Release|Any CPU = Release|Any CPU
		Release|x86 = Release|x86
	EndGlobalSection
	GlobalSection(ProjectConfigurationPlatforms) = postSolution
		{5D753ABA-4B74-4473-9149-6DA9E869C542}.Debug|Any CPU.ActiveCfg = Debug|Any CPU
		{5D753ABA-4B74-4473-9149-6DA9E869C542}.Debug|Any CPU.Build.0 = Debug|Any CPU
		{5D753ABA-4B74-4473-9149-6DA9E869C542}.Debug|x86.ActiveCfg = Debug|Any CPU
		{5D753ABA-4B74-4473-9149-6DA9E869C542}.Release|Any CPU.ActiveCfg = Release|Any CPU
		{5D753ABA-4B74-4473-9149-6DA9E869C542}.Release|Any CPU.Build.0 = Release|Any CPU
		{5D753ABA-4B74-4473-9149-6DA9E869C542}.Release|x86.ActiveCfg = Release|Any CPU
		{8F90193E-9A84-42EF-9DF6-B71132517235}.Debug|Any CPU.ActiveCfg = Debug|Any CPU
		{8F90193E-9A84-42EF-9DF6-B71132517235}.Debug|Any CPU.Build.0 = Debug|Any CPU
		{8F90193E-9A84-42EF-9DF6-B71132517235}.Debug|x86.ActiveCfg = Debug|Any CPU
		{8F90193E-9A84-42EF-9DF6-B71132517235}.Release|Any CPU.ActiveCfg = Release|Any CPU
		{8F90193E-9A84-42EF-9DF6-B71132517235}.Release|Any CPU.Build.0 = Release|Any CPU
		{8F90193E-9A84-42EF-9DF6-B71132517235}.Release|x86.ActiveCfg = Release|Any CPU
		{7050480A-4A27-4F13-B685-AB67EC527A7E}.Debug|Any CPU.ActiveCfg = Debug|Any CPU
		{7050480A-4A27-4F13-B685-AB67EC527A7E}.Debug|Any CPU.Build.0 = Debug|Any CPU
		{7050480A-4A27-4F13-B685-AB67EC527A7E}.Debug|x86.ActiveCfg = Debug|Any CPU
		{7050480A-4A27-4F13-B685-AB67EC527A7E}.Release|Any CPU.ActiveCfg = Release|Any CPU
		{7050480A-4A27-4F13-B685-AB67EC527A7E}.Release|Any CPU.Build.0 = Release|Any CPU
		{7050480A-4A27-4F13-B685-AB67EC527A7E}.Release|x86.ActiveCfg = Release|Any CPU
		{BC3A32C9-FFFE-4964-BDB4-6892461EEE77}.Debug|Any CPU.ActiveCfg = Debug|Any CPU
		{BC3A32C9-FFFE-4964-BDB4-6892461EEE77}.Debug|Any CPU.Build.0 = Debug|Any CPU
		{BC3A32C9-FFFE-4964-BDB4-6892461EEE77}.Debug|x86.ActiveCfg = Debug|Any CPU
		{BC3A32C9-FFFE-4964-BDB4-6892461EEE77}.Release|Any CPU.ActiveCfg = Release|Any CPU
		{BC3A32C9-FFFE-4964-BDB4-6892461EEE77}.Release|Any CPU.Build.0 = Release|Any CPU
		{BC3A32C9-FFFE-4964-BDB4-6892461EEE77}.Release|x86.ActiveCfg = Release|Any CPU
		{A20874A0-CD92-4F5B-B0CE-A79F9F8BEBC2}.Debug|Any CPU.ActiveCfg = Debug|Any CPU
		{A20874A0-CD92-4F5B-B0CE-A79F9F8BEBC2}.Debug|Any CPU.Build.0 = Debug|Any CPU
		{A20874A0-CD92-4F5B-B0CE-A79F9F8BEBC2}.Debug|x86.ActiveCfg = Debug|Any CPU
		{A20874A0-CD92-4F5B-B0CE-A79F9F8BEBC2}.Release|Any CPU.ActiveCfg = Release|Any CPU
		{A20874A0-CD92-4F5B-B0CE-A79F9F8BEBC2}.Release|Any CPU.Build.0 = Release|Any CPU
		{A20874A0-CD92-4F5B-B0CE-A79F9F8BEBC2}.Release|x86.ActiveCfg = Release|Any CPU
		{32F18F99-5B3F-484E-B87E-B9C0F4FD3552}.Debug|Any CPU.ActiveCfg = Debug|Any CPU
		{32F18F99-5B3F-484E-B87E-B9C0F4FD3552}.Debug|Any CPU.Build.0 = Debug|Any CPU
		{32F18F99-5B3F-484E-B87E-B9C0F4FD3552}.Debug|x86.ActiveCfg = Debug|Any CPU
		{32F18F99-5B3F-484E-B87E-B9C0F4FD3552}.Release|Any CPU.ActiveCfg = Release|Any CPU
		{32F18F99-5B3F-484E-B87E-B9C0F4FD3552}.Release|Any CPU.Build.0 = Release|Any CPU
		{32F18F99-5B3F-484E-B87E-B9C0F4FD3552}.Release|x86.ActiveCfg = Release|Any CPU
		{1F569DB6-C11E-4F52-9428-D6B7FF8E987A}.Debug|Any CPU.ActiveCfg = Debug|Any CPU
		{1F569DB6-C11E-4F52-9428-D6B7FF8E987A}.Debug|Any CPU.Build.0 = Debug|Any CPU
		{1F569DB6-C11E-4F52-9428-D6B7FF8E987A}.Debug|x86.ActiveCfg = Debug|Any CPU
		{1F569DB6-C11E-4F52-9428-D6B7FF8E987A}.Release|Any CPU.ActiveCfg = Release|Any CPU
		{1F569DB6-C11E-4F52-9428-D6B7FF8E987A}.Release|Any CPU.Build.0 = Release|Any CPU
		{1F569DB6-C11E-4F52-9428-D6B7FF8E987A}.Release|x86.ActiveCfg = Release|Any CPU
		{988F73A2-6C21-45D2-AB92-8D43165C46F5}.Debug|Any CPU.ActiveCfg = Debug|Any CPU
		{988F73A2-6C21-45D2-AB92-8D43165C46F5}.Debug|Any CPU.Build.0 = Debug|Any CPU
		{988F73A2-6C21-45D2-AB92-8D43165C46F5}.Debug|x86.ActiveCfg = Debug|Any CPU
		{988F73A2-6C21-45D2-AB92-8D43165C46F5}.Release|Any CPU.ActiveCfg = Release|Any CPU
		{988F73A2-6C21-45D2-AB92-8D43165C46F5}.Release|Any CPU.Build.0 = Release|Any CPU
		{988F73A2-6C21-45D2-AB92-8D43165C46F5}.Release|x86.ActiveCfg = Release|Any CPU
		{8BC636E0-CA15-45FB-B738-471B9FC2F107}.Debug|Any CPU.ActiveCfg = Debug|Any CPU
		{8BC636E0-CA15-45FB-B738-471B9FC2F107}.Debug|Any CPU.Build.0 = Debug|Any CPU
		{8BC636E0-CA15-45FB-B738-471B9FC2F107}.Debug|x86.ActiveCfg = Debug|Any CPU
		{8BC636E0-CA15-45FB-B738-471B9FC2F107}.Release|Any CPU.ActiveCfg = Release|Any CPU
		{8BC636E0-CA15-45FB-B738-471B9FC2F107}.Release|Any CPU.Build.0 = Release|Any CPU
		{8BC636E0-CA15-45FB-B738-471B9FC2F107}.Release|x86.ActiveCfg = Release|Any CPU
		{6B2C3E1B-C789-4CDC-BDFA-B9F9FE75CD0C}.Debug|Any CPU.ActiveCfg = Debug|Any CPU
		{6B2C3E1B-C789-4CDC-BDFA-B9F9FE75CD0C}.Debug|Any CPU.Build.0 = Debug|Any CPU
		{6B2C3E1B-C789-4CDC-BDFA-B9F9FE75CD0C}.Debug|x86.ActiveCfg = Debug|Any CPU
		{6B2C3E1B-C789-4CDC-BDFA-B9F9FE75CD0C}.Release|Any CPU.ActiveCfg = Release|Any CPU
		{6B2C3E1B-C789-4CDC-BDFA-B9F9FE75CD0C}.Release|Any CPU.Build.0 = Release|Any CPU
		{6B2C3E1B-C789-4CDC-BDFA-B9F9FE75CD0C}.Release|x86.ActiveCfg = Release|Any CPU
		{FE9CC18D-5392-4F0B-9628-3D1FF90D986E}.Debug|Any CPU.ActiveCfg = Debug|Any CPU
		{FE9CC18D-5392-4F0B-9628-3D1FF90D986E}.Debug|Any CPU.Build.0 = Debug|Any CPU
		{FE9CC18D-5392-4F0B-9628-3D1FF90D986E}.Debug|x86.ActiveCfg = Debug|Any CPU
		{FE9CC18D-5392-4F0B-9628-3D1FF90D986E}.Release|Any CPU.ActiveCfg = Release|Any CPU
		{FE9CC18D-5392-4F0B-9628-3D1FF90D986E}.Release|Any CPU.Build.0 = Release|Any CPU
		{FE9CC18D-5392-4F0B-9628-3D1FF90D986E}.Release|x86.ActiveCfg = Release|Any CPU
		{D3957D74-17B3-4626-9BF1-D917AEB67D4F}.Debug|Any CPU.ActiveCfg = Debug|Any CPU
		{D3957D74-17B3-4626-9BF1-D917AEB67D4F}.Debug|Any CPU.Build.0 = Debug|Any CPU
		{D3957D74-17B3-4626-9BF1-D917AEB67D4F}.Debug|x86.ActiveCfg = Debug|Any CPU
		{D3957D74-17B3-4626-9BF1-D917AEB67D4F}.Release|Any CPU.ActiveCfg = Release|Any CPU
		{D3957D74-17B3-4626-9BF1-D917AEB67D4F}.Release|Any CPU.Build.0 = Release|Any CPU
		{D3957D74-17B3-4626-9BF1-D917AEB67D4F}.Release|x86.ActiveCfg = Release|Any CPU
		{63FC5CC8-829D-4E3C-8A5A-FFA9B67C13E3}.Debug|Any CPU.ActiveCfg = Debug|Any CPU
		{63FC5CC8-829D-4E3C-8A5A-FFA9B67C13E3}.Debug|Any CPU.Build.0 = Debug|Any CPU
		{63FC5CC8-829D-4E3C-8A5A-FFA9B67C13E3}.Debug|x86.ActiveCfg = Debug|Any CPU
		{63FC5CC8-829D-4E3C-8A5A-FFA9B67C13E3}.Release|Any CPU.ActiveCfg = Release|Any CPU
		{63FC5CC8-829D-4E3C-8A5A-FFA9B67C13E3}.Release|Any CPU.Build.0 = Release|Any CPU
		{63FC5CC8-829D-4E3C-8A5A-FFA9B67C13E3}.Release|x86.ActiveCfg = Release|Any CPU
		{4DE41197-31AD-403F-8A9C-66572954F3D6}.Debug|Any CPU.ActiveCfg = Debug|Any CPU
		{4DE41197-31AD-403F-8A9C-66572954F3D6}.Debug|Any CPU.Build.0 = Debug|Any CPU
		{4DE41197-31AD-403F-8A9C-66572954F3D6}.Debug|x86.ActiveCfg = Debug|Any CPU
		{4DE41197-31AD-403F-8A9C-66572954F3D6}.Release|Any CPU.ActiveCfg = Release|Any CPU
		{4DE41197-31AD-403F-8A9C-66572954F3D6}.Release|Any CPU.Build.0 = Release|Any CPU
		{4DE41197-31AD-403F-8A9C-66572954F3D6}.Release|x86.ActiveCfg = Release|Any CPU
		{17E05F4A-B821-4D78-BB3C-69ABA65AA762}.Debug|Any CPU.ActiveCfg = Debug|Any CPU
		{17E05F4A-B821-4D78-BB3C-69ABA65AA762}.Debug|Any CPU.Build.0 = Debug|Any CPU
		{17E05F4A-B821-4D78-BB3C-69ABA65AA762}.Debug|x86.ActiveCfg = Debug|Any CPU
		{17E05F4A-B821-4D78-BB3C-69ABA65AA762}.Release|Any CPU.ActiveCfg = Release|Any CPU
		{17E05F4A-B821-4D78-BB3C-69ABA65AA762}.Release|Any CPU.Build.0 = Release|Any CPU
		{17E05F4A-B821-4D78-BB3C-69ABA65AA762}.Release|x86.ActiveCfg = Release|Any CPU
		{3313A66D-22A0-4806-A565-AF98A6F56159}.Debug|Any CPU.ActiveCfg = Debug|Any CPU
		{3313A66D-22A0-4806-A565-AF98A6F56159}.Debug|Any CPU.Build.0 = Debug|Any CPU
		{3313A66D-22A0-4806-A565-AF98A6F56159}.Debug|x86.ActiveCfg = Debug|x86
		{3313A66D-22A0-4806-A565-AF98A6F56159}.Debug|x86.Build.0 = Debug|x86
		{3313A66D-22A0-4806-A565-AF98A6F56159}.Release|Any CPU.ActiveCfg = Release|Any CPU
		{3313A66D-22A0-4806-A565-AF98A6F56159}.Release|Any CPU.Build.0 = Release|Any CPU
		{3313A66D-22A0-4806-A565-AF98A6F56159}.Release|x86.ActiveCfg = Release|x86
		{3313A66D-22A0-4806-A565-AF98A6F56159}.Release|x86.Build.0 = Release|x86
		{06048134-0764-43BA-9195-EB333726A634}.Debug|Any CPU.ActiveCfg = Debug|Any CPU
		{06048134-0764-43BA-9195-EB333726A634}.Debug|x86.ActiveCfg = Debug|Any CPU
		{06048134-0764-43BA-9195-EB333726A634}.Release|Any CPU.ActiveCfg = Release|Any CPU
		{06048134-0764-43BA-9195-EB333726A634}.Release|Any CPU.Build.0 = Release|Any CPU
		{06048134-0764-43BA-9195-EB333726A634}.Release|x86.ActiveCfg = Release|Any CPU
		{BAA85DED-2699-4422-833B-43F80D33DD8F}.Debug|Any CPU.ActiveCfg = Debug|Any CPU
		{BAA85DED-2699-4422-833B-43F80D33DD8F}.Debug|x86.ActiveCfg = Debug|Any CPU
		{BAA85DED-2699-4422-833B-43F80D33DD8F}.Release|Any CPU.ActiveCfg = Release|Any CPU
		{BAA85DED-2699-4422-833B-43F80D33DD8F}.Release|Any CPU.Build.0 = Release|Any CPU
		{BAA85DED-2699-4422-833B-43F80D33DD8F}.Release|x86.ActiveCfg = Release|Any CPU
		{27476639-06AF-4994-9037-4DD36BA02E7E}.Debug|Any CPU.ActiveCfg = Debug|Any CPU
		{27476639-06AF-4994-9037-4DD36BA02E7E}.Debug|x86.ActiveCfg = Debug|Any CPU
		{27476639-06AF-4994-9037-4DD36BA02E7E}.Release|Any CPU.ActiveCfg = Release|Any CPU
		{27476639-06AF-4994-9037-4DD36BA02E7E}.Release|Any CPU.Build.0 = Release|Any CPU
		{27476639-06AF-4994-9037-4DD36BA02E7E}.Release|x86.ActiveCfg = Release|Any CPU
	EndGlobalSection
	GlobalSection(SolutionProperties) = preSolution
		HideSolutionNode = FALSE
	EndGlobalSection
EndGlobal
