
Microsoft Visual Studio Solution File, Format Version 11.00
# Visual Studio 2010
Project("{FAE04EC0-301F-11D3-BF4B-00C04F79EFBC}") = "Enyim.Caching", "Enyim.Caching.csproj", "{064751A3-DF60-4466-A97B-AD05542AD95D}"
EndProject
Global
	GlobalSection(SolutionConfigurationPlatforms) = preSolution
		Debug|Any CPU = Debug|Any CPU
		Release|Any CPU = Release|Any CPU
	EndGlobalSection
	GlobalSection(ProjectConfigurationPlatforms) = postSolution
		{064751A3-DF60-4466-A97B-AD05542AD95D}.Debug|Any CPU.ActiveCfg = Debug|Any CPU
		{064751A3-DF60-4466-A97B-AD05542AD95D}.Debug|Any CPU.Build.0 = Debug|Any CPU
		{064751A3-DF60-4466-A97B-AD05542AD95D}.Release|Any CPU.ActiveCfg = Release|Any CPU
		{064751A3-DF60-4466-A97B-AD05542AD95D}.Release|Any CPU.Build.0 = Release|Any CPU
	EndGlobalSection
	GlobalSection(SolutionProperties) = preSolution
		HideSolutionNode = FALSE
	EndGlobalSection
EndGlobal
