Microsoft Visual Studio Solution File, Format Version 12.00
# Visual Studio 14
VisualStudioVersion = 14.0.25420.1
MinimumVisualStudioVersion = 10.0.40219.1
Project("{FAE04EC0-301F-11D3-BF4B-00C04F79EFBC}") = "NCCluster", "NCCluster\NCCluster.csproj", "{05B496F4-4822-4AD1-BA75-C0D6BCD3428D}"
EndProject
Project("{FAE04EC0-301F-11D3-BF4B-00C04F79EFBC}") = "NCCache", "NCCache\NCCache.csproj", "{BF3BCF64-ADEB-455B-AD8A-39EE84EE300D}"
EndProject
Project("{FAE04EC0-301F-11D3-BF4B-00C04F79EFBC}") = "NCWebCache", "NCWebCache\NCWebCache.csproj", "{4F8D7B6F-F031-4B7B-9871-63E6EE2ACC47}"
EndProject
Project("{FAE04EC0-301F-11D3-BF4B-00C04F79EFBC}") = "NCManagement", "NCManagement\NCManagement.csproj", "{6E6E852E-1A3F-4E6B-999B-06EA6D4EAB49}"
EndProject
Project("{FAE04EC0-301F-11D3-BF4B-00C04F79EFBC}") = "NCService", "NCService\NCService.csproj", "{C0ADAF17-9293-4826-ADD7-88B734FB423F}"
EndProject
Project("{FAE04EC0-301F-11D3-BF4B-00C04F79EFBC}") = "NCSessionState", "NCSessionState\NCSessionState.csproj", "{4C485ACE-0B6A-43A0-9106-C7B509E0F57C}"
EndProject
Project("{FAE04EC0-301F-11D3-BF4B-00C04F79EFBC}") = "NCCommon", "NCCommon\NCCommon.csproj", "{EC5A66B8-2272-4337-A4E2-248BDBD968B3}"
EndProject
Project("{FAE04EC0-301F-11D3-BF4B-00C04F79EFBC}") = "NCStorage", "NCStorage\NCStorage.csproj", "{803A83DD-5C47-466D-B32B-9136AC1D8454}"
EndProject
Project("{FAE04EC0-301F-11D3-BF4B-00C04F79EFBC}") = "NCSerialization", "NCSerialization\NCSerialization.csproj", "{F428CFDD-F259-404C-BE95-2D35B17751A1}"
EndProject
Project("{FAE04EC0-301F-11D3-BF4B-00C04F79EFBC}") = "NCSessionStoreProvider", "NCSessionStoreProvider\NCSessionStoreProvider.csproj", "{7DE6479D-555A-4A93-B994-06E95C4F53A1}"
EndProject
Project("{FAE04EC0-301F-11D3-BF4B-00C04F79EFBC}") = "NCParser", "NCParser\NCParser.csproj", "{C12C28E3-449D-4ED9-800F-91C18C0A3598}"
EndProject
Project("{FAE04EC0-301F-11D3-BF4B-00C04F79EFBC}") = "NCRuntime", "NCRuntime\NCRuntime.csproj", "{E60E545B-1A03-45D1-BB06-4FBB4BE71FAD}"
EndProject
Project("{FAE04EC0-301F-11D3-BF4B-00C04F79EFBC}") = "NCSocketServer", "NCSocketServer\NCSocketServer.csproj", "{EAB8378D-35B0-4BE2-8845-2CA3B002B234}"
EndProject
Project("{FAE04EC0-301F-11D3-BF4B-00C04F79EFBC}") = "NCSessionStateManagement", "NCSessionStateManagement\NCSessionStateManagement.csproj", "{B90DBCCC-9E18-4DE3-A202-7026046D38F8}"
EndProject

Project("{FAE04EC0-301F-11D3-BF4B-00C04F79EFBC}") = "RuntimeDependencies", "NCDependencies\RuntimeDependencies.csproj", "{77C2A96A-254F-4A4E-95C9-AA09A0F9F91E}"
EndProject
Project("{FAE04EC0-301F-11D3-BF4B-00C04F79EFBC}") = "NCCacheSeparateHost", "NCCacheSeparateHost\NCCacheSeparateHost.csproj", "{99BED4BF-F5A3-44D5-9E04-F0A6960877D3}"
EndProject
Project("{8BC9CEB8-8B4A-11D0-8D11-00A0C91BC942}") = "NCRegistry.2x", "NCRegistry\NCRegistry.2x.vcxproj", "{76AFD3ED-7EAE-4836-AAB4-5D705CA346E1}"
EndProject
Global
	GlobalSection(SolutionConfigurationPlatforms) = preSolution
		Debug|Any CPU = Debug|Any CPU
		Debug|Win32 = Debug|Win32
		Debug|x64 = Debug|x64
		Release|Any CPU = Release|Any CPU
		Release|Win32 = Release|Win32
		Release|x64 = Release|x64
	EndGlobalSection
	GlobalSection(ProjectConfigurationPlatforms) = postSolution
		{05B496F4-4822-4AD1-BA75-C0D6BCD3428D}.Debug|Any CPU.ActiveCfg = Debug|Any CPU
		{05B496F4-4822-4AD1-BA75-C0D6BCD3428D}.Debug|Any CPU.Build.0 = Debug|Any CPU
		{05B496F4-4822-4AD1-BA75-C0D6BCD3428D}.Debug|Win32.ActiveCfg = Debug|Any CPU
		{05B496F4-4822-4AD1-BA75-C0D6BCD3428D}.Debug|Win32.Build.0 = Debug|Any CPU
		{05B496F4-4822-4AD1-BA75-C0D6BCD3428D}.Debug|x64.ActiveCfg = Debug|Any CPU
		{05B496F4-4822-4AD1-BA75-C0D6BCD3428D}.Release|Any CPU.ActiveCfg = Release|Any CPU
		{05B496F4-4822-4AD1-BA75-C0D6BCD3428D}.Release|Any CPU.Build.0 = Release|Any CPU
		{05B496F4-4822-4AD1-BA75-C0D6BCD3428D}.Release|Win32.ActiveCfg = Release|Any CPU
		{05B496F4-4822-4AD1-BA75-C0D6BCD3428D}.Release|x64.ActiveCfg = Release|Any CPU
		{BF3BCF64-ADEB-455B-AD8A-39EE84EE300D}.Debug|Any CPU.ActiveCfg = Debug|Any CPU
		{BF3BCF64-ADEB-455B-AD8A-39EE84EE300D}.Debug|Any CPU.Build.0 = Debug|Any CPU
		{BF3BCF64-ADEB-455B-AD8A-39EE84EE300D}.Debug|Win32.ActiveCfg = Debug|Any CPU
		{BF3BCF64-ADEB-455B-AD8A-39EE84EE300D}.Debug|Win32.Build.0 = Debug|Any CPU
		{BF3BCF64-ADEB-455B-AD8A-39EE84EE300D}.Debug|x64.ActiveCfg = Debug|Any CPU
		{BF3BCF64-ADEB-455B-AD8A-39EE84EE300D}.Release|Any CPU.ActiveCfg = Release|Any CPU
		{BF3BCF64-ADEB-455B-AD8A-39EE84EE300D}.Release|Any CPU.Build.0 = Release|Any CPU
		{BF3BCF64-ADEB-455B-AD8A-39EE84EE300D}.Release|Win32.ActiveCfg = Release|Any CPU
		{BF3BCF64-ADEB-455B-AD8A-39EE84EE300D}.Release|x64.ActiveCfg = Release|Any CPU
		{4F8D7B6F-F031-4B7B-9871-63E6EE2ACC47}.Debug|Any CPU.ActiveCfg = Debug|Any CPU
		{4F8D7B6F-F031-4B7B-9871-63E6EE2ACC47}.Debug|Any CPU.Build.0 = Debug|Any CPU
		{4F8D7B6F-F031-4B7B-9871-63E6EE2ACC47}.Debug|Win32.ActiveCfg = Debug|Any CPU
		{4F8D7B6F-F031-4B7B-9871-63E6EE2ACC47}.Debug|Win32.Build.0 = Debug|Any CPU
		{4F8D7B6F-F031-4B7B-9871-63E6EE2ACC47}.Debug|x64.ActiveCfg = Debug|Any CPU
		{4F8D7B6F-F031-4B7B-9871-63E6EE2ACC47}.Release|Any CPU.ActiveCfg = Release|Any CPU
		{4F8D7B6F-F031-4B7B-9871-63E6EE2ACC47}.Release|Any CPU.Build.0 = Release|Any CPU
		{4F8D7B6F-F031-4B7B-9871-63E6EE2ACC47}.Release|Win32.ActiveCfg = Release|Any CPU
		{4F8D7B6F-F031-4B7B-9871-63E6EE2ACC47}.Release|x64.ActiveCfg = Release|Any CPU
		{6E6E852E-1A3F-4E6B-999B-06EA6D4EAB49}.Debug|Any CPU.ActiveCfg = Debug|Any CPU
		{6E6E852E-1A3F-4E6B-999B-06EA6D4EAB49}.Debug|Any CPU.Build.0 = Debug|Any CPU
		{6E6E852E-1A3F-4E6B-999B-06EA6D4EAB49}.Debug|Win32.ActiveCfg = Debug|Any CPU
		{6E6E852E-1A3F-4E6B-999B-06EA6D4EAB49}.Debug|Win32.Build.0 = Debug|Any CPU
		{6E6E852E-1A3F-4E6B-999B-06EA6D4EAB49}.Debug|x64.ActiveCfg = Debug|Any CPU
		{6E6E852E-1A3F-4E6B-999B-06EA6D4EAB49}.Release|Any CPU.ActiveCfg = Release|Any CPU
		{6E6E852E-1A3F-4E6B-999B-06EA6D4EAB49}.Release|Any CPU.Build.0 = Release|Any CPU
		{6E6E852E-1A3F-4E6B-999B-06EA6D4EAB49}.Release|Win32.ActiveCfg = Release|Any CPU
		{6E6E852E-1A3F-4E6B-999B-06EA6D4EAB49}.Release|x64.ActiveCfg = Release|Any CPU
		{C0ADAF17-9293-4826-ADD7-88B734FB423F}.Debug|Any CPU.ActiveCfg = Debug|Any CPU
		{C0ADAF17-9293-4826-ADD7-88B734FB423F}.Debug|Any CPU.Build.0 = Debug|Any CPU
		{C0ADAF17-9293-4826-ADD7-88B734FB423F}.Debug|Win32.ActiveCfg = Debug|Any CPU
		{C0ADAF17-9293-4826-ADD7-88B734FB423F}.Debug|Win32.Build.0 = Debug|Any CPU
		{C0ADAF17-9293-4826-ADD7-88B734FB423F}.Debug|x64.ActiveCfg = Debug|Any CPU
		{C0ADAF17-9293-4826-ADD7-88B734FB423F}.Release|Any CPU.ActiveCfg = Release|Any CPU
		{C0ADAF17-9293-4826-ADD7-88B734FB423F}.Release|Any CPU.Build.0 = Release|Any CPU
		{C0ADAF17-9293-4826-ADD7-88B734FB423F}.Release|Win32.ActiveCfg = Release|Any CPU
		{C0ADAF17-9293-4826-ADD7-88B734FB423F}.Release|x64.ActiveCfg = Release|Any CPU
		{4C485ACE-0B6A-43A0-9106-C7B509E0F57C}.Debug|Any CPU.ActiveCfg = Debug|Any CPU
		{4C485ACE-0B6A-43A0-9106-C7B509E0F57C}.Debug|Any CPU.Build.0 = Debug|Any CPU
		{4C485ACE-0B6A-43A0-9106-C7B509E0F57C}.Debug|Win32.ActiveCfg = Debug|Any CPU
		{4C485ACE-0B6A-43A0-9106-C7B509E0F57C}.Debug|Win32.Build.0 = Debug|Any CPU
		{4C485ACE-0B6A-43A0-9106-C7B509E0F57C}.Debug|x64.ActiveCfg = Debug|Any CPU
		{4C485ACE-0B6A-43A0-9106-C7B509E0F57C}.Release|Any CPU.ActiveCfg = Release|Any CPU
		{4C485ACE-0B6A-43A0-9106-C7B509E0F57C}.Release|Any CPU.Build.0 = Release|Any CPU
		{4C485ACE-0B6A-43A0-9106-C7B509E0F57C}.Release|Win32.ActiveCfg = Release|Any CPU
		{4C485ACE-0B6A-43A0-9106-C7B509E0F57C}.Release|x64.ActiveCfg = Release|Any CPU
		{EC5A66B8-2272-4337-A4E2-248BDBD968B3}.Debug|Any CPU.ActiveCfg = Debug|Any CPU
		{EC5A66B8-2272-4337-A4E2-248BDBD968B3}.Debug|Any CPU.Build.0 = Debug|Any CPU
		{EC5A66B8-2272-4337-A4E2-248BDBD968B3}.Debug|Win32.ActiveCfg = Debug|Any CPU
		{EC5A66B8-2272-4337-A4E2-248BDBD968B3}.Debug|Win32.Build.0 = Debug|Any CPU
		{EC5A66B8-2272-4337-A4E2-248BDBD968B3}.Debug|x64.ActiveCfg = Debug|x86
		{EC5A66B8-2272-4337-A4E2-248BDBD968B3}.Release|Any CPU.ActiveCfg = Release|Any CPU
		{EC5A66B8-2272-4337-A4E2-248BDBD968B3}.Release|Any CPU.Build.0 = Release|Any CPU
		{EC5A66B8-2272-4337-A4E2-248BDBD968B3}.Release|Win32.ActiveCfg = Release|x86
		{EC5A66B8-2272-4337-A4E2-248BDBD968B3}.Release|x64.ActiveCfg = Release|Any CPU
		{803A83DD-5C47-466D-B32B-9136AC1D8454}.Debug|Any CPU.ActiveCfg = Debug|Any CPU
		{803A83DD-5C47-466D-B32B-9136AC1D8454}.Debug|Any CPU.Build.0 = Debug|Any CPU
		{803A83DD-5C47-466D-B32B-9136AC1D8454}.Debug|Win32.ActiveCfg = Debug|Any CPU
		{803A83DD-5C47-466D-B32B-9136AC1D8454}.Debug|Win32.Build.0 = Debug|Any CPU
		{803A83DD-5C47-466D-B32B-9136AC1D8454}.Debug|x64.ActiveCfg = Debug|Any CPU
		{803A83DD-5C47-466D-B32B-9136AC1D8454}.Release|Any CPU.ActiveCfg = Release|Any CPU
		{803A83DD-5C47-466D-B32B-9136AC1D8454}.Release|Any CPU.Build.0 = Release|Any CPU
		{803A83DD-5C47-466D-B32B-9136AC1D8454}.Release|Win32.ActiveCfg = Release|Any CPU
		{803A83DD-5C47-466D-B32B-9136AC1D8454}.Release|x64.ActiveCfg = Release|Any CPU
		{F428CFDD-F259-404C-BE95-2D35B17751A1}.Debug|Any CPU.ActiveCfg = Debug|Any CPU
		{F428CFDD-F259-404C-BE95-2D35B17751A1}.Debug|Any CPU.Build.0 = Debug|Any CPU
		{F428CFDD-F259-404C-BE95-2D35B17751A1}.Debug|Win32.ActiveCfg = Debug|Any CPU
		{F428CFDD-F259-404C-BE95-2D35B17751A1}.Debug|Win32.Build.0 = Debug|Any CPU
		{F428CFDD-F259-404C-BE95-2D35B17751A1}.Debug|x64.ActiveCfg = Debug|Any CPU
		{F428CFDD-F259-404C-BE95-2D35B17751A1}.Release|Any CPU.ActiveCfg = Release|Any CPU
		{F428CFDD-F259-404C-BE95-2D35B17751A1}.Release|Any CPU.Build.0 = Release|Any CPU
		{F428CFDD-F259-404C-BE95-2D35B17751A1}.Release|Win32.ActiveCfg = Release|Any CPU
		{F428CFDD-F259-404C-BE95-2D35B17751A1}.Release|x64.ActiveCfg = Release|Any CPU
		{7DE6479D-555A-4A93-B994-06E95C4F53A1}.Debug|Any CPU.ActiveCfg = Debug|Any CPU
		{7DE6479D-555A-4A93-B994-06E95C4F53A1}.Debug|Any CPU.Build.0 = Debug|Any CPU
		{7DE6479D-555A-4A93-B994-06E95C4F53A1}.Debug|Win32.ActiveCfg = Debug|Any CPU
		{7DE6479D-555A-4A93-B994-06E95C4F53A1}.Debug|Win32.Build.0 = Debug|Any CPU
		{7DE6479D-555A-4A93-B994-06E95C4F53A1}.Debug|x64.ActiveCfg = Debug|Any CPU
		{7DE6479D-555A-4A93-B994-06E95C4F53A1}.Release|Any CPU.ActiveCfg = Release|Any CPU
		{7DE6479D-555A-4A93-B994-06E95C4F53A1}.Release|Any CPU.Build.0 = Release|Any CPU
		{7DE6479D-555A-4A93-B994-06E95C4F53A1}.Release|Win32.ActiveCfg = Release|Any CPU
		{7DE6479D-555A-4A93-B994-06E95C4F53A1}.Release|x64.ActiveCfg = Release|Any CPU
		{C12C28E3-449D-4ED9-800F-91C18C0A3598}.Debug|Any CPU.ActiveCfg = Debug|Any CPU
		{C12C28E3-449D-4ED9-800F-91C18C0A3598}.Debug|Any CPU.Build.0 = Debug|Any CPU
		{C12C28E3-449D-4ED9-800F-91C18C0A3598}.Debug|Win32.ActiveCfg = Debug|Any CPU
		{C12C28E3-449D-4ED9-800F-91C18C0A3598}.Debug|Win32.Build.0 = Debug|Any CPU
		{C12C28E3-449D-4ED9-800F-91C18C0A3598}.Debug|x64.ActiveCfg = Debug|Any CPU
		{C12C28E3-449D-4ED9-800F-91C18C0A3598}.Release|Any CPU.ActiveCfg = Release|Any CPU
		{C12C28E3-449D-4ED9-800F-91C18C0A3598}.Release|Any CPU.Build.0 = Release|Any CPU
		{C12C28E3-449D-4ED9-800F-91C18C0A3598}.Release|Win32.ActiveCfg = Release|Any CPU
		{C12C28E3-449D-4ED9-800F-91C18C0A3598}.Release|x64.ActiveCfg = Release|Any CPU
		{E60E545B-1A03-45D1-BB06-4FBB4BE71FAD}.Debug|Any CPU.ActiveCfg = Debug|Any CPU
		{E60E545B-1A03-45D1-BB06-4FBB4BE71FAD}.Debug|Any CPU.Build.0 = Debug|Any CPU
		{E60E545B-1A03-45D1-BB06-4FBB4BE71FAD}.Debug|Win32.ActiveCfg = Debug|Any CPU
		{E60E545B-1A03-45D1-BB06-4FBB4BE71FAD}.Debug|Win32.Build.0 = Debug|Any CPU
		{E60E545B-1A03-45D1-BB06-4FBB4BE71FAD}.Debug|x64.ActiveCfg = Debug|Any CPU
		{E60E545B-1A03-45D1-BB06-4FBB4BE71FAD}.Release|Any CPU.ActiveCfg = Release|Any CPU
		{E60E545B-1A03-45D1-BB06-4FBB4BE71FAD}.Release|Any CPU.Build.0 = Release|Any CPU
		{E60E545B-1A03-45D1-BB06-4FBB4BE71FAD}.Release|Win32.ActiveCfg = Release|Any CPU
		{E60E545B-1A03-45D1-BB06-4FBB4BE71FAD}.Release|x64.ActiveCfg = Release|Any CPU
		{EAB8378D-35B0-4BE2-8845-2CA3B002B234}.Debug|Any CPU.ActiveCfg = Debug|Any CPU
		{EAB8378D-35B0-4BE2-8845-2CA3B002B234}.Debug|Any CPU.Build.0 = Debug|Any CPU
		{EAB8378D-35B0-4BE2-8845-2CA3B002B234}.Debug|Win32.ActiveCfg = Debug|Any CPU
		{EAB8378D-35B0-4BE2-8845-2CA3B002B234}.Debug|Win32.Build.0 = Debug|Any CPU
		{EAB8378D-35B0-4BE2-8845-2CA3B002B234}.Debug|x64.ActiveCfg = Debug|Any CPU
		{EAB8378D-35B0-4BE2-8845-2CA3B002B234}.Release|Any CPU.ActiveCfg = Release|Any CPU
		{EAB8378D-35B0-4BE2-8845-2CA3B002B234}.Release|Any CPU.Build.0 = Release|Any CPU
		{EAB8378D-35B0-4BE2-8845-2CA3B002B234}.Release|Win32.ActiveCfg = Release|Any CPU
		{EAB8378D-35B0-4BE2-8845-2CA3B002B234}.Release|x64.ActiveCfg = Release|Any CPU
		{B90DBCCC-9E18-4DE3-A202-7026046D38F8}.Debug|Any CPU.ActiveCfg = Debug|Any CPU
		{B90DBCCC-9E18-4DE3-A202-7026046D38F8}.Debug|Any CPU.Build.0 = Debug|Any CPU
		{B90DBCCC-9E18-4DE3-A202-7026046D38F8}.Debug|Win32.ActiveCfg = Debug|Any CPU
		{B90DBCCC-9E18-4DE3-A202-7026046D38F8}.Debug|Win32.Build.0 = Debug|Any CPU
		{B90DBCCC-9E18-4DE3-A202-7026046D38F8}.Debug|x64.ActiveCfg = Debug|Any CPU
		{B90DBCCC-9E18-4DE3-A202-7026046D38F8}.Release|Any CPU.ActiveCfg = Release|Any CPU
		{B90DBCCC-9E18-4DE3-A202-7026046D38F8}.Release|Any CPU.Build.0 = Release|Any CPU
		{B90DBCCC-9E18-4DE3-A202-7026046D38F8}.Release|Win32.ActiveCfg = Release|Any CPU
		{B90DBCCC-9E18-4DE3-A202-7026046D38F8}.Release|x64.ActiveCfg = Release|Any CPU
		{141DA2CF-A660-412E-A7ED-F29C9323F0B7}.Debug|Any CPU.ActiveCfg = Debug|Any CPU
		{141DA2CF-A660-412E-A7ED-F29C9323F0B7}.Debug|Any CPU.Build.0 = Debug|Any CPU
		{141DA2CF-A660-412E-A7ED-F29C9323F0B7}.Debug|Win32.ActiveCfg = Debug|Any CPU
		{141DA2CF-A660-412E-A7ED-F29C9323F0B7}.Debug|Win32.Build.0 = Debug|Any CPU
		{141DA2CF-A660-412E-A7ED-F29C9323F0B7}.Debug|x64.ActiveCfg = Debug|Any CPU
		{141DA2CF-A660-412E-A7ED-F29C9323F0B7}.Release|Any CPU.ActiveCfg = Release|Any CPU
		{141DA2CF-A660-412E-A7ED-F29C9323F0B7}.Release|Any CPU.Build.0 = Release|Any CPU
		{141DA2CF-A660-412E-A7ED-F29C9323F0B7}.Release|Win32.ActiveCfg = Release|Any CPU
		{141DA2CF-A660-412E-A7ED-F29C9323F0B7}.Release|x64.ActiveCfg = Release|Any CPU
		{77C2A96A-254F-4A4E-95C9-AA09A0F9F91E}.Debug|Any CPU.ActiveCfg = Debug|Any CPU
		{77C2A96A-254F-4A4E-95C9-AA09A0F9F91E}.Debug|Any CPU.Build.0 = Debug|Any CPU
		{77C2A96A-254F-4A4E-95C9-AA09A0F9F91E}.Debug|Win32.ActiveCfg = Debug|Any CPU
		{77C2A96A-254F-4A4E-95C9-AA09A0F9F91E}.Debug|Win32.Build.0 = Debug|Any CPU
		{77C2A96A-254F-4A4E-95C9-AA09A0F9F91E}.Debug|x64.ActiveCfg = Debug|Any CPU
		{77C2A96A-254F-4A4E-95C9-AA09A0F9F91E}.Release|Any CPU.ActiveCfg = Release|Any CPU
		{77C2A96A-254F-4A4E-95C9-AA09A0F9F91E}.Release|Any CPU.Build.0 = Release|Any CPU
		{77C2A96A-254F-4A4E-95C9-AA09A0F9F91E}.Release|Win32.ActiveCfg = Release|Any CPU
		{77C2A96A-254F-4A4E-95C9-AA09A0F9F91E}.Release|x64.ActiveCfg = Release|Any CPU
		{99BED4BF-F5A3-44D5-9E04-F0A6960877D3}.Debug|Any CPU.ActiveCfg = Debug|Any CPU
		{99BED4BF-F5A3-44D5-9E04-F0A6960877D3}.Debug|Any CPU.Build.0 = Debug|Any CPU
		{99BED4BF-F5A3-44D5-9E04-F0A6960877D3}.Debug|Win32.ActiveCfg = Debug|Any CPU
		{99BED4BF-F5A3-44D5-9E04-F0A6960877D3}.Debug|Win32.Build.0 = Debug|Any CPU
		{99BED4BF-F5A3-44D5-9E04-F0A6960877D3}.Debug|x64.ActiveCfg = Debug|x86
		{99BED4BF-F5A3-44D5-9E04-F0A6960877D3}.Release|Any CPU.ActiveCfg = Release|Any CPU
		{99BED4BF-F5A3-44D5-9E04-F0A6960877D3}.Release|Any CPU.Build.0 = Release|Any CPU
		{99BED4BF-F5A3-44D5-9E04-F0A6960877D3}.Release|Win32.ActiveCfg = Release|x86
		{99BED4BF-F5A3-44D5-9E04-F0A6960877D3}.Release|x64.ActiveCfg = Release|Any CPU
		{76AFD3ED-7EAE-4836-AAB4-5D705CA346E1}.Debug|Any CPU.ActiveCfg = Debug|x64
		{76AFD3ED-7EAE-4836-AAB4-5D705CA346E1}.Debug|Win32.ActiveCfg = Debug|Win32
		{76AFD3ED-7EAE-4836-AAB4-5D705CA346E1}.Debug|x64.ActiveCfg = Debug|x64
		{76AFD3ED-7EAE-4836-AAB4-5D705CA346E1}.Debug|x64.Build.0 = Debug|x64
		{76AFD3ED-7EAE-4836-AAB4-5D705CA346E1}.Release|Any CPU.ActiveCfg = Release|Win32
		{76AFD3ED-7EAE-4836-AAB4-5D705CA346E1}.Release|Win32.ActiveCfg = Release|Win32
		{76AFD3ED-7EAE-4836-AAB4-5D705CA346E1}.Release|x64.ActiveCfg = Release|x64
		{76AFD3ED-7EAE-4836-AAB4-5D705CA346E1}.Release|x64.Build.0 = Release|x64
	EndGlobalSection
	GlobalSection(SolutionProperties) = preSolution
		HideSolutionNode = FALSE
	EndGlobalSection
EndGlobal
