Microsoft Visual Studio Solution File, Format Version 11.00
# Visual Studio 2010
Project("{FAE04EC0-301F-11D3-BF4B-00C04F79EFBC}") = "NCCache", "NCCache\NCCache.csproj", "{BF3BCF64-ADEB-455B-AD8A-39EE84EE300D}"
EndProject
Project("{FAE04EC0-301F-11D3-BF4B-00C04F79EFBC}") = "NCCluster", "NCCluster\NCCluster.csproj", "{05B496F4-4822-4AD1-BA75-C0D6BCD3428D}"
EndProject
Project("{FAE04EC0-301F-11D3-BF4B-00C04F79EFBC}") = "NCCommon", "NCCommon\NCCommon.csproj", "{EC5A66B8-2272-4337-A4E2-248BDBD968B3}"
EndProject
Project("{FAE04EC0-301F-11D3-BF4B-00C04F79EFBC}") = "NCManagement", "NCManagement\NCManagement.csproj", "{6E6E852E-1A3F-4E6B-999B-06EA6D4EAB49}"
EndProject
Project("{FAE04EC0-301F-11D3-BF4B-00C04F79EFBC}") = "NCRuntime", "NCRuntime\NCRuntime.csproj", "{E60E545B-1A03-45D1-BB06-4FBB4BE71FAD}"
EndProject
Project("{FAE04EC0-301F-11D3-BF4B-00C04F79EFBC}") = "NCSerialization", "NCSerialization\NCSerialization.csproj", "{F428CFDD-F259-404C-BE95-2D35B17751A1}"
EndProject
Project("{FAE04EC0-301F-11D3-BF4B-00C04F79EFBC}") = "NCService", "NCService\NCService.csproj", "{C0ADAF17-9293-4826-ADD7-88B734FB423F}"
EndProject
Project("{FAE04EC0-301F-11D3-BF4B-00C04F79EFBC}") = "NCSessionStateManagement", "NCSessionStateManagement\NCSessionStateManagement.csproj", "{B90DBCCC-9E18-4DE3-A202-7026046D38F8}"
EndProject
Project("{FAE04EC0-301F-11D3-BF4B-00C04F79EFBC}") = "NCSessionStoreProvider", "NCSessionStoreProvider\NCSessionStoreProvider.csproj", "{7DE6479D-555A-4A93-B994-06E95C4F53A1}"
EndProject
Project("{FAE04EC0-301F-11D3-BF4B-00C04F79EFBC}") = "NCSocketServer", "NCSocketServer\NCSocketServer.csproj", "{EAB8378D-35B0-4BE2-8845-2CA3B002B234}"
EndProject
Project("{FAE04EC0-301F-11D3-BF4B-00C04F79EFBC}") = "NCStorage", "NCStorage\NCStorage.csproj", "{803A83DD-5C47-466D-B32B-9136AC1D8454}"
EndProject
Project("{FAE04EC0-301F-11D3-BF4B-00C04F79EFBC}") = "NCWebCache", "NCWebCache\NCWebCache.csproj", "{4F8D7B6F-F031-4B7B-9871-63E6EE2ACC47}"
EndProject
Project("{FAE04EC0-301F-11D3-BF4B-00C04F79EFBC}") = "NCParser", "NCParser\NCParser.csproj", "{C12C28E3-449D-4ED9-800F-91C18C0A3598}"
EndProject
Project("{8BC9CEB8-8B4A-11D0-8D11-00A0C91BC942}") = "NCRegistry", "NCRegistry\NCRegistry.2x.vcxproj", "{76AFD3ED-7EAE-4836-AAB4-5D705CA346E1}"
EndProject
Global
	GlobalSection(SolutionConfigurationPlatforms) = preSolution
		Debug.2x|Any CPU = Debug.2x|Any CPU
		Debug.2x|Mixed Platforms = Debug.2x|Mixed Platforms
		Debug.2x|Win32 = Debug.2x|Win32
		Debug|Any CPU = Debug|Any CPU
		Debug|Mixed Platforms = Debug|Mixed Platforms
		Debug|Win32 = Debug|Win32
		Release.2x|Any CPU = Release.2x|Any CPU
		Release.2x|Mixed Platforms = Release.2x|Mixed Platforms
		Release.2x|Win32 = Release.2x|Win32
		Release|Any CPU = Release|Any CPU
		Release|Mixed Platforms = Release|Mixed Platforms
		Release|Win32 = Release|Win32
	EndGlobalSection
	GlobalSection(ProjectConfigurationPlatforms) = postSolution
		{BF3BCF64-ADEB-455B-AD8A-39EE84EE300D}.Debug.2x|Any CPU.ActiveCfg = Debug.2x|Any CPU
		{BF3BCF64-ADEB-455B-AD8A-39EE84EE300D}.Debug.2x|Any CPU.Build.0 = Debug.2x|Any CPU
		{BF3BCF64-ADEB-455B-AD8A-39EE84EE300D}.Debug.2x|Mixed Platforms.ActiveCfg = Debug.2x|Any CPU
		{BF3BCF64-ADEB-455B-AD8A-39EE84EE300D}.Debug.2x|Mixed Platforms.Build.0 = Debug.2x|Any CPU
		{BF3BCF64-ADEB-455B-AD8A-39EE84EE300D}.Debug.2x|Win32.ActiveCfg = Debug.2x|Any CPU
		{BF3BCF64-ADEB-455B-AD8A-39EE84EE300D}.Debug|Any CPU.ActiveCfg = Debug|Any CPU
		{BF3BCF64-ADEB-455B-AD8A-39EE84EE300D}.Debug|Any CPU.Build.0 = Debug|Any CPU
		{BF3BCF64-ADEB-455B-AD8A-39EE84EE300D}.Debug|Mixed Platforms.ActiveCfg = Debug|Any CPU
		{BF3BCF64-ADEB-455B-AD8A-39EE84EE300D}.Debug|Mixed Platforms.Build.0 = Debug|Any CPU
		{BF3BCF64-ADEB-455B-AD8A-39EE84EE300D}.Debug|Win32.ActiveCfg = Debug|Any CPU
		{BF3BCF64-ADEB-455B-AD8A-39EE84EE300D}.Debug|Win32.Build.0 = Debug|Any CPU
		{BF3BCF64-ADEB-455B-AD8A-39EE84EE300D}.Release.2x|Any CPU.ActiveCfg = Release.2x|Any CPU
		{BF3BCF64-ADEB-455B-AD8A-39EE84EE300D}.Release.2x|Any CPU.Build.0 = Release.2x|Any CPU
		{BF3BCF64-ADEB-455B-AD8A-39EE84EE300D}.Release.2x|Mixed Platforms.ActiveCfg = Release.2x|Any CPU
		{BF3BCF64-ADEB-455B-AD8A-39EE84EE300D}.Release.2x|Mixed Platforms.Build.0 = Release.2x|Any CPU
		{BF3BCF64-ADEB-455B-AD8A-39EE84EE300D}.Release.2x|Win32.ActiveCfg = Release.2x|Any CPU
		{BF3BCF64-ADEB-455B-AD8A-39EE84EE300D}.Release|Any CPU.ActiveCfg = Release|Any CPU
		{BF3BCF64-ADEB-455B-AD8A-39EE84EE300D}.Release|Any CPU.Build.0 = Release|Any CPU
		{BF3BCF64-ADEB-455B-AD8A-39EE84EE300D}.Release|Mixed Platforms.ActiveCfg = Release|Any CPU
		{BF3BCF64-ADEB-455B-AD8A-39EE84EE300D}.Release|Mixed Platforms.Build.0 = Release|Any CPU
		{BF3BCF64-ADEB-455B-AD8A-39EE84EE300D}.Release|Win32.ActiveCfg = Release|Any CPU
		{BF3BCF64-ADEB-455B-AD8A-39EE84EE300D}.Release|Win32.Build.0 = Release|Any CPU
		{05B496F4-4822-4AD1-BA75-C0D6BCD3428D}.Debug.2x|Any CPU.ActiveCfg = Debug.2x|Any CPU
		{05B496F4-4822-4AD1-BA75-C0D6BCD3428D}.Debug.2x|Any CPU.Build.0 = Debug.2x|Any CPU
		{05B496F4-4822-4AD1-BA75-C0D6BCD3428D}.Debug.2x|Mixed Platforms.ActiveCfg = Debug.2x|Any CPU
		{05B496F4-4822-4AD1-BA75-C0D6BCD3428D}.Debug.2x|Mixed Platforms.Build.0 = Debug.2x|Any CPU
		{05B496F4-4822-4AD1-BA75-C0D6BCD3428D}.Debug.2x|Win32.ActiveCfg = Debug.2x|Any CPU
		{05B496F4-4822-4AD1-BA75-C0D6BCD3428D}.Debug|Any CPU.ActiveCfg = Debug|Any CPU
		{05B496F4-4822-4AD1-BA75-C0D6BCD3428D}.Debug|Any CPU.Build.0 = Debug|Any CPU
		{05B496F4-4822-4AD1-BA75-C0D6BCD3428D}.Debug|Mixed Platforms.ActiveCfg = Debug|Any CPU
		{05B496F4-4822-4AD1-BA75-C0D6BCD3428D}.Debug|Mixed Platforms.Build.0 = Debug|Any CPU
		{05B496F4-4822-4AD1-BA75-C0D6BCD3428D}.Debug|Win32.ActiveCfg = Debug|Any CPU
		{05B496F4-4822-4AD1-BA75-C0D6BCD3428D}.Debug|Win32.Build.0 = Debug|Any CPU
		{05B496F4-4822-4AD1-BA75-C0D6BCD3428D}.Release.2x|Any CPU.ActiveCfg = Release.2x|Any CPU
		{05B496F4-4822-4AD1-BA75-C0D6BCD3428D}.Release.2x|Any CPU.Build.0 = Release.2x|Any CPU
		{05B496F4-4822-4AD1-BA75-C0D6BCD3428D}.Release.2x|Mixed Platforms.ActiveCfg = Release.2x|Any CPU
		{05B496F4-4822-4AD1-BA75-C0D6BCD3428D}.Release.2x|Mixed Platforms.Build.0 = Release.2x|Any CPU
		{05B496F4-4822-4AD1-BA75-C0D6BCD3428D}.Release.2x|Win32.ActiveCfg = Release.2x|Any CPU
		{05B496F4-4822-4AD1-BA75-C0D6BCD3428D}.Release|Any CPU.ActiveCfg = Release|Any CPU
		{05B496F4-4822-4AD1-BA75-C0D6BCD3428D}.Release|Any CPU.Build.0 = Release|Any CPU
		{05B496F4-4822-4AD1-BA75-C0D6BCD3428D}.Release|Mixed Platforms.ActiveCfg = Release|Any CPU
		{05B496F4-4822-4AD1-BA75-C0D6BCD3428D}.Release|Mixed Platforms.Build.0 = Release|Any CPU
		{05B496F4-4822-4AD1-BA75-C0D6BCD3428D}.Release|Win32.ActiveCfg = Release|Any CPU
		{05B496F4-4822-4AD1-BA75-C0D6BCD3428D}.Release|Win32.Build.0 = Release|Any CPU
		{EC5A66B8-2272-4337-A4E2-248BDBD968B3}.Debug.2x|Any CPU.ActiveCfg = Debug.2x|Any CPU
		{EC5A66B8-2272-4337-A4E2-248BDBD968B3}.Debug.2x|Any CPU.Build.0 = Debug.2x|Any CPU
		{EC5A66B8-2272-4337-A4E2-248BDBD968B3}.Debug.2x|Mixed Platforms.ActiveCfg = Debug.2x|Any CPU
		{EC5A66B8-2272-4337-A4E2-248BDBD968B3}.Debug.2x|Mixed Platforms.Build.0 = Debug.2x|Any CPU
		{EC5A66B8-2272-4337-A4E2-248BDBD968B3}.Debug.2x|Win32.ActiveCfg = Debug.2x|Any CPU
		{EC5A66B8-2272-4337-A4E2-248BDBD968B3}.Debug|Any CPU.ActiveCfg = Debug|Any CPU
		{EC5A66B8-2272-4337-A4E2-248BDBD968B3}.Debug|Any CPU.Build.0 = Debug|Any CPU
		{EC5A66B8-2272-4337-A4E2-248BDBD968B3}.Debug|Mixed Platforms.ActiveCfg = Debug|Any CPU
		{EC5A66B8-2272-4337-A4E2-248BDBD968B3}.Debug|Mixed Platforms.Build.0 = Debug|Any CPU
		{EC5A66B8-2272-4337-A4E2-248BDBD968B3}.Debug|Win32.ActiveCfg = Debug|Any CPU
		{EC5A66B8-2272-4337-A4E2-248BDBD968B3}.Debug|Win32.Build.0 = Debug|Any CPU
		{EC5A66B8-2272-4337-A4E2-248BDBD968B3}.Release.2x|Any CPU.ActiveCfg = Release.2x|Any CPU
		{EC5A66B8-2272-4337-A4E2-248BDBD968B3}.Release.2x|Any CPU.Build.0 = Release.2x|Any CPU
		{EC5A66B8-2272-4337-A4E2-248BDBD968B3}.Release.2x|Mixed Platforms.ActiveCfg = Release.2x|Any CPU
		{EC5A66B8-2272-4337-A4E2-248BDBD968B3}.Release.2x|Mixed Platforms.Build.0 = Release.2x|Any CPU
		{EC5A66B8-2272-4337-A4E2-248BDBD968B3}.Release.2x|Win32.ActiveCfg = Release.2x|Any CPU
		{EC5A66B8-2272-4337-A4E2-248BDBD968B3}.Release|Any CPU.ActiveCfg = Release|Any CPU
		{EC5A66B8-2272-4337-A4E2-248BDBD968B3}.Release|Any CPU.Build.0 = Release|Any CPU
		{EC5A66B8-2272-4337-A4E2-248BDBD968B3}.Release|Mixed Platforms.ActiveCfg = Release|Any CPU
		{EC5A66B8-2272-4337-A4E2-248BDBD968B3}.Release|Mixed Platforms.Build.0 = Release|Any CPU
		{EC5A66B8-2272-4337-A4E2-248BDBD968B3}.Release|Win32.ActiveCfg = Release|Any CPU
		{EC5A66B8-2272-4337-A4E2-248BDBD968B3}.Release|Win32.Build.0 = Release|Any CPU
		{6E6E852E-1A3F-4E6B-999B-06EA6D4EAB49}.Debug.2x|Any CPU.ActiveCfg = Debug.2x|Any CPU
		{6E6E852E-1A3F-4E6B-999B-06EA6D4EAB49}.Debug.2x|Any CPU.Build.0 = Debug.2x|Any CPU
		{6E6E852E-1A3F-4E6B-999B-06EA6D4EAB49}.Debug.2x|Mixed Platforms.ActiveCfg = Debug.2x|Any CPU
		{6E6E852E-1A3F-4E6B-999B-06EA6D4EAB49}.Debug.2x|Mixed Platforms.Build.0 = Debug.2x|Any CPU
		{6E6E852E-1A3F-4E6B-999B-06EA6D4EAB49}.Debug.2x|Win32.ActiveCfg = Debug.2x|Any CPU
		{6E6E852E-1A3F-4E6B-999B-06EA6D4EAB49}.Debug|Any CPU.ActiveCfg = Debug|Any CPU
		{6E6E852E-1A3F-4E6B-999B-06EA6D4EAB49}.Debug|Any CPU.Build.0 = Debug|Any CPU
		{6E6E852E-1A3F-4E6B-999B-06EA6D4EAB49}.Debug|Mixed Platforms.ActiveCfg = Debug|Any CPU
		{6E6E852E-1A3F-4E6B-999B-06EA6D4EAB49}.Debug|Mixed Platforms.Build.0 = Debug|Any CPU
		{6E6E852E-1A3F-4E6B-999B-06EA6D4EAB49}.Debug|Win32.ActiveCfg = Debug|Any CPU
		{6E6E852E-1A3F-4E6B-999B-06EA6D4EAB49}.Debug|Win32.Build.0 = Debug|Any CPU
		{6E6E852E-1A3F-4E6B-999B-06EA6D4EAB49}.Release.2x|Any CPU.ActiveCfg = Release.2x|Any CPU
		{6E6E852E-1A3F-4E6B-999B-06EA6D4EAB49}.Release.2x|Any CPU.Build.0 = Release.2x|Any CPU
		{6E6E852E-1A3F-4E6B-999B-06EA6D4EAB49}.Release.2x|Mixed Platforms.ActiveCfg = Release.2x|Any CPU
		{6E6E852E-1A3F-4E6B-999B-06EA6D4EAB49}.Release.2x|Mixed Platforms.Build.0 = Release.2x|Any CPU
		{6E6E852E-1A3F-4E6B-999B-06EA6D4EAB49}.Release.2x|Win32.ActiveCfg = Release.2x|Any CPU
		{6E6E852E-1A3F-4E6B-999B-06EA6D4EAB49}.Release|Any CPU.ActiveCfg = Release|Any CPU
		{6E6E852E-1A3F-4E6B-999B-06EA6D4EAB49}.Release|Any CPU.Build.0 = Release|Any CPU
		{6E6E852E-1A3F-4E6B-999B-06EA6D4EAB49}.Release|Mixed Platforms.ActiveCfg = Release|Any CPU
		{6E6E852E-1A3F-4E6B-999B-06EA6D4EAB49}.Release|Mixed Platforms.Build.0 = Release|Any CPU
		{6E6E852E-1A3F-4E6B-999B-06EA6D4EAB49}.Release|Win32.ActiveCfg = Release|Any CPU
		{6E6E852E-1A3F-4E6B-999B-06EA6D4EAB49}.Release|Win32.Build.0 = Release|Any CPU
		{E60E545B-1A03-45D1-BB06-4FBB4BE71FAD}.Debug.2x|Any CPU.ActiveCfg = Debug.2x|Any CPU
		{E60E545B-1A03-45D1-BB06-4FBB4BE71FAD}.Debug.2x|Any CPU.Build.0 = Debug.2x|Any CPU
		{E60E545B-1A03-45D1-BB06-4FBB4BE71FAD}.Debug.2x|Mixed Platforms.ActiveCfg = Debug.2x|Any CPU
		{E60E545B-1A03-45D1-BB06-4FBB4BE71FAD}.Debug.2x|Mixed Platforms.Build.0 = Debug.2x|Any CPU
		{E60E545B-1A03-45D1-BB06-4FBB4BE71FAD}.Debug.2x|Win32.ActiveCfg = Debug.2x|Any CPU
		{E60E545B-1A03-45D1-BB06-4FBB4BE71FAD}.Debug|Any CPU.ActiveCfg = Debug|Any CPU
		{E60E545B-1A03-45D1-BB06-4FBB4BE71FAD}.Debug|Any CPU.Build.0 = Debug|Any CPU
		{E60E545B-1A03-45D1-BB06-4FBB4BE71FAD}.Debug|Mixed Platforms.ActiveCfg = Debug|Any CPU
		{E60E545B-1A03-45D1-BB06-4FBB4BE71FAD}.Debug|Mixed Platforms.Build.0 = Debug|Any CPU
		{E60E545B-1A03-45D1-BB06-4FBB4BE71FAD}.Debug|Win32.ActiveCfg = Debug|Any CPU
		{E60E545B-1A03-45D1-BB06-4FBB4BE71FAD}.Debug|Win32.Build.0 = Debug|Any CPU
		{E60E545B-1A03-45D1-BB06-4FBB4BE71FAD}.Release.2x|Any CPU.ActiveCfg = Release.2x|Any CPU
		{E60E545B-1A03-45D1-BB06-4FBB4BE71FAD}.Release.2x|Any CPU.Build.0 = Release.2x|Any CPU
		{E60E545B-1A03-45D1-BB06-4FBB4BE71FAD}.Release.2x|Mixed Platforms.ActiveCfg = Release.2x|Any CPU
		{E60E545B-1A03-45D1-BB06-4FBB4BE71FAD}.Release.2x|Mixed Platforms.Build.0 = Release.2x|Any CPU
		{E60E545B-1A03-45D1-BB06-4FBB4BE71FAD}.Release.2x|Win32.ActiveCfg = Release.2x|Any CPU
		{E60E545B-1A03-45D1-BB06-4FBB4BE71FAD}.Release|Any CPU.ActiveCfg = Release|Any CPU
		{E60E545B-1A03-45D1-BB06-4FBB4BE71FAD}.Release|Any CPU.Build.0 = Release|Any CPU
		{E60E545B-1A03-45D1-BB06-4FBB4BE71FAD}.Release|Mixed Platforms.ActiveCfg = Release|Any CPU
		{E60E545B-1A03-45D1-BB06-4FBB4BE71FAD}.Release|Mixed Platforms.Build.0 = Release|Any CPU
		{E60E545B-1A03-45D1-BB06-4FBB4BE71FAD}.Release|Win32.ActiveCfg = Release|Any CPU
		{E60E545B-1A03-45D1-BB06-4FBB4BE71FAD}.Release|Win32.Build.0 = Release|Any CPU
		{F428CFDD-F259-404C-BE95-2D35B17751A1}.Debug.2x|Any CPU.ActiveCfg = Debug.2x|Any CPU
		{F428CFDD-F259-404C-BE95-2D35B17751A1}.Debug.2x|Any CPU.Build.0 = Debug.2x|Any CPU
		{F428CFDD-F259-404C-BE95-2D35B17751A1}.Debug.2x|Mixed Platforms.ActiveCfg = Debug.2x|Any CPU
		{F428CFDD-F259-404C-BE95-2D35B17751A1}.Debug.2x|Mixed Platforms.Build.0 = Debug.2x|Any CPU
		{F428CFDD-F259-404C-BE95-2D35B17751A1}.Debug.2x|Win32.ActiveCfg = Debug.2x|Any CPU
		{F428CFDD-F259-404C-BE95-2D35B17751A1}.Debug|Any CPU.ActiveCfg = Debug|Any CPU
		{F428CFDD-F259-404C-BE95-2D35B17751A1}.Debug|Any CPU.Build.0 = Debug|Any CPU
		{F428CFDD-F259-404C-BE95-2D35B17751A1}.Debug|Mixed Platforms.ActiveCfg = Debug|Any CPU
		{F428CFDD-F259-404C-BE95-2D35B17751A1}.Debug|Mixed Platforms.Build.0 = Debug|Any CPU
		{F428CFDD-F259-404C-BE95-2D35B17751A1}.Debug|Win32.ActiveCfg = Debug|Any CPU
		{F428CFDD-F259-404C-BE95-2D35B17751A1}.Debug|Win32.Build.0 = Debug|Any CPU
		{F428CFDD-F259-404C-BE95-2D35B17751A1}.Release.2x|Any CPU.ActiveCfg = Release.2x|Any CPU
		{F428CFDD-F259-404C-BE95-2D35B17751A1}.Release.2x|Any CPU.Build.0 = Release.2x|Any CPU
		{F428CFDD-F259-404C-BE95-2D35B17751A1}.Release.2x|Mixed Platforms.ActiveCfg = Release.2x|Any CPU
		{F428CFDD-F259-404C-BE95-2D35B17751A1}.Release.2x|Mixed Platforms.Build.0 = Release.2x|Any CPU
		{F428CFDD-F259-404C-BE95-2D35B17751A1}.Release.2x|Win32.ActiveCfg = Release.2x|Any CPU
		{F428CFDD-F259-404C-BE95-2D35B17751A1}.Release|Any CPU.ActiveCfg = Release|Any CPU
		{F428CFDD-F259-404C-BE95-2D35B17751A1}.Release|Any CPU.Build.0 = Release|Any CPU
		{F428CFDD-F259-404C-BE95-2D35B17751A1}.Release|Mixed Platforms.ActiveCfg = Release|Any CPU
		{F428CFDD-F259-404C-BE95-2D35B17751A1}.Release|Mixed Platforms.Build.0 = Release|Any CPU
		{F428CFDD-F259-404C-BE95-2D35B17751A1}.Release|Win32.ActiveCfg = Release|Any CPU
		{F428CFDD-F259-404C-BE95-2D35B17751A1}.Release|Win32.Build.0 = Release|Any CPU
		{C0ADAF17-9293-4826-ADD7-88B734FB423F}.Debug.2x|Any CPU.ActiveCfg = Debug.2x|Any CPU
		{C0ADAF17-9293-4826-ADD7-88B734FB423F}.Debug.2x|Any CPU.Build.0 = Debug.2x|Any CPU
		{C0ADAF17-9293-4826-ADD7-88B734FB423F}.Debug.2x|Mixed Platforms.ActiveCfg = Debug.2x|Any CPU
		{C0ADAF17-9293-4826-ADD7-88B734FB423F}.Debug.2x|Mixed Platforms.Build.0 = Debug.2x|Any CPU
		{C0ADAF17-9293-4826-ADD7-88B734FB423F}.Debug.2x|Win32.ActiveCfg = Debug.2x|Any CPU
		{C0ADAF17-9293-4826-ADD7-88B734FB423F}.Debug|Any CPU.ActiveCfg = Debug|Any CPU
		{C0ADAF17-9293-4826-ADD7-88B734FB423F}.Debug|Any CPU.Build.0 = Debug|Any CPU
		{C0ADAF17-9293-4826-ADD7-88B734FB423F}.Debug|Mixed Platforms.ActiveCfg = Debug|Any CPU
		{C0ADAF17-9293-4826-ADD7-88B734FB423F}.Debug|Mixed Platforms.Build.0 = Debug|Any CPU
		{C0ADAF17-9293-4826-ADD7-88B734FB423F}.Debug|Win32.ActiveCfg = Debug|Any CPU
		{C0ADAF17-9293-4826-ADD7-88B734FB423F}.Debug|Win32.Build.0 = Debug|Any CPU
		{C0ADAF17-9293-4826-ADD7-88B734FB423F}.Release.2x|Any CPU.ActiveCfg = Release.2x|Any CPU
		{C0ADAF17-9293-4826-ADD7-88B734FB423F}.Release.2x|Any CPU.Build.0 = Release.2x|Any CPU
		{C0ADAF17-9293-4826-ADD7-88B734FB423F}.Release.2x|Mixed Platforms.ActiveCfg = Release.2x|Any CPU
		{C0ADAF17-9293-4826-ADD7-88B734FB423F}.Release.2x|Mixed Platforms.Build.0 = Release.2x|Any CPU
		{C0ADAF17-9293-4826-ADD7-88B734FB423F}.Release.2x|Win32.ActiveCfg = Release.2x|Any CPU
		{C0ADAF17-9293-4826-ADD7-88B734FB423F}.Release|Any CPU.ActiveCfg = Release|Any CPU
		{C0ADAF17-9293-4826-ADD7-88B734FB423F}.Release|Any CPU.Build.0 = Release|Any CPU
		{C0ADAF17-9293-4826-ADD7-88B734FB423F}.Release|Mixed Platforms.ActiveCfg = Release|Any CPU
		{C0ADAF17-9293-4826-ADD7-88B734FB423F}.Release|Mixed Platforms.Build.0 = Release|Any CPU
		{C0ADAF17-9293-4826-ADD7-88B734FB423F}.Release|Win32.ActiveCfg = Release|Any CPU
		{C0ADAF17-9293-4826-ADD7-88B734FB423F}.Release|Win32.Build.0 = Release|Any CPU
		{B90DBCCC-9E18-4DE3-A202-7026046D38F8}.Debug.2x|Any CPU.ActiveCfg = Debug.2x|Any CPU
		{B90DBCCC-9E18-4DE3-A202-7026046D38F8}.Debug.2x|Any CPU.Build.0 = Debug.2x|Any CPU
		{B90DBCCC-9E18-4DE3-A202-7026046D38F8}.Debug.2x|Mixed Platforms.ActiveCfg = Debug.2x|Any CPU
		{B90DBCCC-9E18-4DE3-A202-7026046D38F8}.Debug.2x|Mixed Platforms.Build.0 = Debug.2x|Any CPU
		{B90DBCCC-9E18-4DE3-A202-7026046D38F8}.Debug.2x|Win32.ActiveCfg = Debug.2x|Any CPU
		{B90DBCCC-9E18-4DE3-A202-7026046D38F8}.Debug|Any CPU.ActiveCfg = Debug|Any CPU
		{B90DBCCC-9E18-4DE3-A202-7026046D38F8}.Debug|Any CPU.Build.0 = Debug|Any CPU
		{B90DBCCC-9E18-4DE3-A202-7026046D38F8}.Debug|Mixed Platforms.ActiveCfg = Debug|Any CPU
		{B90DBCCC-9E18-4DE3-A202-7026046D38F8}.Debug|Mixed Platforms.Build.0 = Debug|Any CPU
		{B90DBCCC-9E18-4DE3-A202-7026046D38F8}.Debug|Win32.ActiveCfg = Debug|Any CPU
		{B90DBCCC-9E18-4DE3-A202-7026046D38F8}.Debug|Win32.Build.0 = Debug|Any CPU
		{B90DBCCC-9E18-4DE3-A202-7026046D38F8}.Release.2x|Any CPU.ActiveCfg = Release.2x|Any CPU
		{B90DBCCC-9E18-4DE3-A202-7026046D38F8}.Release.2x|Any CPU.Build.0 = Release.2x|Any CPU
		{B90DBCCC-9E18-4DE3-A202-7026046D38F8}.Release.2x|Mixed Platforms.ActiveCfg = Release.2x|Any CPU
		{B90DBCCC-9E18-4DE3-A202-7026046D38F8}.Release.2x|Mixed Platforms.Build.0 = Release.2x|Any CPU
		{B90DBCCC-9E18-4DE3-A202-7026046D38F8}.Release.2x|Win32.ActiveCfg = Release.2x|Any CPU
		{B90DBCCC-9E18-4DE3-A202-7026046D38F8}.Release|Any CPU.ActiveCfg = Release|Any CPU
		{B90DBCCC-9E18-4DE3-A202-7026046D38F8}.Release|Any CPU.Build.0 = Release|Any CPU
		{B90DBCCC-9E18-4DE3-A202-7026046D38F8}.Release|Mixed Platforms.ActiveCfg = Release|Any CPU
		{B90DBCCC-9E18-4DE3-A202-7026046D38F8}.Release|Mixed Platforms.Build.0 = Release|Any CPU
		{B90DBCCC-9E18-4DE3-A202-7026046D38F8}.Release|Win32.ActiveCfg = Release|Any CPU
		{B90DBCCC-9E18-4DE3-A202-7026046D38F8}.Release|Win32.Build.0 = Release|Any CPU
		{7DE6479D-555A-4A93-B994-06E95C4F53A1}.Debug.2x|Any CPU.ActiveCfg = Debug.2x|Any CPU
		{7DE6479D-555A-4A93-B994-06E95C4F53A1}.Debug.2x|Any CPU.Build.0 = Debug.2x|Any CPU
		{7DE6479D-555A-4A93-B994-06E95C4F53A1}.Debug.2x|Mixed Platforms.ActiveCfg = Debug.2x|Any CPU
		{7DE6479D-555A-4A93-B994-06E95C4F53A1}.Debug.2x|Mixed Platforms.Build.0 = Debug.2x|Any CPU
		{7DE6479D-555A-4A93-B994-06E95C4F53A1}.Debug.2x|Win32.ActiveCfg = Debug.2x|Any CPU
		{7DE6479D-555A-4A93-B994-06E95C4F53A1}.Debug|Any CPU.ActiveCfg = Debug|Any CPU
		{7DE6479D-555A-4A93-B994-06E95C4F53A1}.Debug|Any CPU.Build.0 = Debug|Any CPU
		{7DE6479D-555A-4A93-B994-06E95C4F53A1}.Debug|Mixed Platforms.ActiveCfg = Debug|Any CPU
		{7DE6479D-555A-4A93-B994-06E95C4F53A1}.Debug|Mixed Platforms.Build.0 = Debug|Any CPU
		{7DE6479D-555A-4A93-B994-06E95C4F53A1}.Debug|Win32.ActiveCfg = Debug|Any CPU
		{7DE6479D-555A-4A93-B994-06E95C4F53A1}.Debug|Win32.Build.0 = Debug|Any CPU
		{7DE6479D-555A-4A93-B994-06E95C4F53A1}.Release.2x|Any CPU.ActiveCfg = Release.2x|Any CPU
		{7DE6479D-555A-4A93-B994-06E95C4F53A1}.Release.2x|Any CPU.Build.0 = Release.2x|Any CPU
		{7DE6479D-555A-4A93-B994-06E95C4F53A1}.Release.2x|Mixed Platforms.ActiveCfg = Release.2x|Any CPU
		{7DE6479D-555A-4A93-B994-06E95C4F53A1}.Release.2x|Mixed Platforms.Build.0 = Release.2x|Any CPU
		{7DE6479D-555A-4A93-B994-06E95C4F53A1}.Release.2x|Win32.ActiveCfg = Release.2x|Any CPU
		{7DE6479D-555A-4A93-B994-06E95C4F53A1}.Release|Any CPU.ActiveCfg = Release|Any CPU
		{7DE6479D-555A-4A93-B994-06E95C4F53A1}.Release|Any CPU.Build.0 = Release|Any CPU
		{7DE6479D-555A-4A93-B994-06E95C4F53A1}.Release|Mixed Platforms.ActiveCfg = Release|Any CPU
		{7DE6479D-555A-4A93-B994-06E95C4F53A1}.Release|Mixed Platforms.Build.0 = Release|Any CPU
		{7DE6479D-555A-4A93-B994-06E95C4F53A1}.Release|Win32.ActiveCfg = Release|Any CPU
		{7DE6479D-555A-4A93-B994-06E95C4F53A1}.Release|Win32.Build.0 = Release|Any CPU
		{EAB8378D-35B0-4BE2-8845-2CA3B002B234}.Debug.2x|Any CPU.ActiveCfg = Debug.2x|Any CPU
		{EAB8378D-35B0-4BE2-8845-2CA3B002B234}.Debug.2x|Any CPU.Build.0 = Debug.2x|Any CPU
		{EAB8378D-35B0-4BE2-8845-2CA3B002B234}.Debug.2x|Mixed Platforms.ActiveCfg = Debug.2x|Any CPU
		{EAB8378D-35B0-4BE2-8845-2CA3B002B234}.Debug.2x|Mixed Platforms.Build.0 = Debug.2x|Any CPU
		{EAB8378D-35B0-4BE2-8845-2CA3B002B234}.Debug.2x|Win32.ActiveCfg = Debug.2x|Any CPU
		{EAB8378D-35B0-4BE2-8845-2CA3B002B234}.Debug|Any CPU.ActiveCfg = Debug|Any CPU
		{EAB8378D-35B0-4BE2-8845-2CA3B002B234}.Debug|Any CPU.Build.0 = Debug|Any CPU
		{EAB8378D-35B0-4BE2-8845-2CA3B002B234}.Debug|Mixed Platforms.ActiveCfg = Debug|Any CPU
		{EAB8378D-35B0-4BE2-8845-2CA3B002B234}.Debug|Mixed Platforms.Build.0 = Debug|Any CPU
		{EAB8378D-35B0-4BE2-8845-2CA3B002B234}.Debug|Win32.ActiveCfg = Debug|Any CPU
		{EAB8378D-35B0-4BE2-8845-2CA3B002B234}.Debug|Win32.Build.0 = Debug|Any CPU
		{EAB8378D-35B0-4BE2-8845-2CA3B002B234}.Release.2x|Any CPU.ActiveCfg = Release.2x|Any CPU
		{EAB8378D-35B0-4BE2-8845-2CA3B002B234}.Release.2x|Any CPU.Build.0 = Release.2x|Any CPU
		{EAB8378D-35B0-4BE2-8845-2CA3B002B234}.Release.2x|Mixed Platforms.ActiveCfg = Release.2x|Any CPU
		{EAB8378D-35B0-4BE2-8845-2CA3B002B234}.Release.2x|Mixed Platforms.Build.0 = Release.2x|Any CPU
		{EAB8378D-35B0-4BE2-8845-2CA3B002B234}.Release.2x|Win32.ActiveCfg = Release.2x|Any CPU
		{EAB8378D-35B0-4BE2-8845-2CA3B002B234}.Release|Any CPU.ActiveCfg = Release|Any CPU
		{EAB8378D-35B0-4BE2-8845-2CA3B002B234}.Release|Any CPU.Build.0 = Release|Any CPU
		{EAB8378D-35B0-4BE2-8845-2CA3B002B234}.Release|Mixed Platforms.ActiveCfg = Release|Any CPU
		{EAB8378D-35B0-4BE2-8845-2CA3B002B234}.Release|Mixed Platforms.Build.0 = Release|Any CPU
		{EAB8378D-35B0-4BE2-8845-2CA3B002B234}.Release|Win32.ActiveCfg = Release|Any CPU
		{EAB8378D-35B0-4BE2-8845-2CA3B002B234}.Release|Win32.Build.0 = Release|Any CPU
		{803A83DD-5C47-466D-B32B-9136AC1D8454}.Debug.2x|Any CPU.ActiveCfg = Debug.2x|Any CPU
		{803A83DD-5C47-466D-B32B-9136AC1D8454}.Debug.2x|Any CPU.Build.0 = Debug.2x|Any CPU
		{803A83DD-5C47-466D-B32B-9136AC1D8454}.Debug.2x|Mixed Platforms.ActiveCfg = Debug.2x|Any CPU
		{803A83DD-5C47-466D-B32B-9136AC1D8454}.Debug.2x|Mixed Platforms.Build.0 = Debug.2x|Any CPU
		{803A83DD-5C47-466D-B32B-9136AC1D8454}.Debug.2x|Win32.ActiveCfg = Debug.2x|Any CPU
		{803A83DD-5C47-466D-B32B-9136AC1D8454}.Debug|Any CPU.ActiveCfg = Debug|Any CPU
		{803A83DD-5C47-466D-B32B-9136AC1D8454}.Debug|Any CPU.Build.0 = Debug|Any CPU
		{803A83DD-5C47-466D-B32B-9136AC1D8454}.Debug|Mixed Platforms.ActiveCfg = Debug|Any CPU
		{803A83DD-5C47-466D-B32B-9136AC1D8454}.Debug|Mixed Platforms.Build.0 = Debug|Any CPU
		{803A83DD-5C47-466D-B32B-9136AC1D8454}.Debug|Win32.ActiveCfg = Debug|Any CPU
		{803A83DD-5C47-466D-B32B-9136AC1D8454}.Debug|Win32.Build.0 = Debug|Any CPU
		{803A83DD-5C47-466D-B32B-9136AC1D8454}.Release.2x|Any CPU.ActiveCfg = Release.2x|Any CPU
		{803A83DD-5C47-466D-B32B-9136AC1D8454}.Release.2x|Any CPU.Build.0 = Release.2x|Any CPU
		{803A83DD-5C47-466D-B32B-9136AC1D8454}.Release.2x|Mixed Platforms.ActiveCfg = Release.2x|Any CPU
		{803A83DD-5C47-466D-B32B-9136AC1D8454}.Release.2x|Mixed Platforms.Build.0 = Release.2x|Any CPU
		{803A83DD-5C47-466D-B32B-9136AC1D8454}.Release.2x|Win32.ActiveCfg = Release.2x|Any CPU
		{803A83DD-5C47-466D-B32B-9136AC1D8454}.Release|Any CPU.ActiveCfg = Release|Any CPU
		{803A83DD-5C47-466D-B32B-9136AC1D8454}.Release|Any CPU.Build.0 = Release|Any CPU
		{803A83DD-5C47-466D-B32B-9136AC1D8454}.Release|Mixed Platforms.ActiveCfg = Release|Any CPU
		{803A83DD-5C47-466D-B32B-9136AC1D8454}.Release|Mixed Platforms.Build.0 = Release|Any CPU
		{803A83DD-5C47-466D-B32B-9136AC1D8454}.Release|Win32.ActiveCfg = Release|Any CPU
		{803A83DD-5C47-466D-B32B-9136AC1D8454}.Release|Win32.Build.0 = Release|Any CPU
		{4F8D7B6F-F031-4B7B-9871-63E6EE2ACC47}.Debug.2x|Any CPU.ActiveCfg = Debug.2x|Any CPU
		{4F8D7B6F-F031-4B7B-9871-63E6EE2ACC47}.Debug.2x|Any CPU.Build.0 = Debug.2x|Any CPU
		{4F8D7B6F-F031-4B7B-9871-63E6EE2ACC47}.Debug.2x|Mixed Platforms.ActiveCfg = Debug.2x|Any CPU
		{4F8D7B6F-F031-4B7B-9871-63E6EE2ACC47}.Debug.2x|Mixed Platforms.Build.0 = Debug.2x|Any CPU
		{4F8D7B6F-F031-4B7B-9871-63E6EE2ACC47}.Debug.2x|Win32.ActiveCfg = Debug.2x|Any CPU
		{4F8D7B6F-F031-4B7B-9871-63E6EE2ACC47}.Debug|Any CPU.ActiveCfg = Debug|Any CPU
		{4F8D7B6F-F031-4B7B-9871-63E6EE2ACC47}.Debug|Any CPU.Build.0 = Debug|Any CPU
		{4F8D7B6F-F031-4B7B-9871-63E6EE2ACC47}.Debug|Mixed Platforms.ActiveCfg = Debug|Any CPU
		{4F8D7B6F-F031-4B7B-9871-63E6EE2ACC47}.Debug|Mixed Platforms.Build.0 = Debug|Any CPU
		{4F8D7B6F-F031-4B7B-9871-63E6EE2ACC47}.Debug|Win32.ActiveCfg = Debug|Any CPU
		{4F8D7B6F-F031-4B7B-9871-63E6EE2ACC47}.Debug|Win32.Build.0 = Debug|Any CPU
		{4F8D7B6F-F031-4B7B-9871-63E6EE2ACC47}.Release.2x|Any CPU.ActiveCfg = Release.2x|Any CPU
		{4F8D7B6F-F031-4B7B-9871-63E6EE2ACC47}.Release.2x|Any CPU.Build.0 = Release.2x|Any CPU
		{4F8D7B6F-F031-4B7B-9871-63E6EE2ACC47}.Release.2x|Mixed Platforms.ActiveCfg = Release.2x|Any CPU
		{4F8D7B6F-F031-4B7B-9871-63E6EE2ACC47}.Release.2x|Mixed Platforms.Build.0 = Release.2x|Any CPU
		{4F8D7B6F-F031-4B7B-9871-63E6EE2ACC47}.Release.2x|Win32.ActiveCfg = Release.2x|Any CPU
		{4F8D7B6F-F031-4B7B-9871-63E6EE2ACC47}.Release|Any CPU.ActiveCfg = Release|Any CPU
		{4F8D7B6F-F031-4B7B-9871-63E6EE2ACC47}.Release|Any CPU.Build.0 = Release|Any CPU
		{4F8D7B6F-F031-4B7B-9871-63E6EE2ACC47}.Release|Mixed Platforms.ActiveCfg = Release|Any CPU
		{4F8D7B6F-F031-4B7B-9871-63E6EE2ACC47}.Release|Mixed Platforms.Build.0 = Release|Any CPU
		{4F8D7B6F-F031-4B7B-9871-63E6EE2ACC47}.Release|Win32.ActiveCfg = Release|Any CPU
		{4F8D7B6F-F031-4B7B-9871-63E6EE2ACC47}.Release|Win32.Build.0 = Release|Any CPU
		{C12C28E3-449D-4ED9-800F-91C18C0A3598}.Debug.2x|Any CPU.ActiveCfg = Debug.2x|Any CPU
		{C12C28E3-449D-4ED9-800F-91C18C0A3598}.Debug.2x|Any CPU.Build.0 = Debug.2x|Any CPU
		{C12C28E3-449D-4ED9-800F-91C18C0A3598}.Debug.2x|Mixed Platforms.ActiveCfg = Debug.2x|Any CPU
		{C12C28E3-449D-4ED9-800F-91C18C0A3598}.Debug.2x|Mixed Platforms.Build.0 = Debug.2x|Any CPU
		{C12C28E3-449D-4ED9-800F-91C18C0A3598}.Debug.2x|Win32.ActiveCfg = Debug.2x|Any CPU
		{C12C28E3-449D-4ED9-800F-91C18C0A3598}.Debug|Any CPU.ActiveCfg = Debug|Any CPU
		{C12C28E3-449D-4ED9-800F-91C18C0A3598}.Debug|Any CPU.Build.0 = Debug|Any CPU
		{C12C28E3-449D-4ED9-800F-91C18C0A3598}.Debug|Mixed Platforms.ActiveCfg = Debug|Any CPU
		{C12C28E3-449D-4ED9-800F-91C18C0A3598}.Debug|Mixed Platforms.Build.0 = Debug|Any CPU
		{C12C28E3-449D-4ED9-800F-91C18C0A3598}.Debug|Win32.ActiveCfg = Debug|Any CPU
		{C12C28E3-449D-4ED9-800F-91C18C0A3598}.Debug|Win32.Build.0 = Debug|Any CPU
		{C12C28E3-449D-4ED9-800F-91C18C0A3598}.Release.2x|Any CPU.ActiveCfg = Release.2x|Any CPU
		{C12C28E3-449D-4ED9-800F-91C18C0A3598}.Release.2x|Any CPU.Build.0 = Release.2x|Any CPU
		{C12C28E3-449D-4ED9-800F-91C18C0A3598}.Release.2x|Mixed Platforms.ActiveCfg = Release.2x|Any CPU
		{C12C28E3-449D-4ED9-800F-91C18C0A3598}.Release.2x|Mixed Platforms.Build.0 = Release.2x|Any CPU
		{C12C28E3-449D-4ED9-800F-91C18C0A3598}.Release.2x|Win32.ActiveCfg = Release.2x|Any CPU
		{C12C28E3-449D-4ED9-800F-91C18C0A3598}.Release|Any CPU.ActiveCfg = Release|Any CPU
		{C12C28E3-449D-4ED9-800F-91C18C0A3598}.Release|Any CPU.Build.0 = Release|Any CPU
		{C12C28E3-449D-4ED9-800F-91C18C0A3598}.Release|Mixed Platforms.ActiveCfg = Release|Any CPU
		{C12C28E3-449D-4ED9-800F-91C18C0A3598}.Release|Mixed Platforms.Build.0 = Release|Any CPU
		{C12C28E3-449D-4ED9-800F-91C18C0A3598}.Release|Win32.ActiveCfg = Release|Any CPU
		{C12C28E3-449D-4ED9-800F-91C18C0A3598}.Release|Win32.Build.0 = Release|Any CPU
		{76AFD3ED-7EAE-4836-AAB4-5D705CA346E1}.Debug.2x|Any CPU.ActiveCfg = Debug|x64
		{76AFD3ED-7EAE-4836-AAB4-5D705CA346E1}.Debug.2x|Mixed Platforms.ActiveCfg = Debug|x64
		{76AFD3ED-7EAE-4836-AAB4-5D705CA346E1}.Debug.2x|Mixed Platforms.Build.0 = Debug|x64
		{76AFD3ED-7EAE-4836-AAB4-5D705CA346E1}.Debug.2x|Win32.ActiveCfg = Debug|x64
		{76AFD3ED-7EAE-4836-AAB4-5D705CA346E1}.Debug|Any CPU.ActiveCfg = Debug|x64
		{76AFD3ED-7EAE-4836-AAB4-5D705CA346E1}.Debug|Mixed Platforms.ActiveCfg = Debug|x64
		{76AFD3ED-7EAE-4836-AAB4-5D705CA346E1}.Debug|Mixed Platforms.Build.0 = Debug|x64
		{76AFD3ED-7EAE-4836-AAB4-5D705CA346E1}.Debug|Win32.ActiveCfg = Debug|Win32
		{76AFD3ED-7EAE-4836-AAB4-5D705CA346E1}.Debug|Win32.Build.0 = Debug|Win32
		{76AFD3ED-7EAE-4836-AAB4-5D705CA346E1}.Release.2x|Any CPU.ActiveCfg = Release|x64
		{76AFD3ED-7EAE-4836-AAB4-5D705CA346E1}.Release.2x|Mixed Platforms.ActiveCfg = Release|x64
		{76AFD3ED-7EAE-4836-AAB4-5D705CA346E1}.Release.2x|Mixed Platforms.Build.0 = Release|x64
		{76AFD3ED-7EAE-4836-AAB4-5D705CA346E1}.Release.2x|Win32.ActiveCfg = Release|x64
		{76AFD3ED-7EAE-4836-AAB4-5D705CA346E1}.Release|Any CPU.ActiveCfg = Release|x64
		{76AFD3ED-7EAE-4836-AAB4-5D705CA346E1}.Release|Mixed Platforms.ActiveCfg = Release|Win32
		{76AFD3ED-7EAE-4836-AAB4-5D705CA346E1}.Release|Win32.ActiveCfg = Release|Win32
		{76AFD3ED-7EAE-4836-AAB4-5D705CA346E1}.Release|Win32.Build.0 = Release|Win32
	EndGlobalSection
	GlobalSection(SolutionProperties) = preSolution
		HideSolutionNode = FALSE
	EndGlobalSection
EndGlobal
