
Microsoft Visual Studio Solution File, Format Version 12.00
# Visual Studio 2013
VisualStudioVersion = 12.0.31101.0
MinimumVisualStudioVersion = 10.0.40219.1
Project("{FAE04EC0-301F-11D3-BF4B-00C04F79EFBC}") = "CustomDependencyUsage", "CustomDependencyUsage\CustomDependencyUsage.csproj", "{83A490A9-6612-4263-8366-2AEF32A2BFC5}"
EndProject
Project("{FAE04EC0-301F-11D3-BF4B-00C04F79EFBC}") = "CustomDependencyImpl", "CustomDependencyImpl\CustomDependencyImpl.csproj", "{63670151-B06F-4990-9FC7-D60A1F2D95DB}"
EndProject
Project("{FAE04EC0-301F-11D3-BF4B-00C04F79EFBC}") = "SampleData", "..\SampleData\SampleData\SampleData.csproj", "{52A6E7BD-C4FF-4609-B472-64A9D3794E08}"
EndProject
Global
	GlobalSection(SolutionConfigurationPlatforms) = preSolution
		Debug|Any CPU = Debug|Any CPU
		Debug|x86 = Debug|x86
		Release|Any CPU = Release|Any CPU
		Release|x86 = Release|x86
	EndGlobalSection
	GlobalSection(ProjectConfigurationPlatforms) = postSolution
		{83A490A9-6612-4263-8366-2AEF32A2BFC5}.Debug|Any CPU.ActiveCfg = Debug|Any CPU
		{83A490A9-6612-4263-8366-2AEF32A2BFC5}.Debug|Any CPU.Build.0 = Debug|Any CPU
		{83A490A9-6612-4263-8366-2AEF32A2BFC5}.Debug|x86.ActiveCfg = Debug|Any CPU
		{83A490A9-6612-4263-8366-2AEF32A2BFC5}.Release|Any CPU.ActiveCfg = Release|Any CPU
		{83A490A9-6612-4263-8366-2AEF32A2BFC5}.Release|Any CPU.Build.0 = Release|Any CPU
		{83A490A9-6612-4263-8366-2AEF32A2BFC5}.Release|x86.ActiveCfg = Release|Any CPU
		{63670151-B06F-4990-9FC7-D60A1F2D95DB}.Debug|Any CPU.ActiveCfg = Debug|Any CPU
		{63670151-B06F-4990-9FC7-D60A1F2D95DB}.Debug|Any CPU.Build.0 = Debug|Any CPU
		{63670151-B06F-4990-9FC7-D60A1F2D95DB}.Debug|x86.ActiveCfg = Debug|Any CPU
		{63670151-B06F-4990-9FC7-D60A1F2D95DB}.Release|Any CPU.ActiveCfg = Release|Any CPU
		{63670151-B06F-4990-9FC7-D60A1F2D95DB}.Release|Any CPU.Build.0 = Release|Any CPU
		{63670151-B06F-4990-9FC7-D60A1F2D95DB}.Release|x86.ActiveCfg = Release|Any CPU
		{52A6E7BD-C4FF-4609-B472-64A9D3794E08}.Debug|Any CPU.ActiveCfg = Debug|Any CPU
		{52A6E7BD-C4FF-4609-B472-64A9D3794E08}.Debug|Any CPU.Build.0 = Debug|Any CPU
		{52A6E7BD-C4FF-4609-B472-64A9D3794E08}.Debug|x86.ActiveCfg = Debug|Any CPU
		{52A6E7BD-C4FF-4609-B472-64A9D3794E08}.Release|Any CPU.ActiveCfg = Release|Any CPU
		{52A6E7BD-C4FF-4609-B472-64A9D3794E08}.Release|Any CPU.Build.0 = Release|Any CPU
		{52A6E7BD-C4FF-4609-B472-64A9D3794E08}.Release|x86.ActiveCfg = Release|Any CPU
	EndGlobalSection
	GlobalSection(SolutionProperties) = preSolution
		HideSolutionNode = FALSE
	EndGlobalSection
EndGlobal
